// !$*UTF8*$!
{
	archiveVersion = 1;
	classes = {
	};
	objectVersion = 45;
	objects = {

/* Begin PBXAggregateTarget section */
		82CE42BA1288CB5300A73E9C /* Build Framework */ = {
			isa = PBXAggregateTarget;
			buildConfigurationList = 82CE42C11288CBA200A73E9C /* Build configuration list for PBXAggregateTarget "Build Framework" */;
			buildPhases = (
				82CE42B91288CB5300A73E9C /* ShellScript */,
			);
			dependencies = (
			);
			name = "Build Framework";
			productName = "Build Framework";
		};
/* End PBXAggregateTarget section */

/* Begin PBXBuildFile section */
		038CB1E414283272001DEAC9 /* Base64Transcoder.c in Sources */ = {isa = PBXBuildFile; fileRef = 038CB1B014283272001DEAC9 /* Base64Transcoder.c */; };
		038CB1E514283272001DEAC9 /* Base64Transcoder.h in Headers */ = {isa = PBXBuildFile; fileRef = 038CB1B114283272001DEAC9 /* Base64Transcoder.h */; };
		038CB1E614283272001DEAC9 /* NSMutableURLRequest+Parameters.h in Headers */ = {isa = PBXBuildFile; fileRef = 038CB1B214283272001DEAC9 /* NSMutableURLRequest+Parameters.h */; };
		038CB1E714283272001DEAC9 /* NSMutableURLRequest+Parameters.m in Sources */ = {isa = PBXBuildFile; fileRef = 038CB1B314283272001DEAC9 /* NSMutableURLRequest+Parameters.m */; };
		038CB1E814283272001DEAC9 /* NSString+URLEncoding.h in Headers */ = {isa = PBXBuildFile; fileRef = 038CB1B414283272001DEAC9 /* NSString+URLEncoding.h */; };
		038CB1E914283272001DEAC9 /* NSString+URLEncoding.m in Sources */ = {isa = PBXBuildFile; fileRef = 038CB1B514283272001DEAC9 /* NSString+URLEncoding.m */; };
		038CB1EA14283272001DEAC9 /* NSURL+Base.h in Headers */ = {isa = PBXBuildFile; fileRef = 038CB1B614283272001DEAC9 /* NSURL+Base.h */; };
		038CB1EB14283272001DEAC9 /* NSURL+Base.m in Sources */ = {isa = PBXBuildFile; fileRef = 038CB1B714283272001DEAC9 /* NSURL+Base.m */; };
		038CB1EC14283272001DEAC9 /* OAAsynchronousDataFetcher.h in Headers */ = {isa = PBXBuildFile; fileRef = 038CB1B814283272001DEAC9 /* OAAsynchronousDataFetcher.h */; };
		038CB1ED14283272001DEAC9 /* OAAsynchronousDataFetcher.m in Sources */ = {isa = PBXBuildFile; fileRef = 038CB1B914283272001DEAC9 /* OAAsynchronousDataFetcher.m */; };
		038CB1EE14283272001DEAC9 /* OAConsumer.h in Headers */ = {isa = PBXBuildFile; fileRef = 038CB1BA14283272001DEAC9 /* OAConsumer.h */; };
		038CB1EF14283272001DEAC9 /* OAConsumer.m in Sources */ = {isa = PBXBuildFile; fileRef = 038CB1BB14283272001DEAC9 /* OAConsumer.m */; };
		038CB1F014283272001DEAC9 /* OADataFetcher.h in Headers */ = {isa = PBXBuildFile; fileRef = 038CB1BC14283272001DEAC9 /* OADataFetcher.h */; };
		038CB1F114283272001DEAC9 /* OADataFetcher.m in Sources */ = {isa = PBXBuildFile; fileRef = 038CB1BD14283272001DEAC9 /* OADataFetcher.m */; };
		038CB1F214283272001DEAC9 /* OAHMAC_SHA1SignatureProvider.h in Headers */ = {isa = PBXBuildFile; fileRef = 038CB1BE14283272001DEAC9 /* OAHMAC_SHA1SignatureProvider.h */; };
		038CB1F314283272001DEAC9 /* OAHMAC_SHA1SignatureProvider.m in Sources */ = {isa = PBXBuildFile; fileRef = 038CB1BF14283272001DEAC9 /* OAHMAC_SHA1SignatureProvider.m */; };
		038CB1F414283272001DEAC9 /* OAMutableURLRequest.h in Headers */ = {isa = PBXBuildFile; fileRef = 038CB1C014283272001DEAC9 /* OAMutableURLRequest.h */; };
		038CB1F514283272001DEAC9 /* OAMutableURLRequest.m in Sources */ = {isa = PBXBuildFile; fileRef = 038CB1C114283272001DEAC9 /* OAMutableURLRequest.m */; };
		038CB1F614283272001DEAC9 /* OAPlaintextSignatureProvider.h in Headers */ = {isa = PBXBuildFile; fileRef = 038CB1C214283272001DEAC9 /* OAPlaintextSignatureProvider.h */; };
		038CB1F714283272001DEAC9 /* OAPlaintextSignatureProvider.m in Sources */ = {isa = PBXBuildFile; fileRef = 038CB1C314283272001DEAC9 /* OAPlaintextSignatureProvider.m */; };
		038CB1F814283272001DEAC9 /* OARequestParameter.h in Headers */ = {isa = PBXBuildFile; fileRef = 038CB1C414283272001DEAC9 /* OARequestParameter.h */; };
		038CB1F914283272001DEAC9 /* OARequestParameter.m in Sources */ = {isa = PBXBuildFile; fileRef = 038CB1C514283272001DEAC9 /* OARequestParameter.m */; };
		038CB1FA14283272001DEAC9 /* OAServiceTicket.h in Headers */ = {isa = PBXBuildFile; fileRef = 038CB1C614283272001DEAC9 /* OAServiceTicket.h */; };
		038CB1FB14283272001DEAC9 /* OAServiceTicket.m in Sources */ = {isa = PBXBuildFile; fileRef = 038CB1C714283272001DEAC9 /* OAServiceTicket.m */; };
		038CB1FC14283272001DEAC9 /* OASignatureProviding.h in Headers */ = {isa = PBXBuildFile; fileRef = 038CB1C814283272001DEAC9 /* OASignatureProviding.h */; };
		038CB1FD14283272001DEAC9 /* OAToken.h in Headers */ = {isa = PBXBuildFile; fileRef = 038CB1C914283272001DEAC9 /* OAToken.h */; };
		038CB1FE14283272001DEAC9 /* OAToken.m in Sources */ = {isa = PBXBuildFile; fileRef = 038CB1CA14283272001DEAC9 /* OAToken.m */; };
		038CB1FF14283272001DEAC9 /* OAuthConsumer.h in Headers */ = {isa = PBXBuildFile; fileRef = 038CB1CB14283272001DEAC9 /* OAuthConsumer.h */; };
		038CB20014283272001DEAC9 /* Reachability.h in Headers */ = {isa = PBXBuildFile; fileRef = 038CB1CD14283272001DEAC9 /* Reachability.h */; };
		038CB20114283272001DEAC9 /* Reachability.m in Sources */ = {isa = PBXBuildFile; fileRef = 038CB1CE14283272001DEAC9 /* Reachability.m */; };
		038CB20214283272001DEAC9 /* StackMob.h in Headers */ = {isa = PBXBuildFile; fileRef = 038CB1CF14283272001DEAC9 /* StackMob.h */; };
		038CB20314283272001DEAC9 /* StackMob.m in Sources */ = {isa = PBXBuildFile; fileRef = 038CB1D014283272001DEAC9 /* StackMob.m */; };
		038CB20414283272001DEAC9 /* StackMobAdditions.h in Headers */ = {isa = PBXBuildFile; fileRef = 038CB1D114283272001DEAC9 /* StackMobAdditions.h */; };
		038CB20614283272001DEAC9 /* StackMobClientData.h in Headers */ = {isa = PBXBuildFile; fileRef = 038CB1D314283272001DEAC9 /* StackMobClientData.h */; };
		038CB20714283272001DEAC9 /* StackMobClientData.m in Sources */ = {isa = PBXBuildFile; fileRef = 038CB1D414283272001DEAC9 /* StackMobClientData.m */; };
		038CB20814283272001DEAC9 /* StackMobConfiguration.h in Headers */ = {isa = PBXBuildFile; fileRef = 038CB1D514283272001DEAC9 /* StackMobConfiguration.h */; };
		038CB20914283272001DEAC9 /* StackMobHerokuRequest.h in Headers */ = {isa = PBXBuildFile; fileRef = 038CB1D614283272001DEAC9 /* StackMobHerokuRequest.h */; };
		038CB20A14283272001DEAC9 /* StackMobHerokuRequest.m in Sources */ = {isa = PBXBuildFile; fileRef = 038CB1D714283272001DEAC9 /* StackMobHerokuRequest.m */; };
		038CB20B14283272001DEAC9 /* StackMobPushRequest.h in Headers */ = {isa = PBXBuildFile; fileRef = 038CB1D814283272001DEAC9 /* StackMobPushRequest.h */; };
		038CB20C14283272001DEAC9 /* StackMobPushRequest.m in Sources */ = {isa = PBXBuildFile; fileRef = 038CB1D914283272001DEAC9 /* StackMobPushRequest.m */; };
		038CB20D14283272001DEAC9 /* StackMobRequest.h in Headers */ = {isa = PBXBuildFile; fileRef = 038CB1DA14283272001DEAC9 /* StackMobRequest.h */; };
		038CB20E14283272001DEAC9 /* StackMobRequest.m in Sources */ = {isa = PBXBuildFile; fileRef = 038CB1DB14283272001DEAC9 /* StackMobRequest.m */; };
		038CB20F14283272001DEAC9 /* StackMobSession.h in Headers */ = {isa = PBXBuildFile; fileRef = 038CB1DC14283272001DEAC9 /* StackMobSession.h */; };
		038CB21014283272001DEAC9 /* StackMobSession.m in Sources */ = {isa = PBXBuildFile; fileRef = 038CB1DD14283272001DEAC9 /* StackMobSession.m */; };
		038CB21314283272001DEAC9 /* NSData+JSON.h in Headers */ = {isa = PBXBuildFile; fileRef = 038CB1E114283272001DEAC9 /* NSData+JSON.h */; };
		038CB21414283272001DEAC9 /* NSData+JSON.m in Sources */ = {isa = PBXBuildFile; fileRef = 038CB1E214283272001DEAC9 /* NSData+JSON.m */; };
		038CB29314284C97001DEAC9 /* StackMob.m in Sources */ = {isa = PBXBuildFile; fileRef = 038CB1D014283272001DEAC9 /* StackMob.m */; };
		038CB29414284C97001DEAC9 /* StackMobRequest.m in Sources */ = {isa = PBXBuildFile; fileRef = 038CB1DB14283272001DEAC9 /* StackMobRequest.m */; };
		038CB29514284F04001DEAC9 /* StackMobPushRequest.m in Sources */ = {isa = PBXBuildFile; fileRef = 038CB1D914283272001DEAC9 /* StackMobPushRequest.m */; };
		038CB29714284F1B001DEAC9 /* OAConsumer.m in Sources */ = {isa = PBXBuildFile; fileRef = 038CB1BB14283272001DEAC9 /* OAConsumer.m */; };
		038CB29814284F1B001DEAC9 /* StackMobHerokuRequest.m in Sources */ = {isa = PBXBuildFile; fileRef = 038CB1D714283272001DEAC9 /* StackMobHerokuRequest.m */; };
		038CB29914284F33001DEAC9 /* OAMutableURLRequest.m in Sources */ = {isa = PBXBuildFile; fileRef = 038CB1C114283272001DEAC9 /* OAMutableURLRequest.m */; };
		038CB29A14284F33001DEAC9 /* StackMobClientData.m in Sources */ = {isa = PBXBuildFile; fileRef = 038CB1D414283272001DEAC9 /* StackMobClientData.m */; };
		038CB29B14284F49001DEAC9 /* OAHMAC_SHA1SignatureProvider.m in Sources */ = {isa = PBXBuildFile; fileRef = 038CB1BF14283272001DEAC9 /* OAHMAC_SHA1SignatureProvider.m */; };
		038CB29C14284F49001DEAC9 /* OAToken.m in Sources */ = {isa = PBXBuildFile; fileRef = 038CB1CA14283272001DEAC9 /* OAToken.m */; };
		038CB29E14284F79001DEAC9 /* OARequestParameter.m in Sources */ = {isa = PBXBuildFile; fileRef = 038CB1C514283272001DEAC9 /* OARequestParameter.m */; };
		038CB29F14284F79001DEAC9 /* Reachability.m in Sources */ = {isa = PBXBuildFile; fileRef = 038CB1CE14283272001DEAC9 /* Reachability.m */; };
		038CB2A014284F92001DEAC9 /* NSURL+Base.m in Sources */ = {isa = PBXBuildFile; fileRef = 038CB1B714283272001DEAC9 /* NSURL+Base.m */; };
		038CB2A114284FA0001DEAC9 /* Base64Transcoder.c in Sources */ = {isa = PBXBuildFile; fileRef = 038CB1B014283272001DEAC9 /* Base64Transcoder.c */; };
		038CB2A214284FBE001DEAC9 /* NSString+URLEncoding.m in Sources */ = {isa = PBXBuildFile; fileRef = 038CB1B514283272001DEAC9 /* NSString+URLEncoding.m */; };
		038CB2A314284FDA001DEAC9 /* NSMutableURLRequest+Parameters.m in Sources */ = {isa = PBXBuildFile; fileRef = 038CB1B314283272001DEAC9 /* NSMutableURLRequest+Parameters.m */; };
		57121D5E140FDE3F00686005 /* libz.dylib in Frameworks */ = {isa = PBXBuildFile; fileRef = 57121D5D140FDE3F00686005 /* libz.dylib */; };
		82CE43D41288F14000A73E9C /* CoreLocation.framework in Frameworks */ = {isa = PBXBuildFile; fileRef = 82CE43341288EFE000A73E9C /* CoreLocation.framework */; };
		82CE43DB1288F15500A73E9C /* CoreLocation.framework in Frameworks */ = {isa = PBXBuildFile; fileRef = 82CE43341288EFE000A73E9C /* CoreLocation.framework */; };
		82CE43E41288F16700A73E9C /* Foundation.framework in Frameworks */ = {isa = PBXBuildFile; fileRef = AACBBE490F95108600F1A2B1 /* Foundation.framework */; };
		82CE443E1288F17700A73E9C /* SystemConfiguration.framework in Frameworks */ = {isa = PBXBuildFile; fileRef = 82CE433A1288F02E00A73E9C /* SystemConfiguration.framework */; };
		82CE45151289025B00A73E9C /* UIKit.framework in Frameworks */ = {isa = PBXBuildFile; fileRef = 82CE432C1288EFB900A73E9C /* UIKit.framework */; };
		AA747D9F0F9514B9006C5449 /* StackMobiOS_Prefix.pch in Headers */ = {isa = PBXBuildFile; fileRef = AA747D9E0F9514B9006C5449 /* StackMobiOS_Prefix.pch */; };
		AACBBE4A0F95108600F1A2B1 /* Foundation.framework in Frameworks */ = {isa = PBXBuildFile; fileRef = AACBBE490F95108600F1A2B1 /* Foundation.framework */; };
		C620A89E1454E31700FDCF73 /* StackMobSession.m in Sources */ = {isa = PBXBuildFile; fileRef = 038CB1DD14283272001DEAC9 /* StackMobSession.m */; };
		C620A8A81454E45400FDCF73 /* STMRestKitObjectLoader.h in Headers */ = {isa = PBXBuildFile; fileRef = C620A8A01454E45200FDCF73 /* STMRestKitObjectLoader.h */; };
		C620A8A91454E45400FDCF73 /* STMRestKitObjectLoader.m in Sources */ = {isa = PBXBuildFile; fileRef = C620A8A11454E45200FDCF73 /* STMRestKitObjectLoader.m */; };
		C620A8AA1454E45400FDCF73 /* STMRestKitObjectManager.h in Headers */ = {isa = PBXBuildFile; fileRef = C620A8A21454E45200FDCF73 /* STMRestKitObjectManager.h */; };
		C620A8AB1454E45400FDCF73 /* STMRestKitObjectManager.m in Sources */ = {isa = PBXBuildFile; fileRef = C620A8A31454E45300FDCF73 /* STMRestKitObjectManager.m */; };
		C620A8AC1454E45400FDCF73 /* STMNotificationType.h in Headers */ = {isa = PBXBuildFile; fileRef = C620A8A41454E45300FDCF73 /* STMNotificationType.h */; };
		C620A8AD1454E45400FDCF73 /* StackMobQuery.h in Headers */ = {isa = PBXBuildFile; fileRef = C620A8A51454E45300FDCF73 /* StackMobQuery.h */; };
		C620A8AE1454E45400FDCF73 /* StackMobQuery.m in Sources */ = {isa = PBXBuildFile; fileRef = C620A8A61454E45300FDCF73 /* StackMobQuery.m */; };
		C620A8AF1454E45400FDCF73 /* StackMobVersion.h in Headers */ = {isa = PBXBuildFile; fileRef = C620A8A71454E45400FDCF73 /* StackMobVersion.h */; };
		C620A8B01454E4AC00FDCF73 /* StackMobQuery.m in Sources */ = {isa = PBXBuildFile; fileRef = C620A8A61454E45300FDCF73 /* StackMobQuery.m */; };
		C620A8B11454E4D500FDCF73 /* STMRestKitObjectLoader.m in Sources */ = {isa = PBXBuildFile; fileRef = C620A8A11454E45200FDCF73 /* STMRestKitObjectLoader.m */; };
		C620A8B21454E4D500FDCF73 /* STMRestKitObjectManager.m in Sources */ = {isa = PBXBuildFile; fileRef = C620A8A31454E45300FDCF73 /* STMRestKitObjectManager.m */; };
		C638671F149AA791003A11B1 /* NSString+StackMob.h in Headers */ = {isa = PBXBuildFile; fileRef = C638671D149AA791003A11B1 /* NSString+StackMob.h */; };
		C6386720149AA791003A11B1 /* NSString+StackMob.m in Sources */ = {isa = PBXBuildFile; fileRef = C638671E149AA791003A11B1 /* NSString+StackMob.m */; };
		C6386721149AA791003A11B1 /* NSString+StackMob.m in Sources */ = {isa = PBXBuildFile; fileRef = C638671E149AA791003A11B1 /* NSString+StackMob.m */; };
		C63867A5149AE061003A11B1 /* StackMobConfiguration.m in Sources */ = {isa = PBXBuildFile; fileRef = C63867A4149AE060003A11B1 /* StackMobConfiguration.m */; };
		C63867AD149AFE36003A11B1 /* STMResponseError.h in Headers */ = {isa = PBXBuildFile; fileRef = C63867AB149AFE33003A11B1 /* STMResponseError.h */; };
		C63867AE149AFE36003A11B1 /* STMResponseError.m in Sources */ = {isa = PBXBuildFile; fileRef = C63867AC149AFE35003A11B1 /* STMResponseError.m */; };
		C63867B1149B062C003A11B1 /* STMObjectMappingProvider.h in Headers */ = {isa = PBXBuildFile; fileRef = C63867AF149B0629003A11B1 /* STMObjectMappingProvider.h */; };
		C63867B2149B062C003A11B1 /* STMObjectMappingProvider.m in Sources */ = {isa = PBXBuildFile; fileRef = C63867B0149B062B003A11B1 /* STMObjectMappingProvider.m */; };
		C63867B4149B09CD003A11B1 /* STMMappedObject.h in Headers */ = {isa = PBXBuildFile; fileRef = C63867B3149B09CB003A11B1 /* STMMappedObject.h */; };
		C63867BB149C1786003A11B1 /* STMClient.h in Headers */ = {isa = PBXBuildFile; fileRef = C63867B9149C1784003A11B1 /* STMClient.h */; };
		C63867BC149C1786003A11B1 /* STMClient.m in Sources */ = {isa = PBXBuildFile; fileRef = C63867BA149C1785003A11B1 /* STMClient.m */; };
		C63867BF149C17B2003A11B1 /* STMObjectRouter.h in Headers */ = {isa = PBXBuildFile; fileRef = C63867BD149C17B0003A11B1 /* STMObjectRouter.h */; };
		C63867C0149C17B2003A11B1 /* STMObjectRouter.m in Sources */ = {isa = PBXBuildFile; fileRef = C63867BE149C17B1003A11B1 /* STMObjectRouter.m */; };
		C63867C3149C1A53003A11B1 /* STMObjectMapping.h in Headers */ = {isa = PBXBuildFile; fileRef = C63867C1149C1A53003A11B1 /* STMObjectMapping.h */; };
		C63867C4149C1A53003A11B1 /* STMObjectMapping.m in Sources */ = {isa = PBXBuildFile; fileRef = C63867C2149C1A53003A11B1 /* STMObjectMapping.m */; };
		C63867C7149C1BA0003A11B1 /* STMManagedObjectMapping.h in Headers */ = {isa = PBXBuildFile; fileRef = C63867C5149C1B9F003A11B1 /* STMManagedObjectMapping.h */; };
		C63867C8149C1BA0003A11B1 /* STMManagedObjectMapping.m in Sources */ = {isa = PBXBuildFile; fileRef = C63867C6149C1B9F003A11B1 /* STMManagedObjectMapping.m */; };
		C661EE461444019C0029B331 /* STMDataProvider.h in Headers */ = {isa = PBXBuildFile; fileRef = C661EE351444019B0029B331 /* STMDataProvider.h */; };
		C661EE471444019C0029B331 /* NSArray+StackMob.h in Headers */ = {isa = PBXBuildFile; fileRef = C661EE361444019B0029B331 /* NSArray+StackMob.h */; };
		C661EE481444019C0029B331 /* NSArray+StackMob.m in Sources */ = {isa = PBXBuildFile; fileRef = C661EE371444019B0029B331 /* NSArray+StackMob.m */; };
		C661EE491444019C0029B331 /* NSArray+StackMob.m in Sources */ = {isa = PBXBuildFile; fileRef = C661EE371444019B0029B331 /* NSArray+StackMob.m */; };
		C661EE4A1444019C0029B331 /* NSDictionary+StackMob.h in Headers */ = {isa = PBXBuildFile; fileRef = C661EE381444019B0029B331 /* NSDictionary+StackMob.h */; };
		C661EE4B1444019C0029B331 /* NSDictionary+StackMob.m in Sources */ = {isa = PBXBuildFile; fileRef = C661EE391444019B0029B331 /* NSDictionary+StackMob.m */; };
		C661EE4C1444019C0029B331 /* NSDictionary+StackMob.m in Sources */ = {isa = PBXBuildFile; fileRef = C661EE391444019B0029B331 /* NSDictionary+StackMob.m */; };
		C661EE4D1444019C0029B331 /* STMRestKitConfiguration.h in Headers */ = {isa = PBXBuildFile; fileRef = C661EE3A1444019B0029B331 /* STMRestKitConfiguration.h */; };
		C661EE4E1444019C0029B331 /* STMRestKitConfiguration.m in Sources */ = {isa = PBXBuildFile; fileRef = C661EE3B1444019B0029B331 /* STMRestKitConfiguration.m */; };
		C661EE4F1444019C0029B331 /* STMRestKitConfiguration.m in Sources */ = {isa = PBXBuildFile; fileRef = C661EE3B1444019B0029B331 /* STMRestKitConfiguration.m */; };
		C661EE501444019C0029B331 /* STMRestKitDataProvider.h in Headers */ = {isa = PBXBuildFile; fileRef = C661EE3C1444019B0029B331 /* STMRestKitDataProvider.h */; };
		C661EE511444019C0029B331 /* STMRestKitDataProvider.m in Sources */ = {isa = PBXBuildFile; fileRef = C661EE3D1444019B0029B331 /* STMRestKitDataProvider.m */; };
		C661EE521444019C0029B331 /* STMRestKitDataProvider.m in Sources */ = {isa = PBXBuildFile; fileRef = C661EE3D1444019B0029B331 /* STMRestKitDataProvider.m */; };
		C661EE531444019C0029B331 /* STMRestKitObjectLoaderDelegate.h in Headers */ = {isa = PBXBuildFile; fileRef = C661EE3E1444019B0029B331 /* STMRestKitObjectLoaderDelegate.h */; };
		C661EE541444019C0029B331 /* STMRestKitObjectLoaderDelegate.m in Sources */ = {isa = PBXBuildFile; fileRef = C661EE3F1444019B0029B331 /* STMRestKitObjectLoaderDelegate.m */; };
		C661EE551444019C0029B331 /* STMRestKitObjectLoaderDelegate.m in Sources */ = {isa = PBXBuildFile; fileRef = C661EE3F1444019B0029B331 /* STMRestKitObjectLoaderDelegate.m */; };
		C661EE561444019C0029B331 /* STMRestKitRequest.h in Headers */ = {isa = PBXBuildFile; fileRef = C661EE401444019B0029B331 /* STMRestKitRequest.h */; };
		C661EE571444019C0029B331 /* STMRestKitRequest.m in Sources */ = {isa = PBXBuildFile; fileRef = C661EE411444019B0029B331 /* STMRestKitRequest.m */; };
		C661EE581444019C0029B331 /* STMRestKitRequest.m in Sources */ = {isa = PBXBuildFile; fileRef = C661EE411444019B0029B331 /* STMRestKitRequest.m */; };
		C661EE591444019C0029B331 /* STMRestKitSession.h in Headers */ = {isa = PBXBuildFile; fileRef = C661EE421444019B0029B331 /* STMRestKitSession.h */; };
		C661EE5A1444019C0029B331 /* STMRestKitSession.m in Sources */ = {isa = PBXBuildFile; fileRef = C661EE431444019C0029B331 /* STMRestKitSession.m */; };
		C661EE5B1444019C0029B331 /* STMRestKitSession.m in Sources */ = {isa = PBXBuildFile; fileRef = C661EE431444019C0029B331 /* STMRestKitSession.m */; };
		C661EE5C1444019C0029B331 /* STMDynamicDataProvider.h in Headers */ = {isa = PBXBuildFile; fileRef = C661EE441444019C0029B331 /* STMDynamicDataProvider.h */; };
		C661EE5D1444019C0029B331 /* STMDynamicDataProvider.m in Sources */ = {isa = PBXBuildFile; fileRef = C661EE451444019C0029B331 /* STMDynamicDataProvider.m */; };
		C661EE5E1444019C0029B331 /* STMDynamicDataProvider.m in Sources */ = {isa = PBXBuildFile; fileRef = C661EE451444019C0029B331 /* STMDynamicDataProvider.m */; };
		C661EE84144404970029B331 /* LCLLogFileConfig.h in Headers */ = {isa = PBXBuildFile; fileRef = C661EE83144404970029B331 /* LCLLogFileConfig.h */; };
		C670D9A814440605009CC39A /* CFNetwork.framework in Frameworks */ = {isa = PBXBuildFile; fileRef = 82CE43251288EF9100A73E9C /* CFNetwork.framework */; };
		C670D9AA14440635009CC39A /* MobileCoreServices.framework in Frameworks */ = {isa = PBXBuildFile; fileRef = C670D9A914440635009CC39A /* MobileCoreServices.framework */; };
		C670D9B314441F8D009CC39A /* RKObjectRouter+StackMob.h in Headers */ = {isa = PBXBuildFile; fileRef = C670D9B114441F8D009CC39A /* RKObjectRouter+StackMob.h */; };
		C670D9B414441F8D009CC39A /* RKObjectRouter+StackMob.m in Sources */ = {isa = PBXBuildFile; fileRef = C670D9B214441F8D009CC39A /* RKObjectRouter+StackMob.m */; };
		C670D9B514441F8D009CC39A /* RKObjectRouter+StackMob.m in Sources */ = {isa = PBXBuildFile; fileRef = C670D9B214441F8D009CC39A /* RKObjectRouter+StackMob.m */; };
		C68498BD149981BF009D16FB /* SMFile.h in Headers */ = {isa = PBXBuildFile; fileRef = C68498B7149981BE009D16FB /* SMFile.h */; };
		C68498BE149981BF009D16FB /* SMFile.m in Sources */ = {isa = PBXBuildFile; fileRef = C68498B8149981BE009D16FB /* SMFile.m */; };
		C68498BF149981BF009D16FB /* SMGeoPoint.h in Headers */ = {isa = PBXBuildFile; fileRef = C68498B9149981BE009D16FB /* SMGeoPoint.h */; };
		C68498C0149981BF009D16FB /* SMGeoPoint.m in Sources */ = {isa = PBXBuildFile; fileRef = C68498BA149981BE009D16FB /* SMGeoPoint.m */; };
		C68498C1149981BF009D16FB /* StackMobBulkRequest.h in Headers */ = {isa = PBXBuildFile; fileRef = C68498BB149981BE009D16FB /* StackMobBulkRequest.h */; };
		C68498C2149981BF009D16FB /* StackMobBulkRequest.m in Sources */ = {isa = PBXBuildFile; fileRef = C68498BC149981BF009D16FB /* StackMobBulkRequest.m */; };
		C68498F5149A7EB5009D16FB /* SMFileTest.m in Sources */ = {isa = PBXBuildFile; fileRef = C68498DE149A7E2A009D16FB /* SMFileTest.m */; };
		C68498F6149A7EB5009D16FB /* StackMobLoginTest.m in Sources */ = {isa = PBXBuildFile; fileRef = C68498E0149A7E2A009D16FB /* StackMobLoginTest.m */; };
		C68498FF149A7EC2009D16FB /* StackMobPushTests.m in Sources */ = {isa = PBXBuildFile; fileRef = C68498E2149A7E2A009D16FB /* StackMobPushTests.m */; };
		C6849900149A7EC2009D16FB /* StackMobQueryTests.m in Sources */ = {isa = PBXBuildFile; fileRef = C68498E4149A7E2A009D16FB /* StackMobQueryTests.m */; };
		C6849901149A7EC2009D16FB /* StackMobTestCommon.m in Sources */ = {isa = PBXBuildFile; fileRef = C68498E6149A7E2A009D16FB /* StackMobTestCommon.m */; };
		C6849902149A7EC2009D16FB /* StackMobTestUtils.m in Sources */ = {isa = PBXBuildFile; fileRef = C68498E8149A7E2A009D16FB /* StackMobTestUtils.m */; };
		C6849903149A7EC2009D16FB /* RestKitProviderTests.m in Sources */ = {isa = PBXBuildFile; fileRef = C670D99314440554009CC39A /* RestKitProviderTests.m */; };
		C6849904149A7EC2009D16FB /* UserModel.m in Sources */ = {isa = PBXBuildFile; fileRef = C670D99814440554009CC39A /* UserModel.m */; };
		C6849905149A7EC2009D16FB /* APIRequestTests.m in Sources */ = {isa = PBXBuildFile; fileRef = 82CE45F212892FFA00A73E9C /* APIRequestTests.m */; };
		C6849907149A7F9C009D16FB /* SenTestingKit.framework in Frameworks */ = {isa = PBXBuildFile; fileRef = C6849906149A7F9C009D16FB /* SenTestingKit.framework */; };
		C6849908149A81DD009D16FB /* StackMobBulkRequest.m in Sources */ = {isa = PBXBuildFile; fileRef = C68498BC149981BF009D16FB /* StackMobBulkRequest.m */; };
		C6849909149A824E009D16FB /* SMFile.m in Sources */ = {isa = PBXBuildFile; fileRef = C68498B8149981BE009D16FB /* SMFile.m */; };
		C684990E149A984E009D16FB /* libRestKit.a in Frameworks */ = {isa = PBXBuildFile; fileRef = C68498CA149993F8009D16FB /* libRestKit.a */; };
		C6849910149A985B009D16FB /* libRestKit.a in Frameworks */ = {isa = PBXBuildFile; fileRef = C68498CA149993F8009D16FB /* libRestKit.a */; };
		C6849913149A99A3009D16FB /* JSONKit.h in Headers */ = {isa = PBXBuildFile; fileRef = C6849911149A99A3009D16FB /* JSONKit.h */; };
		C6849915149A9A0C009D16FB /* SMGeoPoint.m in Sources */ = {isa = PBXBuildFile; fileRef = C68498BA149981BE009D16FB /* SMGeoPoint.m */; };
		C6849917149A9A27009D16FB /* CoreData.framework in Frameworks */ = {isa = PBXBuildFile; fileRef = C6849916149A9A26009D16FB /* CoreData.framework */; };
		C6849919149A9B6D009D16FB /* libxml2.dylib in Frameworks */ = {isa = PBXBuildFile; fileRef = C6849918149A9B6C009D16FB /* libxml2.dylib */; };
		C684991A149A9B72009D16FB /* libxml2.dylib in Frameworks */ = {isa = PBXBuildFile; fileRef = C6849918149A9B6C009D16FB /* libxml2.dylib */; };
		C684991C149A9BB1009D16FB /* Security.framework in Frameworks */ = {isa = PBXBuildFile; fileRef = C684991B149A9BB0009D16FB /* Security.framework */; };
		C684991D149A9BB7009D16FB /* CFNetwork.framework in Frameworks */ = {isa = PBXBuildFile; fileRef = 82CE43251288EF9100A73E9C /* CFNetwork.framework */; };
		C684991E149A9BBB009D16FB /* UIKit.framework in Frameworks */ = {isa = PBXBuildFile; fileRef = 82CE432C1288EFB900A73E9C /* UIKit.framework */; };
		C684991F149A9BBF009D16FB /* SystemConfiguration.framework in Frameworks */ = {isa = PBXBuildFile; fileRef = 82CE433A1288F02E00A73E9C /* SystemConfiguration.framework */; };
		C6849920149A9BC4009D16FB /* MobileCoreServices.framework in Frameworks */ = {isa = PBXBuildFile; fileRef = C670D9A914440635009CC39A /* MobileCoreServices.framework */; };
		C6849921149A9BC7009D16FB /* CoreData.framework in Frameworks */ = {isa = PBXBuildFile; fileRef = C6849916149A9A26009D16FB /* CoreData.framework */; };
/* End PBXBuildFile section */

/* Begin PBXContainerItemProxy section */
		C68498C9149993F8009D16FB /* PBXContainerItemProxy */ = {
			isa = PBXContainerItemProxy;
			containerPortal = C661EDFE144400EF0029B331 /* RestKit.xcodeproj */;
			proxyType = 2;
			remoteGlobalIDString = 25160D1614564E810060A5C5;
			remoteInfo = RestKit;
		};
		C68498CB149993F8009D16FB /* PBXContainerItemProxy */ = {
			isa = PBXContainerItemProxy;
			containerPortal = C661EDFE144400EF0029B331 /* RestKit.xcodeproj */;
			proxyType = 2;
			remoteGlobalIDString = 25160D2614564E820060A5C5;
			remoteInfo = RestKitTests;
		};
		C68498CD149993F8009D16FB /* PBXContainerItemProxy */ = {
			isa = PBXContainerItemProxy;
			containerPortal = C661EDFE144400EF0029B331 /* RestKit.xcodeproj */;
			proxyType = 2;
			remoteGlobalIDString = 25160E62145651060060A5C5;
			remoteInfo = RestKitFramework;
		};
		C68498CF149993F8009D16FB /* PBXContainerItemProxy */ = {
			isa = PBXContainerItemProxy;
			containerPortal = C661EDFE144400EF0029B331 /* RestKit.xcodeproj */;
			proxyType = 2;
			remoteGlobalIDString = 25160E78145651060060A5C5;
			remoteInfo = RestKitFrameworkTests;
		};
		C684990A149A8287009D16FB /* PBXContainerItemProxy */ = {
			isa = PBXContainerItemProxy;
			containerPortal = C661EDFE144400EF0029B331 /* RestKit.xcodeproj */;
			proxyType = 1;
			remoteGlobalIDString = 25160D1514564E810060A5C5;
			remoteInfo = RestKit;
		};
		C684990C149A9848009D16FB /* PBXContainerItemProxy */ = {
			isa = PBXContainerItemProxy;
			containerPortal = C661EDFE144400EF0029B331 /* RestKit.xcodeproj */;
			proxyType = 1;
			remoteGlobalIDString = 25160D1514564E810060A5C5;
			remoteInfo = RestKit;
		};
/* End PBXContainerItemProxy section */

/* Begin PBXFileReference section */
		038CB1B014283272001DEAC9 /* Base64Transcoder.c */ = {isa = PBXFileReference; fileEncoding = 4; lastKnownFileType = sourcecode.c.c; path = Base64Transcoder.c; sourceTree = "<group>"; };
		038CB1B114283272001DEAC9 /* Base64Transcoder.h */ = {isa = PBXFileReference; fileEncoding = 4; lastKnownFileType = sourcecode.c.h; path = Base64Transcoder.h; sourceTree = "<group>"; };
		038CB1B214283272001DEAC9 /* NSMutableURLRequest+Parameters.h */ = {isa = PBXFileReference; fileEncoding = 4; lastKnownFileType = sourcecode.c.h; path = "NSMutableURLRequest+Parameters.h"; sourceTree = "<group>"; };
		038CB1B314283272001DEAC9 /* NSMutableURLRequest+Parameters.m */ = {isa = PBXFileReference; fileEncoding = 4; lastKnownFileType = sourcecode.c.objc; path = "NSMutableURLRequest+Parameters.m"; sourceTree = "<group>"; };
		038CB1B414283272001DEAC9 /* NSString+URLEncoding.h */ = {isa = PBXFileReference; fileEncoding = 4; lastKnownFileType = sourcecode.c.h; path = "NSString+URLEncoding.h"; sourceTree = "<group>"; };
		038CB1B514283272001DEAC9 /* NSString+URLEncoding.m */ = {isa = PBXFileReference; fileEncoding = 4; lastKnownFileType = sourcecode.c.objc; path = "NSString+URLEncoding.m"; sourceTree = "<group>"; };
		038CB1B614283272001DEAC9 /* NSURL+Base.h */ = {isa = PBXFileReference; fileEncoding = 4; lastKnownFileType = sourcecode.c.h; path = "NSURL+Base.h"; sourceTree = "<group>"; };
		038CB1B714283272001DEAC9 /* NSURL+Base.m */ = {isa = PBXFileReference; fileEncoding = 4; lastKnownFileType = sourcecode.c.objc; path = "NSURL+Base.m"; sourceTree = "<group>"; };
		038CB1B814283272001DEAC9 /* OAAsynchronousDataFetcher.h */ = {isa = PBXFileReference; fileEncoding = 4; lastKnownFileType = sourcecode.c.h; path = OAAsynchronousDataFetcher.h; sourceTree = "<group>"; };
		038CB1B914283272001DEAC9 /* OAAsynchronousDataFetcher.m */ = {isa = PBXFileReference; fileEncoding = 4; lastKnownFileType = sourcecode.c.objc; path = OAAsynchronousDataFetcher.m; sourceTree = "<group>"; };
		038CB1BA14283272001DEAC9 /* OAConsumer.h */ = {isa = PBXFileReference; fileEncoding = 4; lastKnownFileType = sourcecode.c.h; path = OAConsumer.h; sourceTree = "<group>"; };
		038CB1BB14283272001DEAC9 /* OAConsumer.m */ = {isa = PBXFileReference; fileEncoding = 4; lastKnownFileType = sourcecode.c.objc; path = OAConsumer.m; sourceTree = "<group>"; };
		038CB1BC14283272001DEAC9 /* OADataFetcher.h */ = {isa = PBXFileReference; fileEncoding = 4; lastKnownFileType = sourcecode.c.h; path = OADataFetcher.h; sourceTree = "<group>"; };
		038CB1BD14283272001DEAC9 /* OADataFetcher.m */ = {isa = PBXFileReference; fileEncoding = 4; lastKnownFileType = sourcecode.c.objc; path = OADataFetcher.m; sourceTree = "<group>"; };
		038CB1BE14283272001DEAC9 /* OAHMAC_SHA1SignatureProvider.h */ = {isa = PBXFileReference; fileEncoding = 4; lastKnownFileType = sourcecode.c.h; path = OAHMAC_SHA1SignatureProvider.h; sourceTree = "<group>"; };
		038CB1BF14283272001DEAC9 /* OAHMAC_SHA1SignatureProvider.m */ = {isa = PBXFileReference; fileEncoding = 4; lastKnownFileType = sourcecode.c.objc; path = OAHMAC_SHA1SignatureProvider.m; sourceTree = "<group>"; };
		038CB1C014283272001DEAC9 /* OAMutableURLRequest.h */ = {isa = PBXFileReference; fileEncoding = 4; lastKnownFileType = sourcecode.c.h; path = OAMutableURLRequest.h; sourceTree = "<group>"; };
		038CB1C114283272001DEAC9 /* OAMutableURLRequest.m */ = {isa = PBXFileReference; fileEncoding = 4; lastKnownFileType = sourcecode.c.objc; path = OAMutableURLRequest.m; sourceTree = "<group>"; };
		038CB1C214283272001DEAC9 /* OAPlaintextSignatureProvider.h */ = {isa = PBXFileReference; fileEncoding = 4; lastKnownFileType = sourcecode.c.h; path = OAPlaintextSignatureProvider.h; sourceTree = "<group>"; };
		038CB1C314283272001DEAC9 /* OAPlaintextSignatureProvider.m */ = {isa = PBXFileReference; fileEncoding = 4; lastKnownFileType = sourcecode.c.objc; path = OAPlaintextSignatureProvider.m; sourceTree = "<group>"; };
		038CB1C414283272001DEAC9 /* OARequestParameter.h */ = {isa = PBXFileReference; fileEncoding = 4; lastKnownFileType = sourcecode.c.h; path = OARequestParameter.h; sourceTree = "<group>"; };
		038CB1C514283272001DEAC9 /* OARequestParameter.m */ = {isa = PBXFileReference; fileEncoding = 4; lastKnownFileType = sourcecode.c.objc; path = OARequestParameter.m; sourceTree = "<group>"; };
		038CB1C614283272001DEAC9 /* OAServiceTicket.h */ = {isa = PBXFileReference; fileEncoding = 4; lastKnownFileType = sourcecode.c.h; path = OAServiceTicket.h; sourceTree = "<group>"; };
		038CB1C714283272001DEAC9 /* OAServiceTicket.m */ = {isa = PBXFileReference; fileEncoding = 4; lastKnownFileType = sourcecode.c.objc; path = OAServiceTicket.m; sourceTree = "<group>"; };
		038CB1C814283272001DEAC9 /* OASignatureProviding.h */ = {isa = PBXFileReference; fileEncoding = 4; lastKnownFileType = sourcecode.c.h; path = OASignatureProviding.h; sourceTree = "<group>"; };
		038CB1C914283272001DEAC9 /* OAToken.h */ = {isa = PBXFileReference; fileEncoding = 4; lastKnownFileType = sourcecode.c.h; path = OAToken.h; sourceTree = "<group>"; };
		038CB1CA14283272001DEAC9 /* OAToken.m */ = {isa = PBXFileReference; fileEncoding = 4; lastKnownFileType = sourcecode.c.objc; path = OAToken.m; sourceTree = "<group>"; };
		038CB1CB14283272001DEAC9 /* OAuthConsumer.h */ = {isa = PBXFileReference; fileEncoding = 4; lastKnownFileType = sourcecode.c.h; path = OAuthConsumer.h; sourceTree = "<group>"; };
		038CB1CD14283272001DEAC9 /* Reachability.h */ = {isa = PBXFileReference; fileEncoding = 4; lastKnownFileType = sourcecode.c.h; path = Reachability.h; sourceTree = "<group>"; };
		038CB1CE14283272001DEAC9 /* Reachability.m */ = {isa = PBXFileReference; fileEncoding = 4; lastKnownFileType = sourcecode.c.objc; path = Reachability.m; sourceTree = "<group>"; };
		038CB1CF14283272001DEAC9 /* StackMob.h */ = {isa = PBXFileReference; fileEncoding = 4; lastKnownFileType = sourcecode.c.h; path = StackMob.h; sourceTree = "<group>"; };
		038CB1D014283272001DEAC9 /* StackMob.m */ = {isa = PBXFileReference; fileEncoding = 4; lastKnownFileType = sourcecode.c.objc; path = StackMob.m; sourceTree = "<group>"; };
		038CB1D114283272001DEAC9 /* StackMobAdditions.h */ = {isa = PBXFileReference; fileEncoding = 4; lastKnownFileType = sourcecode.c.h; path = StackMobAdditions.h; sourceTree = "<group>"; };
		038CB1D314283272001DEAC9 /* StackMobClientData.h */ = {isa = PBXFileReference; fileEncoding = 4; lastKnownFileType = sourcecode.c.h; path = StackMobClientData.h; sourceTree = "<group>"; };
		038CB1D414283272001DEAC9 /* StackMobClientData.m */ = {isa = PBXFileReference; fileEncoding = 4; lastKnownFileType = sourcecode.c.objc; path = StackMobClientData.m; sourceTree = "<group>"; };
		038CB1D514283272001DEAC9 /* StackMobConfiguration.h */ = {isa = PBXFileReference; fileEncoding = 4; lastKnownFileType = sourcecode.c.h; path = StackMobConfiguration.h; sourceTree = "<group>"; };
		038CB1D614283272001DEAC9 /* StackMobHerokuRequest.h */ = {isa = PBXFileReference; fileEncoding = 4; lastKnownFileType = sourcecode.c.h; path = StackMobHerokuRequest.h; sourceTree = "<group>"; };
		038CB1D714283272001DEAC9 /* StackMobHerokuRequest.m */ = {isa = PBXFileReference; fileEncoding = 4; lastKnownFileType = sourcecode.c.objc; path = StackMobHerokuRequest.m; sourceTree = "<group>"; };
		038CB1D814283272001DEAC9 /* StackMobPushRequest.h */ = {isa = PBXFileReference; fileEncoding = 4; lastKnownFileType = sourcecode.c.h; path = StackMobPushRequest.h; sourceTree = "<group>"; };
		038CB1D914283272001DEAC9 /* StackMobPushRequest.m */ = {isa = PBXFileReference; fileEncoding = 4; lastKnownFileType = sourcecode.c.objc; path = StackMobPushRequest.m; sourceTree = "<group>"; };
		038CB1DA14283272001DEAC9 /* StackMobRequest.h */ = {isa = PBXFileReference; fileEncoding = 4; lastKnownFileType = sourcecode.c.h; path = StackMobRequest.h; sourceTree = "<group>"; };
		038CB1DB14283272001DEAC9 /* StackMobRequest.m */ = {isa = PBXFileReference; fileEncoding = 4; lastKnownFileType = sourcecode.c.objc; path = StackMobRequest.m; sourceTree = "<group>"; };
		038CB1DC14283272001DEAC9 /* StackMobSession.h */ = {isa = PBXFileReference; fileEncoding = 4; lastKnownFileType = sourcecode.c.h; path = StackMobSession.h; sourceTree = "<group>"; };
		038CB1DD14283272001DEAC9 /* StackMobSession.m */ = {isa = PBXFileReference; fileEncoding = 4; lastKnownFileType = sourcecode.c.objc; path = StackMobSession.m; sourceTree = "<group>"; };
		038CB1DF14283272001DEAC9 /* NSData+Base64.h */ = {isa = PBXFileReference; fileEncoding = 4; lastKnownFileType = sourcecode.c.h; name = "NSData+Base64.h"; path = "Utils/NSData+Base64.h"; sourceTree = "<group>"; };
		038CB1E014283272001DEAC9 /* NSData+Base64.m */ = {isa = PBXFileReference; fileEncoding = 4; lastKnownFileType = sourcecode.c.objc; name = "NSData+Base64.m"; path = "Utils/NSData+Base64.m"; sourceTree = "<group>"; };
		038CB1E114283272001DEAC9 /* NSData+JSON.h */ = {isa = PBXFileReference; fileEncoding = 4; lastKnownFileType = sourcecode.c.h; name = "NSData+JSON.h"; path = "Utils/NSData+JSON.h"; sourceTree = "<group>"; };
		038CB1E214283272001DEAC9 /* NSData+JSON.m */ = {isa = PBXFileReference; fileEncoding = 4; lastKnownFileType = sourcecode.c.objc; name = "NSData+JSON.m"; path = "Utils/NSData+JSON.m"; sourceTree = "<group>"; };
		57121D5D140FDE3F00686005 /* libz.dylib */ = {isa = PBXFileReference; lastKnownFileType = "compiled.mach-o.dylib"; name = libz.dylib; path = usr/lib/libz.dylib; sourceTree = SDKROOT; };
		82CE43251288EF9100A73E9C /* CFNetwork.framework */ = {isa = PBXFileReference; lastKnownFileType = wrapper.framework; name = CFNetwork.framework; path = System/Library/Frameworks/CFNetwork.framework; sourceTree = SDKROOT; };
		82CE432C1288EFB900A73E9C /* UIKit.framework */ = {isa = PBXFileReference; lastKnownFileType = wrapper.framework; name = UIKit.framework; path = System/Library/Frameworks/UIKit.framework; sourceTree = SDKROOT; };
		82CE43341288EFE000A73E9C /* CoreLocation.framework */ = {isa = PBXFileReference; lastKnownFileType = wrapper.framework; name = CoreLocation.framework; path = System/Library/Frameworks/CoreLocation.framework; sourceTree = SDKROOT; };
		82CE433A1288F02E00A73E9C /* SystemConfiguration.framework */ = {isa = PBXFileReference; lastKnownFileType = wrapper.framework; name = SystemConfiguration.framework; path = System/Library/Frameworks/SystemConfiguration.framework; sourceTree = SDKROOT; };
		82CE434F1288F0DA00A73E9C /* Tests.octest */ = {isa = PBXFileReference; explicitFileType = wrapper.cfbundle; includeInIndex = 0; path = Tests.octest; sourceTree = BUILT_PRODUCTS_DIR; };
		82CE43501288F0DA00A73E9C /* Tests-Info.plist */ = {isa = PBXFileReference; lastKnownFileType = text.plist.xml; path = "Tests-Info.plist"; sourceTree = "<group>"; };
		82CE45F212892FFA00A73E9C /* APIRequestTests.m */ = {isa = PBXFileReference; fileEncoding = 4; lastKnownFileType = sourcecode.c.objc; name = APIRequestTests.m; path = tests/APIRequestTests.m; sourceTree = "<group>"; };
		82CE45F312892FFA00A73E9C /* APIRequestTests.h */ = {isa = PBXFileReference; fileEncoding = 4; lastKnownFileType = sourcecode.c.h; name = APIRequestTests.h; path = tests/APIRequestTests.h; sourceTree = "<group>"; };
		AA747D9E0F9514B9006C5449 /* StackMobiOS_Prefix.pch */ = {isa = PBXFileReference; fileEncoding = 4; lastKnownFileType = sourcecode.c.h; path = StackMobiOS_Prefix.pch; sourceTree = SOURCE_ROOT; };
		AACBBE490F95108600F1A2B1 /* Foundation.framework */ = {isa = PBXFileReference; lastKnownFileType = wrapper.framework; name = Foundation.framework; path = System/Library/Frameworks/Foundation.framework; sourceTree = SDKROOT; };
		C620A8A01454E45200FDCF73 /* STMRestKitObjectLoader.h */ = {isa = PBXFileReference; fileEncoding = 4; lastKnownFileType = sourcecode.c.h; path = STMRestKitObjectLoader.h; sourceTree = "<group>"; };
		C620A8A11454E45200FDCF73 /* STMRestKitObjectLoader.m */ = {isa = PBXFileReference; fileEncoding = 4; lastKnownFileType = sourcecode.c.objc; path = STMRestKitObjectLoader.m; sourceTree = "<group>"; };
		C620A8A21454E45200FDCF73 /* STMRestKitObjectManager.h */ = {isa = PBXFileReference; fileEncoding = 4; lastKnownFileType = sourcecode.c.h; path = STMRestKitObjectManager.h; sourceTree = "<group>"; };
		C620A8A31454E45300FDCF73 /* STMRestKitObjectManager.m */ = {isa = PBXFileReference; fileEncoding = 4; lastKnownFileType = sourcecode.c.objc; path = STMRestKitObjectManager.m; sourceTree = "<group>"; };
		C620A8A41454E45300FDCF73 /* STMNotificationType.h */ = {isa = PBXFileReference; fileEncoding = 4; lastKnownFileType = sourcecode.c.h; path = STMNotificationType.h; sourceTree = "<group>"; };
		C620A8A51454E45300FDCF73 /* StackMobQuery.h */ = {isa = PBXFileReference; fileEncoding = 4; lastKnownFileType = sourcecode.c.h; path = StackMobQuery.h; sourceTree = "<group>"; };
		C620A8A61454E45300FDCF73 /* StackMobQuery.m */ = {isa = PBXFileReference; fileEncoding = 4; lastKnownFileType = sourcecode.c.objc; path = StackMobQuery.m; sourceTree = "<group>"; };
		C620A8A71454E45400FDCF73 /* StackMobVersion.h */ = {isa = PBXFileReference; fileEncoding = 4; lastKnownFileType = sourcecode.c.h; path = StackMobVersion.h; sourceTree = "<group>"; };
		C638671D149AA791003A11B1 /* NSString+StackMob.h */ = {isa = PBXFileReference; fileEncoding = 4; lastKnownFileType = sourcecode.c.h; name = "NSString+StackMob.h"; path = "Utils/NSString+StackMob.h"; sourceTree = "<group>"; };
		C638671E149AA791003A11B1 /* NSString+StackMob.m */ = {isa = PBXFileReference; fileEncoding = 4; lastKnownFileType = sourcecode.c.objc; name = "NSString+StackMob.m"; path = "Utils/NSString+StackMob.m"; sourceTree = "<group>"; };
		C63867A4149AE060003A11B1 /* StackMobConfiguration.m */ = {isa = PBXFileReference; fileEncoding = 4; lastKnownFileType = sourcecode.c.objc; path = StackMobConfiguration.m; sourceTree = "<group>"; };
		C63867AB149AFE33003A11B1 /* STMResponseError.h */ = {isa = PBXFileReference; fileEncoding = 4; lastKnownFileType = sourcecode.c.h; path = STMResponseError.h; sourceTree = "<group>"; };
		C63867AC149AFE35003A11B1 /* STMResponseError.m */ = {isa = PBXFileReference; fileEncoding = 4; lastKnownFileType = sourcecode.c.objc; path = STMResponseError.m; sourceTree = "<group>"; };
		C63867AF149B0629003A11B1 /* STMObjectMappingProvider.h */ = {isa = PBXFileReference; fileEncoding = 4; lastKnownFileType = sourcecode.c.h; path = STMObjectMappingProvider.h; sourceTree = "<group>"; };
		C63867B0149B062B003A11B1 /* STMObjectMappingProvider.m */ = {isa = PBXFileReference; fileEncoding = 4; lastKnownFileType = sourcecode.c.objc; path = STMObjectMappingProvider.m; sourceTree = "<group>"; };
		C63867B3149B09CB003A11B1 /* STMMappedObject.h */ = {isa = PBXFileReference; fileEncoding = 4; lastKnownFileType = sourcecode.c.h; path = STMMappedObject.h; sourceTree = "<group>"; };
		C63867B9149C1784003A11B1 /* STMClient.h */ = {isa = PBXFileReference; fileEncoding = 4; lastKnownFileType = sourcecode.c.h; path = STMClient.h; sourceTree = "<group>"; };
		C63867BA149C1785003A11B1 /* STMClient.m */ = {isa = PBXFileReference; fileEncoding = 4; lastKnownFileType = sourcecode.c.objc; path = STMClient.m; sourceTree = "<group>"; };
		C63867BD149C17B0003A11B1 /* STMObjectRouter.h */ = {isa = PBXFileReference; fileEncoding = 4; lastKnownFileType = sourcecode.c.h; path = STMObjectRouter.h; sourceTree = "<group>"; };
		C63867BE149C17B1003A11B1 /* STMObjectRouter.m */ = {isa = PBXFileReference; fileEncoding = 4; lastKnownFileType = sourcecode.c.objc; path = STMObjectRouter.m; sourceTree = "<group>"; };
		C63867C1149C1A53003A11B1 /* STMObjectMapping.h */ = {isa = PBXFileReference; fileEncoding = 4; lastKnownFileType = sourcecode.c.h; path = STMObjectMapping.h; sourceTree = "<group>"; };
		C63867C2149C1A53003A11B1 /* STMObjectMapping.m */ = {isa = PBXFileReference; fileEncoding = 4; lastKnownFileType = sourcecode.c.objc; path = STMObjectMapping.m; sourceTree = "<group>"; };
		C63867C5149C1B9F003A11B1 /* STMManagedObjectMapping.h */ = {isa = PBXFileReference; fileEncoding = 4; lastKnownFileType = sourcecode.c.h; path = STMManagedObjectMapping.h; sourceTree = "<group>"; };
		C63867C6149C1B9F003A11B1 /* STMManagedObjectMapping.m */ = {isa = PBXFileReference; fileEncoding = 4; lastKnownFileType = sourcecode.c.objc; path = STMManagedObjectMapping.m; sourceTree = "<group>"; };
		C661EDFE144400EF0029B331 /* RestKit.xcodeproj */ = {isa = PBXFileReference; lastKnownFileType = "wrapper.pb-project"; name = RestKit.xcodeproj; path = StackMob/External/libraries/RestKit/RestKit.xcodeproj; sourceTree = "<group>"; };
		C661EE351444019B0029B331 /* STMDataProvider.h */ = {isa = PBXFileReference; fileEncoding = 4; lastKnownFileType = sourcecode.c.h; path = STMDataProvider.h; sourceTree = "<group>"; };
		C661EE361444019B0029B331 /* NSArray+StackMob.h */ = {isa = PBXFileReference; fileEncoding = 4; lastKnownFileType = sourcecode.c.h; path = "NSArray+StackMob.h"; sourceTree = "<group>"; };
		C661EE371444019B0029B331 /* NSArray+StackMob.m */ = {isa = PBXFileReference; fileEncoding = 4; lastKnownFileType = sourcecode.c.objc; path = "NSArray+StackMob.m"; sourceTree = "<group>"; };
		C661EE381444019B0029B331 /* NSDictionary+StackMob.h */ = {isa = PBXFileReference; fileEncoding = 4; lastKnownFileType = sourcecode.c.h; path = "NSDictionary+StackMob.h"; sourceTree = "<group>"; };
		C661EE391444019B0029B331 /* NSDictionary+StackMob.m */ = {isa = PBXFileReference; fileEncoding = 4; lastKnownFileType = sourcecode.c.objc; path = "NSDictionary+StackMob.m"; sourceTree = "<group>"; };
		C661EE3A1444019B0029B331 /* STMRestKitConfiguration.h */ = {isa = PBXFileReference; fileEncoding = 4; lastKnownFileType = sourcecode.c.h; path = STMRestKitConfiguration.h; sourceTree = "<group>"; };
		C661EE3B1444019B0029B331 /* STMRestKitConfiguration.m */ = {isa = PBXFileReference; fileEncoding = 4; lastKnownFileType = sourcecode.c.objc; path = STMRestKitConfiguration.m; sourceTree = "<group>"; };
		C661EE3C1444019B0029B331 /* STMRestKitDataProvider.h */ = {isa = PBXFileReference; fileEncoding = 4; lastKnownFileType = sourcecode.c.h; path = STMRestKitDataProvider.h; sourceTree = "<group>"; };
		C661EE3D1444019B0029B331 /* STMRestKitDataProvider.m */ = {isa = PBXFileReference; fileEncoding = 4; lastKnownFileType = sourcecode.c.objc; path = STMRestKitDataProvider.m; sourceTree = "<group>"; };
		C661EE3E1444019B0029B331 /* STMRestKitObjectLoaderDelegate.h */ = {isa = PBXFileReference; fileEncoding = 4; lastKnownFileType = sourcecode.c.h; path = STMRestKitObjectLoaderDelegate.h; sourceTree = "<group>"; };
		C661EE3F1444019B0029B331 /* STMRestKitObjectLoaderDelegate.m */ = {isa = PBXFileReference; fileEncoding = 4; lastKnownFileType = sourcecode.c.objc; path = STMRestKitObjectLoaderDelegate.m; sourceTree = "<group>"; };
		C661EE401444019B0029B331 /* STMRestKitRequest.h */ = {isa = PBXFileReference; fileEncoding = 4; lastKnownFileType = sourcecode.c.h; path = STMRestKitRequest.h; sourceTree = "<group>"; };
		C661EE411444019B0029B331 /* STMRestKitRequest.m */ = {isa = PBXFileReference; fileEncoding = 4; lastKnownFileType = sourcecode.c.objc; path = STMRestKitRequest.m; sourceTree = "<group>"; };
		C661EE421444019B0029B331 /* STMRestKitSession.h */ = {isa = PBXFileReference; fileEncoding = 4; lastKnownFileType = sourcecode.c.h; path = STMRestKitSession.h; sourceTree = "<group>"; };
		C661EE431444019C0029B331 /* STMRestKitSession.m */ = {isa = PBXFileReference; fileEncoding = 4; lastKnownFileType = sourcecode.c.objc; path = STMRestKitSession.m; sourceTree = "<group>"; };
		C661EE441444019C0029B331 /* STMDynamicDataProvider.h */ = {isa = PBXFileReference; fileEncoding = 4; lastKnownFileType = sourcecode.c.h; path = STMDynamicDataProvider.h; sourceTree = "<group>"; };
		C661EE451444019C0029B331 /* STMDynamicDataProvider.m */ = {isa = PBXFileReference; fileEncoding = 4; lastKnownFileType = sourcecode.c.objc; path = STMDynamicDataProvider.m; sourceTree = "<group>"; };
		C661EE83144404970029B331 /* LCLLogFileConfig.h */ = {isa = PBXFileReference; fileEncoding = 4; lastKnownFileType = sourcecode.c.h; name = LCLLogFileConfig.h; path = ../../LCLLogFileConfig.h; sourceTree = "<group>"; };
		C670D99214440554009CC39A /* RestKitProviderTests.h */ = {isa = PBXFileReference; fileEncoding = 4; lastKnownFileType = sourcecode.c.h; name = RestKitProviderTests.h; path = tests/RestKitProviderTests.h; sourceTree = "<group>"; };
		C670D99314440554009CC39A /* RestKitProviderTests.m */ = {isa = PBXFileReference; fileEncoding = 4; lastKnownFileType = sourcecode.c.objc; name = RestKitProviderTests.m; path = tests/RestKitProviderTests.m; sourceTree = "<group>"; };
		C670D99614440554009CC39A /* TestConstants.h */ = {isa = PBXFileReference; fileEncoding = 4; lastKnownFileType = sourcecode.c.h; name = TestConstants.h; path = tests/TestConstants.h; sourceTree = "<group>"; };
		C670D99714440554009CC39A /* UserModel.h */ = {isa = PBXFileReference; fileEncoding = 4; lastKnownFileType = sourcecode.c.h; name = UserModel.h; path = tests/testdata/UserModel.h; sourceTree = "<group>"; };
		C670D99814440554009CC39A /* UserModel.m */ = {isa = PBXFileReference; fileEncoding = 4; lastKnownFileType = sourcecode.c.objc; name = UserModel.m; path = tests/testdata/UserModel.m; sourceTree = "<group>"; };
		C670D9A914440635009CC39A /* MobileCoreServices.framework */ = {isa = PBXFileReference; lastKnownFileType = wrapper.framework; name = MobileCoreServices.framework; path = System/Library/Frameworks/MobileCoreServices.framework; sourceTree = SDKROOT; };
		C670D9B114441F8D009CC39A /* RKObjectRouter+StackMob.h */ = {isa = PBXFileReference; fileEncoding = 4; lastKnownFileType = sourcecode.c.h; name = "RKObjectRouter+StackMob.h"; path = "Utils/RKObjectRouter+StackMob.h"; sourceTree = "<group>"; };
		C670D9B214441F8D009CC39A /* RKObjectRouter+StackMob.m */ = {isa = PBXFileReference; fileEncoding = 4; lastKnownFileType = sourcecode.c.objc; name = "RKObjectRouter+StackMob.m"; path = "Utils/RKObjectRouter+StackMob.m"; sourceTree = "<group>"; };
		C68498B7149981BE009D16FB /* SMFile.h */ = {isa = PBXFileReference; fileEncoding = 4; lastKnownFileType = sourcecode.c.h; path = SMFile.h; sourceTree = "<group>"; };
		C68498B8149981BE009D16FB /* SMFile.m */ = {isa = PBXFileReference; fileEncoding = 4; lastKnownFileType = sourcecode.c.objc; path = SMFile.m; sourceTree = "<group>"; };
		C68498B9149981BE009D16FB /* SMGeoPoint.h */ = {isa = PBXFileReference; fileEncoding = 4; lastKnownFileType = sourcecode.c.h; path = SMGeoPoint.h; sourceTree = "<group>"; };
		C68498BA149981BE009D16FB /* SMGeoPoint.m */ = {isa = PBXFileReference; fileEncoding = 4; lastKnownFileType = sourcecode.c.objc; path = SMGeoPoint.m; sourceTree = "<group>"; };
		C68498BB149981BE009D16FB /* StackMobBulkRequest.h */ = {isa = PBXFileReference; fileEncoding = 4; lastKnownFileType = sourcecode.c.h; path = StackMobBulkRequest.h; sourceTree = "<group>"; };
		C68498BC149981BF009D16FB /* StackMobBulkRequest.m */ = {isa = PBXFileReference; fileEncoding = 4; lastKnownFileType = sourcecode.c.objc; path = StackMobBulkRequest.m; sourceTree = "<group>"; };
		C68498DD149A7E2A009D16FB /* SMFileTest.h */ = {isa = PBXFileReference; fileEncoding = 4; lastKnownFileType = sourcecode.c.h; name = SMFileTest.h; path = tests/SMFileTest.h; sourceTree = "<group>"; };
		C68498DE149A7E2A009D16FB /* SMFileTest.m */ = {isa = PBXFileReference; fileEncoding = 4; lastKnownFileType = sourcecode.c.objc; name = SMFileTest.m; path = tests/SMFileTest.m; sourceTree = "<group>"; };
		C68498DF149A7E2A009D16FB /* StackMobLoginTest.h */ = {isa = PBXFileReference; fileEncoding = 4; lastKnownFileType = sourcecode.c.h; name = StackMobLoginTest.h; path = tests/StackMobLoginTest.h; sourceTree = "<group>"; };
		C68498E0149A7E2A009D16FB /* StackMobLoginTest.m */ = {isa = PBXFileReference; fileEncoding = 4; lastKnownFileType = sourcecode.c.objc; name = StackMobLoginTest.m; path = tests/StackMobLoginTest.m; sourceTree = "<group>"; };
		C68498E1149A7E2A009D16FB /* StackMobPushTests.h */ = {isa = PBXFileReference; fileEncoding = 4; lastKnownFileType = sourcecode.c.h; name = StackMobPushTests.h; path = tests/StackMobPushTests.h; sourceTree = "<group>"; };
		C68498E2149A7E2A009D16FB /* StackMobPushTests.m */ = {isa = PBXFileReference; fileEncoding = 4; lastKnownFileType = sourcecode.c.objc; name = StackMobPushTests.m; path = tests/StackMobPushTests.m; sourceTree = "<group>"; };
		C68498E3149A7E2A009D16FB /* StackMobQueryTests.h */ = {isa = PBXFileReference; fileEncoding = 4; lastKnownFileType = sourcecode.c.h; name = StackMobQueryTests.h; path = tests/StackMobQueryTests.h; sourceTree = "<group>"; };
		C68498E4149A7E2A009D16FB /* StackMobQueryTests.m */ = {isa = PBXFileReference; fileEncoding = 4; lastKnownFileType = sourcecode.c.objc; name = StackMobQueryTests.m; path = tests/StackMobQueryTests.m; sourceTree = "<group>"; };
		C68498E5149A7E2A009D16FB /* StackMobTestCommon.h */ = {isa = PBXFileReference; fileEncoding = 4; lastKnownFileType = sourcecode.c.h; name = StackMobTestCommon.h; path = tests/StackMobTestCommon.h; sourceTree = "<group>"; };
		C68498E6149A7E2A009D16FB /* StackMobTestCommon.m */ = {isa = PBXFileReference; fileEncoding = 4; lastKnownFileType = sourcecode.c.objc; name = StackMobTestCommon.m; path = tests/StackMobTestCommon.m; sourceTree = "<group>"; };
		C68498E7149A7E2A009D16FB /* StackMobTestUtils.h */ = {isa = PBXFileReference; fileEncoding = 4; lastKnownFileType = sourcecode.c.h; name = StackMobTestUtils.h; path = tests/StackMobTestUtils.h; sourceTree = "<group>"; };
		C68498E8149A7E2A009D16FB /* StackMobTestUtils.m */ = {isa = PBXFileReference; fileEncoding = 4; lastKnownFileType = sourcecode.c.objc; name = StackMobTestUtils.m; path = tests/StackMobTestUtils.m; sourceTree = "<group>"; };
		C6849906149A7F9C009D16FB /* SenTestingKit.framework */ = {isa = PBXFileReference; lastKnownFileType = wrapper.framework; name = SenTestingKit.framework; path = Library/Frameworks/SenTestingKit.framework; sourceTree = DEVELOPER_DIR; };
		C6849911149A99A3009D16FB /* JSONKit.h */ = {isa = PBXFileReference; fileEncoding = 4; lastKnownFileType = sourcecode.c.h; path = JSONKit.h; sourceTree = "<group>"; };
		C6849912149A99A3009D16FB /* JSONKit.m */ = {isa = PBXFileReference; fileEncoding = 4; lastKnownFileType = sourcecode.c.objc; path = JSONKit.m; sourceTree = "<group>"; };
		C6849916149A9A26009D16FB /* CoreData.framework */ = {isa = PBXFileReference; lastKnownFileType = wrapper.framework; name = CoreData.framework; path = System/Library/Frameworks/CoreData.framework; sourceTree = SDKROOT; };
		C6849918149A9B6C009D16FB /* libxml2.dylib */ = {isa = PBXFileReference; lastKnownFileType = "compiled.mach-o.dylib"; name = libxml2.dylib; path = usr/lib/libxml2.dylib; sourceTree = SDKROOT; };
		C684991B149A9BB0009D16FB /* Security.framework */ = {isa = PBXFileReference; lastKnownFileType = wrapper.framework; name = Security.framework; path = System/Library/Frameworks/Security.framework; sourceTree = SDKROOT; };
		D2AAC07E0554694100DB518D /* libStackMobiOS.a */ = {isa = PBXFileReference; explicitFileType = archive.ar; includeInIndex = 0; path = libStackMobiOS.a; sourceTree = BUILT_PRODUCTS_DIR; };
/* End PBXFileReference section */

/* Begin PBXFrameworksBuildPhase section */
		82CE434C1288F0DA00A73E9C /* Frameworks */ = {
			isa = PBXFrameworksBuildPhase;
			buildActionMask = 2147483647;
			files = (
				C684991C149A9BB1009D16FB /* Security.framework in Frameworks */,
				C6849917149A9A27009D16FB /* CoreData.framework in Frameworks */,
				C6849910149A985B009D16FB /* libRestKit.a in Frameworks */,
				C6849907149A7F9C009D16FB /* SenTestingKit.framework in Frameworks */,
				C670D9AA14440635009CC39A /* MobileCoreServices.framework in Frameworks */,
				C670D9A814440605009CC39A /* CFNetwork.framework in Frameworks */,
				82CE443E1288F17700A73E9C /* SystemConfiguration.framework in Frameworks */,
				82CE43E41288F16700A73E9C /* Foundation.framework in Frameworks */,
				82CE43DB1288F15500A73E9C /* CoreLocation.framework in Frameworks */,
				C684991A149A9B72009D16FB /* libxml2.dylib in Frameworks */,
				C684991E149A9BBB009D16FB /* UIKit.framework in Frameworks */,
			);
			runOnlyForDeploymentPostprocessing = 0;
		};
		D2AAC07C0554694100DB518D /* Frameworks */ = {
			isa = PBXFrameworksBuildPhase;
			buildActionMask = 2147483647;
			files = (
				C6849919149A9B6D009D16FB /* libxml2.dylib in Frameworks */,
				C684990E149A984E009D16FB /* libRestKit.a in Frameworks */,
				57121D5E140FDE3F00686005 /* libz.dylib in Frameworks */,
				82CE45151289025B00A73E9C /* UIKit.framework in Frameworks */,
				AACBBE4A0F95108600F1A2B1 /* Foundation.framework in Frameworks */,
				82CE43D41288F14000A73E9C /* CoreLocation.framework in Frameworks */,
				C684991D149A9BB7009D16FB /* CFNetwork.framework in Frameworks */,
				C684991F149A9BBF009D16FB /* SystemConfiguration.framework in Frameworks */,
				C6849920149A9BC4009D16FB /* MobileCoreServices.framework in Frameworks */,
				C6849921149A9BC7009D16FB /* CoreData.framework in Frameworks */,
			);
			runOnlyForDeploymentPostprocessing = 0;
		};
/* End PBXFrameworksBuildPhase section */

/* Begin PBXGroup section */
		034768DFFF38A50411DB9C8B /* Products */ = {
			isa = PBXGroup;
			children = (
				D2AAC07E0554694100DB518D /* libStackMobiOS.a */,
				82CE434F1288F0DA00A73E9C /* Tests.octest */,
			);
			name = Products;
			sourceTree = "<group>";
		};
		038CB1AA14283272001DEAC9 /* StackMob */ = {
			isa = PBXGroup;
			children = (
				C63867B6149C0A8D003A11B1 /* Categories */,
				C63867B5149C0A70003A11B1 /* DataProviders */,
				038CB1DE14283272001DEAC9 /* Utils */,
				038CB1AB14283272001DEAC9 /* External */,
				C68498B7149981BE009D16FB /* SMFile.h */,
				C68498B8149981BE009D16FB /* SMFile.m */,
				C68498B9149981BE009D16FB /* SMGeoPoint.h */,
				C68498BA149981BE009D16FB /* SMGeoPoint.m */,
				C620A8A41454E45300FDCF73 /* STMNotificationType.h */,
				C68498BB149981BE009D16FB /* StackMobBulkRequest.h */,
				C68498BC149981BF009D16FB /* StackMobBulkRequest.m */,
				038CB1DA14283272001DEAC9 /* StackMobRequest.h */,
				038CB1DB14283272001DEAC9 /* StackMobRequest.m */,
				038CB1DC14283272001DEAC9 /* StackMobSession.h */,
				038CB1DD14283272001DEAC9 /* StackMobSession.m */,
				C620A8A51454E45300FDCF73 /* StackMobQuery.h */,
				C620A8A61454E45300FDCF73 /* StackMobQuery.m */,
				C620A8A71454E45400FDCF73 /* StackMobVersion.h */,
				038CB1CF14283272001DEAC9 /* StackMob.h */,
				038CB1D014283272001DEAC9 /* StackMob.m */,
				038CB1D314283272001DEAC9 /* StackMobClientData.h */,
				038CB1D414283272001DEAC9 /* StackMobClientData.m */,
				038CB1D514283272001DEAC9 /* StackMobConfiguration.h */,
				C63867A4149AE060003A11B1 /* StackMobConfiguration.m */,
				038CB1D614283272001DEAC9 /* StackMobHerokuRequest.h */,
				038CB1D714283272001DEAC9 /* StackMobHerokuRequest.m */,
				038CB1D814283272001DEAC9 /* StackMobPushRequest.h */,
				038CB1D914283272001DEAC9 /* StackMobPushRequest.m */,
			);
			path = StackMob;
			sourceTree = "<group>";
		};
		038CB1AB14283272001DEAC9 /* External */ = {
			isa = PBXGroup;
			children = (
				038CB1AC14283272001DEAC9 /* libraries */,
				038CB1AE14283272001DEAC9 /* OAuthConsumer */,
				038CB1CC14283272001DEAC9 /* reachability */,
			);
			path = External;
			sourceTree = "<group>";
		};
		038CB1AC14283272001DEAC9 /* libraries */ = {
			isa = PBXGroup;
			children = (
				C661EE85144404A80029B331 /* RestKit */,
				038CB28C14284C3F001DEAC9 /* JSONKit */,
			);
			path = libraries;
			sourceTree = "<group>";
		};
		038CB1AE14283272001DEAC9 /* OAuthConsumer */ = {
			isa = PBXGroup;
			children = (
				038CB1AF14283272001DEAC9 /* Crypto */,
				038CB1B214283272001DEAC9 /* NSMutableURLRequest+Parameters.h */,
				038CB1B314283272001DEAC9 /* NSMutableURLRequest+Parameters.m */,
				038CB1B414283272001DEAC9 /* NSString+URLEncoding.h */,
				038CB1B514283272001DEAC9 /* NSString+URLEncoding.m */,
				038CB1B614283272001DEAC9 /* NSURL+Base.h */,
				038CB1B714283272001DEAC9 /* NSURL+Base.m */,
				038CB1B814283272001DEAC9 /* OAAsynchronousDataFetcher.h */,
				038CB1B914283272001DEAC9 /* OAAsynchronousDataFetcher.m */,
				038CB1BA14283272001DEAC9 /* OAConsumer.h */,
				038CB1BB14283272001DEAC9 /* OAConsumer.m */,
				038CB1BC14283272001DEAC9 /* OADataFetcher.h */,
				038CB1BD14283272001DEAC9 /* OADataFetcher.m */,
				038CB1BE14283272001DEAC9 /* OAHMAC_SHA1SignatureProvider.h */,
				038CB1BF14283272001DEAC9 /* OAHMAC_SHA1SignatureProvider.m */,
				038CB1C014283272001DEAC9 /* OAMutableURLRequest.h */,
				038CB1C114283272001DEAC9 /* OAMutableURLRequest.m */,
				038CB1C214283272001DEAC9 /* OAPlaintextSignatureProvider.h */,
				038CB1C314283272001DEAC9 /* OAPlaintextSignatureProvider.m */,
				038CB1C414283272001DEAC9 /* OARequestParameter.h */,
				038CB1C514283272001DEAC9 /* OARequestParameter.m */,
				038CB1C614283272001DEAC9 /* OAServiceTicket.h */,
				038CB1C714283272001DEAC9 /* OAServiceTicket.m */,
				038CB1C814283272001DEAC9 /* OASignatureProviding.h */,
				038CB1C914283272001DEAC9 /* OAToken.h */,
				038CB1CA14283272001DEAC9 /* OAToken.m */,
				038CB1CB14283272001DEAC9 /* OAuthConsumer.h */,
			);
			path = OAuthConsumer;
			sourceTree = "<group>";
		};
		038CB1AF14283272001DEAC9 /* Crypto */ = {
			isa = PBXGroup;
			children = (
				038CB1B014283272001DEAC9 /* Base64Transcoder.c */,
				038CB1B114283272001DEAC9 /* Base64Transcoder.h */,
			);
			path = Crypto;
			sourceTree = "<group>";
		};
		038CB1CC14283272001DEAC9 /* reachability */ = {
			isa = PBXGroup;
			children = (
				038CB1CD14283272001DEAC9 /* Reachability.h */,
				038CB1CE14283272001DEAC9 /* Reachability.m */,
			);
			path = reachability;
			sourceTree = "<group>";
		};
		038CB1DE14283272001DEAC9 /* Utils */ = {
			isa = PBXGroup;
			children = (
			);
			path = Utils;
			sourceTree = "<group>";
		};
		038CB28C14284C3F001DEAC9 /* JSONKit */ = {
			isa = PBXGroup;
			children = (
				C6849911149A99A3009D16FB /* JSONKit.h */,
				C6849912149A99A3009D16FB /* JSONKit.m */,
			);
			name = JSONKit;
			path = StackMob/External/JSONKit;
			sourceTree = SOURCE_ROOT;
		};
		0867D691FE84028FC02AAC07 /* StackMobiOS */ = {
			isa = PBXGroup;
			children = (
				038CB1AA14283272001DEAC9 /* StackMob */,
				82CE42D41288E4D200A73E9C /* Tests */,
				32C88DFF0371C24200C91783 /* Other Sources */,
				0867D69AFE84028FC02AAC07 /* Frameworks */,
				034768DFFF38A50411DB9C8B /* Products */,
				82CE43501288F0DA00A73E9C /* Tests-Info.plist */,
			);
			name = StackMobiOS;
			sourceTree = "<group>";
		};
		0867D69AFE84028FC02AAC07 /* Frameworks */ = {
			isa = PBXGroup;
			children = (
				C661EDFE144400EF0029B331 /* RestKit.xcodeproj */,
				C6849916149A9A26009D16FB /* CoreData.framework */,
				C6849906149A7F9C009D16FB /* SenTestingKit.framework */,
				C670D9A914440635009CC39A /* MobileCoreServices.framework */,
				82CE433A1288F02E00A73E9C /* SystemConfiguration.framework */,
				82CE43341288EFE000A73E9C /* CoreLocation.framework */,
				82CE432C1288EFB900A73E9C /* UIKit.framework */,
				82CE43251288EF9100A73E9C /* CFNetwork.framework */,
				AACBBE490F95108600F1A2B1 /* Foundation.framework */,
				C684991B149A9BB0009D16FB /* Security.framework */,
				57121D5D140FDE3F00686005 /* libz.dylib */,
				C6849918149A9B6C009D16FB /* libxml2.dylib */,
			);
			name = Frameworks;
			sourceTree = "<group>";
		};
		32C88DFF0371C24200C91783 /* Other Sources */ = {
			isa = PBXGroup;
			children = (
				AA747D9E0F9514B9006C5449 /* StackMobiOS_Prefix.pch */,
			);
			name = "Other Sources";
			sourceTree = "<group>";
		};
		82CE42D41288E4D200A73E9C /* Tests */ = {
			isa = PBXGroup;
			children = (
				C68498DD149A7E2A009D16FB /* SMFileTest.h */,
				C68498DE149A7E2A009D16FB /* SMFileTest.m */,
				C68498DF149A7E2A009D16FB /* StackMobLoginTest.h */,
				C68498E0149A7E2A009D16FB /* StackMobLoginTest.m */,
				C68498E1149A7E2A009D16FB /* StackMobPushTests.h */,
				C68498E2149A7E2A009D16FB /* StackMobPushTests.m */,
				C68498E3149A7E2A009D16FB /* StackMobQueryTests.h */,
				C68498E4149A7E2A009D16FB /* StackMobQueryTests.m */,
				C68498E5149A7E2A009D16FB /* StackMobTestCommon.h */,
				C68498E6149A7E2A009D16FB /* StackMobTestCommon.m */,
				C68498E7149A7E2A009D16FB /* StackMobTestUtils.h */,
				C68498E8149A7E2A009D16FB /* StackMobTestUtils.m */,
				C670D99214440554009CC39A /* RestKitProviderTests.h */,
				C670D99314440554009CC39A /* RestKitProviderTests.m */,
				C670D99614440554009CC39A /* TestConstants.h */,
				C670D99714440554009CC39A /* UserModel.h */,
				C670D99814440554009CC39A /* UserModel.m */,
				82CE45F312892FFA00A73E9C /* APIRequestTests.h */,
				82CE45F212892FFA00A73E9C /* APIRequestTests.m */,
			);
			name = Tests;
			sourceTree = "<group>";
		};
		C6386722149AA83B003A11B1 /* ObjectMapping */ = {
			isa = PBXGroup;
			children = (
				C63867AF149B0629003A11B1 /* STMObjectMappingProvider.h */,
				C63867B0149B062B003A11B1 /* STMObjectMappingProvider.m */,
				C661EE3E1444019B0029B331 /* STMRestKitObjectLoaderDelegate.h */,
				C661EE3F1444019B0029B331 /* STMRestKitObjectLoaderDelegate.m */,
				C63867AB149AFE33003A11B1 /* STMResponseError.h */,
				C63867AC149AFE35003A11B1 /* STMResponseError.m */,
				C620A8A01454E45200FDCF73 /* STMRestKitObjectLoader.h */,
				C620A8A11454E45200FDCF73 /* STMRestKitObjectLoader.m */,
				C620A8A21454E45200FDCF73 /* STMRestKitObjectManager.h */,
				C620A8A31454E45300FDCF73 /* STMRestKitObjectManager.m */,
				C63867C1149C1A53003A11B1 /* STMObjectMapping.h */,
				C63867C2149C1A53003A11B1 /* STMObjectMapping.m */,
				C63867C5149C1B9F003A11B1 /* STMManagedObjectMapping.h */,
				C63867C6149C1B9F003A11B1 /* STMManagedObjectMapping.m */,
			);
			name = ObjectMapping;
			sourceTree = "<group>";
		};
		C63867B5149C0A70003A11B1 /* DataProviders */ = {
			isa = PBXGroup;
			children = (
				C63867B8149C0AC7003A11B1 /* Dynamic */,
				C63867B7149C0ABC003A11B1 /* RestKit */,
				C661EE351444019B0029B331 /* STMDataProvider.h */,
			);
			name = DataProviders;
			sourceTree = "<group>";
		};
		C63867B6149C0A8D003A11B1 /* Categories */ = {
			isa = PBXGroup;
			children = (
				038CB1D114283272001DEAC9 /* StackMobAdditions.h */,
				C661EE381444019B0029B331 /* NSDictionary+StackMob.h */,
				C661EE391444019B0029B331 /* NSDictionary+StackMob.m */,
				038CB1DF14283272001DEAC9 /* NSData+Base64.h */,
				038CB1E014283272001DEAC9 /* NSData+Base64.m */,
				038CB1E114283272001DEAC9 /* NSData+JSON.h */,
				038CB1E214283272001DEAC9 /* NSData+JSON.m */,
				C670D9B114441F8D009CC39A /* RKObjectRouter+StackMob.h */,
				C670D9B214441F8D009CC39A /* RKObjectRouter+StackMob.m */,
				C638671D149AA791003A11B1 /* NSString+StackMob.h */,
				C638671E149AA791003A11B1 /* NSString+StackMob.m */,
				C661EE361444019B0029B331 /* NSArray+StackMob.h */,
				C661EE371444019B0029B331 /* NSArray+StackMob.m */,
			);
			name = Categories;
			sourceTree = "<group>";
		};
		C63867B7149C0ABC003A11B1 /* RestKit */ = {
			isa = PBXGroup;
			children = (
				C6386722149AA83B003A11B1 /* ObjectMapping */,
				C661EE3A1444019B0029B331 /* STMRestKitConfiguration.h */,
				C661EE3B1444019B0029B331 /* STMRestKitConfiguration.m */,
				C661EE3C1444019B0029B331 /* STMRestKitDataProvider.h */,
				C661EE3D1444019B0029B331 /* STMRestKitDataProvider.m */,
				C661EE401444019B0029B331 /* STMRestKitRequest.h */,
				C661EE411444019B0029B331 /* STMRestKitRequest.m */,
				C661EE421444019B0029B331 /* STMRestKitSession.h */,
				C661EE431444019C0029B331 /* STMRestKitSession.m */,
				C63867B3149B09CB003A11B1 /* STMMappedObject.h */,
				C63867B9149C1784003A11B1 /* STMClient.h */,
				C63867BA149C1785003A11B1 /* STMClient.m */,
				C63867BD149C17B0003A11B1 /* STMObjectRouter.h */,
				C63867BE149C17B1003A11B1 /* STMObjectRouter.m */,
			);
			name = RestKit;
			sourceTree = "<group>";
		};
		C63867B8149C0AC7003A11B1 /* Dynamic */ = {
			isa = PBXGroup;
			children = (
				C661EE441444019C0029B331 /* STMDynamicDataProvider.h */,
				C661EE451444019C0029B331 /* STMDynamicDataProvider.m */,
			);
			name = Dynamic;
			sourceTree = "<group>";
		};
		C661EDFF144400EF0029B331 /* Products */ = {
			isa = PBXGroup;
			children = (
				C68498CA149993F8009D16FB /* libRestKit.a */,
				C68498CC149993F8009D16FB /* RestKitTests.octest */,
				C68498CE149993F8009D16FB /* RestKit.framework */,
				C68498D0149993F8009D16FB /* RestKitFrameworkTests.octest */,
			);
			name = Products;
			sourceTree = "<group>";
		};
		C661EE85144404A80029B331 /* RestKit */ = {
			isa = PBXGroup;
			children = (
				C661EE83144404970029B331 /* LCLLogFileConfig.h */,
			);
			name = RestKit;
			sourceTree = "<group>";
		};
/* End PBXGroup section */

/* Begin PBXHeadersBuildPhase section */
		D2AAC07A0554694100DB518D /* Headers */ = {
			isa = PBXHeadersBuildPhase;
			buildActionMask = 2147483647;
			files = (
				AA747D9F0F9514B9006C5449 /* StackMobiOS_Prefix.pch in Headers */,
				038CB1E514283272001DEAC9 /* Base64Transcoder.h in Headers */,
				038CB1E614283272001DEAC9 /* NSMutableURLRequest+Parameters.h in Headers */,
				038CB1E814283272001DEAC9 /* NSString+URLEncoding.h in Headers */,
				038CB1EA14283272001DEAC9 /* NSURL+Base.h in Headers */,
				038CB1EC14283272001DEAC9 /* OAAsynchronousDataFetcher.h in Headers */,
				038CB1EE14283272001DEAC9 /* OAConsumer.h in Headers */,
				038CB1F014283272001DEAC9 /* OADataFetcher.h in Headers */,
				038CB1F214283272001DEAC9 /* OAHMAC_SHA1SignatureProvider.h in Headers */,
				038CB1F414283272001DEAC9 /* OAMutableURLRequest.h in Headers */,
				038CB1F614283272001DEAC9 /* OAPlaintextSignatureProvider.h in Headers */,
				038CB1F814283272001DEAC9 /* OARequestParameter.h in Headers */,
				038CB1FA14283272001DEAC9 /* OAServiceTicket.h in Headers */,
				038CB1FC14283272001DEAC9 /* OASignatureProviding.h in Headers */,
				038CB1FD14283272001DEAC9 /* OAToken.h in Headers */,
				038CB1FF14283272001DEAC9 /* OAuthConsumer.h in Headers */,
				038CB20014283272001DEAC9 /* Reachability.h in Headers */,
				038CB20214283272001DEAC9 /* StackMob.h in Headers */,
				038CB20414283272001DEAC9 /* StackMobAdditions.h in Headers */,
				038CB20614283272001DEAC9 /* StackMobClientData.h in Headers */,
				038CB20814283272001DEAC9 /* StackMobConfiguration.h in Headers */,
				038CB20914283272001DEAC9 /* StackMobHerokuRequest.h in Headers */,
				038CB20B14283272001DEAC9 /* StackMobPushRequest.h in Headers */,
				038CB20D14283272001DEAC9 /* StackMobRequest.h in Headers */,
				038CB20F14283272001DEAC9 /* StackMobSession.h in Headers */,
				038CB21314283272001DEAC9 /* NSData+JSON.h in Headers */,
				C661EE461444019C0029B331 /* STMDataProvider.h in Headers */,
				C661EE471444019C0029B331 /* NSArray+StackMob.h in Headers */,
				C661EE4A1444019C0029B331 /* NSDictionary+StackMob.h in Headers */,
				C661EE4D1444019C0029B331 /* STMRestKitConfiguration.h in Headers */,
				C661EE501444019C0029B331 /* STMRestKitDataProvider.h in Headers */,
				C661EE531444019C0029B331 /* STMRestKitObjectLoaderDelegate.h in Headers */,
				C661EE561444019C0029B331 /* STMRestKitRequest.h in Headers */,
				C661EE591444019C0029B331 /* STMRestKitSession.h in Headers */,
				C661EE5C1444019C0029B331 /* STMDynamicDataProvider.h in Headers */,
				C661EE84144404970029B331 /* LCLLogFileConfig.h in Headers */,
				C670D9B314441F8D009CC39A /* RKObjectRouter+StackMob.h in Headers */,
				C620A8A81454E45400FDCF73 /* STMRestKitObjectLoader.h in Headers */,
				C620A8AA1454E45400FDCF73 /* STMRestKitObjectManager.h in Headers */,
				C620A8AC1454E45400FDCF73 /* STMNotificationType.h in Headers */,
				C620A8AD1454E45400FDCF73 /* StackMobQuery.h in Headers */,
				C620A8AF1454E45400FDCF73 /* StackMobVersion.h in Headers */,
				C68498BD149981BF009D16FB /* SMFile.h in Headers */,
				C68498BF149981BF009D16FB /* SMGeoPoint.h in Headers */,
				C68498C1149981BF009D16FB /* StackMobBulkRequest.h in Headers */,
				C6849913149A99A3009D16FB /* JSONKit.h in Headers */,
				C638671F149AA791003A11B1 /* NSString+StackMob.h in Headers */,
				C63867AD149AFE36003A11B1 /* STMResponseError.h in Headers */,
				C63867B1149B062C003A11B1 /* STMObjectMappingProvider.h in Headers */,
				C63867B4149B09CD003A11B1 /* STMMappedObject.h in Headers */,
				C63867BB149C1786003A11B1 /* STMClient.h in Headers */,
				C63867BF149C17B2003A11B1 /* STMObjectRouter.h in Headers */,
				C63867C3149C1A53003A11B1 /* STMObjectMapping.h in Headers */,
				C63867C7149C1BA0003A11B1 /* STMManagedObjectMapping.h in Headers */,
			);
			runOnlyForDeploymentPostprocessing = 0;
		};
/* End PBXHeadersBuildPhase section */

/* Begin PBXNativeTarget section */
		82CE434E1288F0DA00A73E9C /* Tests */ = {
			isa = PBXNativeTarget;
			buildConfigurationList = 82CE43531288F0DA00A73E9C /* Build configuration list for PBXNativeTarget "Tests" */;
			buildPhases = (
				82CE434A1288F0DA00A73E9C /* Resources */,
				82CE434B1288F0DA00A73E9C /* Sources */,
				82CE434C1288F0DA00A73E9C /* Frameworks */,
				82CE434D1288F0DA00A73E9C /* ShellScript */,
			);
			buildRules = (
			);
			dependencies = (
				C684990B149A8287009D16FB /* PBXTargetDependency */,
			);
			name = Tests;
			productName = Tests;
			productReference = 82CE434F1288F0DA00A73E9C /* Tests.octest */;
			productType = "com.apple.product-type.bundle";
		};
		D2AAC07D0554694100DB518D /* StackMob */ = {
			isa = PBXNativeTarget;
			buildConfigurationList = 1DEB921E08733DC00010E9CD /* Build configuration list for PBXNativeTarget "StackMob" */;
			buildPhases = (
				D2AAC07A0554694100DB518D /* Headers */,
				D2AAC07B0554694100DB518D /* Sources */,
				D2AAC07C0554694100DB518D /* Frameworks */,
			);
			buildRules = (
			);
			dependencies = (
				C684990D149A9848009D16FB /* PBXTargetDependency */,
			);
			name = StackMob;
			productName = StackMobiOS;
			productReference = D2AAC07E0554694100DB518D /* libStackMobiOS.a */;
			productType = "com.apple.product-type.library.static";
		};
/* End PBXNativeTarget section */

/* Begin PBXProject section */
		0867D690FE84028FC02AAC07 /* Project object */ = {
			isa = PBXProject;
			attributes = {
				LastUpgradeCheck = 0420;
				ORGANIZATIONNAME = "StackMob, Inc.";
			};
			buildConfigurationList = 1DEB922208733DC00010E9CD /* Build configuration list for PBXProject "StackMobiOS" */;
			compatibilityVersion = "Xcode 3.1";
			developmentRegion = English;
			hasScannedForEncodings = 1;
			knownRegions = (
				English,
				Japanese,
				French,
				German,
			);
			mainGroup = 0867D691FE84028FC02AAC07 /* StackMobiOS */;
			productRefGroup = 034768DFFF38A50411DB9C8B /* Products */;
			projectDirPath = "";
			projectReferences = (
				{
					ProductGroup = C661EDFF144400EF0029B331 /* Products */;
					ProjectRef = C661EDFE144400EF0029B331 /* RestKit.xcodeproj */;
				},
			);
			projectRoot = "";
			targets = (
				D2AAC07D0554694100DB518D /* StackMob */,
				82CE42BA1288CB5300A73E9C /* Build Framework */,
				82CE434E1288F0DA00A73E9C /* Tests */,
			);
		};
/* End PBXProject section */

/* Begin PBXReferenceProxy section */
		C68498CA149993F8009D16FB /* libRestKit.a */ = {
			isa = PBXReferenceProxy;
			fileType = archive.ar;
			path = libRestKit.a;
			remoteRef = C68498C9149993F8009D16FB /* PBXContainerItemProxy */;
			sourceTree = BUILT_PRODUCTS_DIR;
		};
		C68498CC149993F8009D16FB /* RestKitTests.octest */ = {
			isa = PBXReferenceProxy;
			fileType = wrapper.cfbundle;
			path = RestKitTests.octest;
			remoteRef = C68498CB149993F8009D16FB /* PBXContainerItemProxy */;
			sourceTree = BUILT_PRODUCTS_DIR;
		};
		C68498CE149993F8009D16FB /* RestKit.framework */ = {
			isa = PBXReferenceProxy;
			fileType = wrapper.framework;
			path = RestKit.framework;
			remoteRef = C68498CD149993F8009D16FB /* PBXContainerItemProxy */;
			sourceTree = BUILT_PRODUCTS_DIR;
		};
		C68498D0149993F8009D16FB /* RestKitFrameworkTests.octest */ = {
			isa = PBXReferenceProxy;
			fileType = wrapper.cfbundle;
			path = RestKitFrameworkTests.octest;
			remoteRef = C68498CF149993F8009D16FB /* PBXContainerItemProxy */;
			sourceTree = BUILT_PRODUCTS_DIR;
		};
/* End PBXReferenceProxy section */

/* Begin PBXResourcesBuildPhase section */
		82CE434A1288F0DA00A73E9C /* Resources */ = {
			isa = PBXResourcesBuildPhase;
			buildActionMask = 2147483647;
			files = (
			);
			runOnlyForDeploymentPostprocessing = 0;
		};
/* End PBXResourcesBuildPhase section */

/* Begin PBXShellScriptBuildPhase section */
		82CE42B91288CB5300A73E9C /* ShellScript */ = {
			isa = PBXShellScriptBuildPhase;
			buildActionMask = 2147483647;
			files = (
			);
			inputPaths = (
			);
			outputPaths = (
			);
			runOnlyForDeploymentPostprocessing = 0;
			shellPath = /bin/sh;
			shellScript = "cd scripts\nsource build.sh\nexit 0";
		};
		82CE434D1288F0DA00A73E9C /* ShellScript */ = {
			isa = PBXShellScriptBuildPhase;
			buildActionMask = 2147483647;
			files = (
			);
			inputPaths = (
			);
			outputPaths = (
			);
			runOnlyForDeploymentPostprocessing = 0;
			shellPath = /bin/sh;
			shellScript = "# Run the unit tests in this test bundle.\n\"${SYSTEM_DEVELOPER_DIR}/Tools/RunUnitTests\"\n";
		};
/* End PBXShellScriptBuildPhase section */

/* Begin PBXSourcesBuildPhase section */
		82CE434B1288F0DA00A73E9C /* Sources */ = {
			isa = PBXSourcesBuildPhase;
			buildActionMask = 2147483647;
			files = (
				038CB2A314284FDA001DEAC9 /* NSMutableURLRequest+Parameters.m in Sources */,
				038CB2A214284FBE001DEAC9 /* NSString+URLEncoding.m in Sources */,
				038CB2A114284FA0001DEAC9 /* Base64Transcoder.c in Sources */,
				038CB2A014284F92001DEAC9 /* NSURL+Base.m in Sources */,
				038CB29E14284F79001DEAC9 /* OARequestParameter.m in Sources */,
				038CB29F14284F79001DEAC9 /* Reachability.m in Sources */,
				038CB29B14284F49001DEAC9 /* OAHMAC_SHA1SignatureProvider.m in Sources */,
				038CB29C14284F49001DEAC9 /* OAToken.m in Sources */,
				038CB29914284F33001DEAC9 /* OAMutableURLRequest.m in Sources */,
				038CB29A14284F33001DEAC9 /* StackMobClientData.m in Sources */,
				038CB29714284F1B001DEAC9 /* OAConsumer.m in Sources */,
				038CB29814284F1B001DEAC9 /* StackMobHerokuRequest.m in Sources */,
				038CB29514284F04001DEAC9 /* StackMobPushRequest.m in Sources */,
				038CB29314284C97001DEAC9 /* StackMob.m in Sources */,
				038CB29414284C97001DEAC9 /* StackMobRequest.m in Sources */,
				C661EE491444019C0029B331 /* NSArray+StackMob.m in Sources */,
				C661EE4C1444019C0029B331 /* NSDictionary+StackMob.m in Sources */,
				C661EE4F1444019C0029B331 /* STMRestKitConfiguration.m in Sources */,
				C661EE521444019C0029B331 /* STMRestKitDataProvider.m in Sources */,
				C661EE551444019C0029B331 /* STMRestKitObjectLoaderDelegate.m in Sources */,
				C661EE581444019C0029B331 /* STMRestKitRequest.m in Sources */,
				C661EE5B1444019C0029B331 /* STMRestKitSession.m in Sources */,
				C661EE5E1444019C0029B331 /* STMDynamicDataProvider.m in Sources */,
				C670D9B514441F8D009CC39A /* RKObjectRouter+StackMob.m in Sources */,
				C620A89E1454E31700FDCF73 /* StackMobSession.m in Sources */,
				C620A8B01454E4AC00FDCF73 /* StackMobQuery.m in Sources */,
				C620A8B11454E4D500FDCF73 /* STMRestKitObjectLoader.m in Sources */,
				C620A8B21454E4D500FDCF73 /* STMRestKitObjectManager.m in Sources */,
				C68498F5149A7EB5009D16FB /* SMFileTest.m in Sources */,
				C68498F6149A7EB5009D16FB /* StackMobLoginTest.m in Sources */,
				C68498FF149A7EC2009D16FB /* StackMobPushTests.m in Sources */,
				C6849900149A7EC2009D16FB /* StackMobQueryTests.m in Sources */,
				C6849901149A7EC2009D16FB /* StackMobTestCommon.m in Sources */,
				C6849902149A7EC2009D16FB /* StackMobTestUtils.m in Sources */,
				C6849903149A7EC2009D16FB /* RestKitProviderTests.m in Sources */,
				C6849904149A7EC2009D16FB /* UserModel.m in Sources */,
				C6849905149A7EC2009D16FB /* APIRequestTests.m in Sources */,
				C6849908149A81DD009D16FB /* StackMobBulkRequest.m in Sources */,
				C6849909149A824E009D16FB /* SMFile.m in Sources */,
				C6849915149A9A0C009D16FB /* SMGeoPoint.m in Sources */,
				C6386721149AA791003A11B1 /* NSString+StackMob.m in Sources */,
			);
			runOnlyForDeploymentPostprocessing = 0;
		};
		D2AAC07B0554694100DB518D /* Sources */ = {
			isa = PBXSourcesBuildPhase;
			buildActionMask = 2147483647;
			files = (
				038CB1E414283272001DEAC9 /* Base64Transcoder.c in Sources */,
				038CB1E714283272001DEAC9 /* NSMutableURLRequest+Parameters.m in Sources */,
				038CB1E914283272001DEAC9 /* NSString+URLEncoding.m in Sources */,
				038CB1EB14283272001DEAC9 /* NSURL+Base.m in Sources */,
				038CB1ED14283272001DEAC9 /* OAAsynchronousDataFetcher.m in Sources */,
				038CB1EF14283272001DEAC9 /* OAConsumer.m in Sources */,
				038CB1F114283272001DEAC9 /* OADataFetcher.m in Sources */,
				038CB1F314283272001DEAC9 /* OAHMAC_SHA1SignatureProvider.m in Sources */,
				038CB1F514283272001DEAC9 /* OAMutableURLRequest.m in Sources */,
				038CB1F714283272001DEAC9 /* OAPlaintextSignatureProvider.m in Sources */,
				038CB1F914283272001DEAC9 /* OARequestParameter.m in Sources */,
				038CB1FB14283272001DEAC9 /* OAServiceTicket.m in Sources */,
				038CB1FE14283272001DEAC9 /* OAToken.m in Sources */,
				038CB20114283272001DEAC9 /* Reachability.m in Sources */,
				038CB20314283272001DEAC9 /* StackMob.m in Sources */,
				038CB20714283272001DEAC9 /* StackMobClientData.m in Sources */,
				038CB20A14283272001DEAC9 /* StackMobHerokuRequest.m in Sources */,
				038CB20C14283272001DEAC9 /* StackMobPushRequest.m in Sources */,
				038CB20E14283272001DEAC9 /* StackMobRequest.m in Sources */,
				038CB21014283272001DEAC9 /* StackMobSession.m in Sources */,
				038CB21414283272001DEAC9 /* NSData+JSON.m in Sources */,
				C661EE481444019C0029B331 /* NSArray+StackMob.m in Sources */,
				C661EE4B1444019C0029B331 /* NSDictionary+StackMob.m in Sources */,
				C661EE4E1444019C0029B331 /* STMRestKitConfiguration.m in Sources */,
				C661EE511444019C0029B331 /* STMRestKitDataProvider.m in Sources */,
				C661EE541444019C0029B331 /* STMRestKitObjectLoaderDelegate.m in Sources */,
				C661EE571444019C0029B331 /* STMRestKitRequest.m in Sources */,
				C661EE5A1444019C0029B331 /* STMRestKitSession.m in Sources */,
				C661EE5D1444019C0029B331 /* STMDynamicDataProvider.m in Sources */,
				C670D9B414441F8D009CC39A /* RKObjectRouter+StackMob.m in Sources */,
				C620A8A91454E45400FDCF73 /* STMRestKitObjectLoader.m in Sources */,
				C620A8AB1454E45400FDCF73 /* STMRestKitObjectManager.m in Sources */,
				C620A8AE1454E45400FDCF73 /* StackMobQuery.m in Sources */,
				C68498BE149981BF009D16FB /* SMFile.m in Sources */,
				C68498C0149981BF009D16FB /* SMGeoPoint.m in Sources */,
				C68498C2149981BF009D16FB /* StackMobBulkRequest.m in Sources */,
				C6386720149AA791003A11B1 /* NSString+StackMob.m in Sources */,
				C63867A5149AE061003A11B1 /* StackMobConfiguration.m in Sources */,
				C63867AE149AFE36003A11B1 /* STMResponseError.m in Sources */,
				C63867B2149B062C003A11B1 /* STMObjectMappingProvider.m in Sources */,
				C63867BC149C1786003A11B1 /* STMClient.m in Sources */,
				C63867C0149C17B2003A11B1 /* STMObjectRouter.m in Sources */,
				C63867C4149C1A53003A11B1 /* STMObjectMapping.m in Sources */,
				C63867C8149C1BA0003A11B1 /* STMManagedObjectMapping.m in Sources */,
			);
			runOnlyForDeploymentPostprocessing = 0;
		};
/* End PBXSourcesBuildPhase section */

/* Begin PBXTargetDependency section */
		C684990B149A8287009D16FB /* PBXTargetDependency */ = {
			isa = PBXTargetDependency;
			name = RestKit;
			targetProxy = C684990A149A8287009D16FB /* PBXContainerItemProxy */;
		};
		C684990D149A9848009D16FB /* PBXTargetDependency */ = {
			isa = PBXTargetDependency;
			name = RestKit;
			targetProxy = C684990C149A9848009D16FB /* PBXContainerItemProxy */;
		};
/* End PBXTargetDependency section */

/* Begin XCBuildConfiguration section */
		1DEB921F08733DC00010E9CD /* Debug */ = {
			isa = XCBuildConfiguration;
			buildSettings = {
				ALWAYS_SEARCH_USER_PATHS = NO;
				ARCHS = "$(ARCHS_STANDARD_32_BIT)";
				COPY_PHASE_STRIP = NO;
				DSTROOT = /tmp/StackMobiOS.dst;
				FRAMEWORK_SEARCH_PATHS = (
					"\"$(DEVELOPER_FRAMEWORKS_DIR)\"",
					"$(inherited)",
					"\"$(SRCROOT)/build/Framework\"",
				);
				GCC_DYNAMIC_NO_PIC = NO;
				GCC_ENABLE_FIX_AND_CONTINUE = YES;
				GCC_MODEL_TUNING = G5;
				GCC_OPTIMIZATION_LEVEL = 0;
				GCC_PRECOMPILE_PREFIX_HEADER = YES;
				GCC_PREFIX_HEADER = StackMobiOS_Prefix.pch;
				GCC_TREAT_WARNINGS_AS_ERRORS = YES;
				GCC_WARN_64_TO_32_BIT_CONVERSION = YES;
				GCC_WARN_ABOUT_MISSING_FIELD_INITIALIZERS = YES;
				GCC_WARN_ABOUT_MISSING_NEWLINE = YES;
				GCC_WARN_INITIALIZER_NOT_FULLY_BRACKETED = YES;
				GCC_WARN_SHADOW = YES;
				GCC_WARN_SIGN_COMPARE = YES;
				GCC_WARN_UNDECLARED_SELECTOR = NO;
				GCC_WARN_UNUSED_FUNCTION = YES;
				GCC_WARN_UNUSED_LABEL = YES;
				HEADER_SEARCH_PATHS = (
					"$(inherited)",
					"\"$(SRCROOT)/external/libraries\"",
					"\"$(SRCROOT)/build/Framework\"",
					"\"$(SRCROOT)/StackMob/External/libraries/RestKit/Vendor/LibComponentLogging\"/**",
					"\"$(SRCROOT)/StackMob/External/libraries/RestKit/Code/Support\"",
					"\"$(SRCROOT)/StackMob/External/libraries/RestKit/Code/Network\"",
					"\"$(SRCROOT)/StackMob/External/libraries\"",
					"\"$(SRCROOT)/StackMob/External/libraries/RestKit/Code/ObjectMapping\"",
					"\"$(SRCROOT)/StackMob/External/libraries/RestKit/Code/CoreData\"",
				);
				INSTALL_PATH = /usr/local/lib;
				OTHER_LDFLAGS = "";
				PRODUCT_NAME = StackMobiOS;
				TARGETED_DEVICE_FAMILY = "1,2";
				USER_HEADER_SEARCH_PATHS = "";
			};
			name = Debug;
		};
		1DEB922008733DC00010E9CD /* Release */ = {
			isa = XCBuildConfiguration;
			buildSettings = {
				ALWAYS_SEARCH_USER_PATHS = NO;
				ARCHS = "$(ARCHS_STANDARD_32_BIT)";
				DSTROOT = /tmp/StackMobiOS.dst;
				FRAMEWORK_SEARCH_PATHS = (
					"\"$(DEVELOPER_FRAMEWORKS_DIR)\"",
					"$(inherited)",
					"\"$(SRCROOT)/build/Framework\"",
				);
				GCC_MODEL_TUNING = G5;
				GCC_PRECOMPILE_PREFIX_HEADER = YES;
				GCC_PREFIX_HEADER = StackMobiOS_Prefix.pch;
				GCC_TREAT_WARNINGS_AS_ERRORS = YES;
				GCC_WARN_64_TO_32_BIT_CONVERSION = YES;
				GCC_WARN_ABOUT_MISSING_FIELD_INITIALIZERS = YES;
				GCC_WARN_ABOUT_MISSING_NEWLINE = YES;
				GCC_WARN_INITIALIZER_NOT_FULLY_BRACKETED = YES;
				GCC_WARN_SHADOW = YES;
				GCC_WARN_SIGN_COMPARE = YES;
				GCC_WARN_UNDECLARED_SELECTOR = NO;
				GCC_WARN_UNUSED_FUNCTION = YES;
				GCC_WARN_UNUSED_LABEL = YES;
				HEADER_SEARCH_PATHS = (
					"$(inherited)",
					"\"$(SRCROOT)/external/libraries\"",
					"\"$(SRCROOT)/build/Framework\"",
					"\"$(SRCROOT)/StackMob/External/libraries/RestKit/Vendor/LibComponentLogging\"/**",
					"\"$(SRCROOT)/StackMob/External/libraries/RestKit/Code/Support\"",
					"\"$(SRCROOT)/StackMob/External/libraries/RestKit/Code/Network\"",
					"\"$(SRCROOT)/StackMob/External/libraries\"",
					"\"$(SRCROOT)/StackMob/External/libraries/RestKit/Code/ObjectMapping\"",
					"\"$(SRCROOT)/StackMob/External/libraries/RestKit/Code/CoreData\"",
				);
				INSTALL_PATH = /usr/local/lib;
				OTHER_LDFLAGS = "";
				PRODUCT_NAME = StackMobiOS;
				TARGETED_DEVICE_FAMILY = "1,2";
				USER_HEADER_SEARCH_PATHS = "";
			};
			name = Release;
		};
		1DEB922308733DC00010E9CD /* Debug */ = {
			isa = XCBuildConfiguration;
			buildSettings = {
				ARCHS = "$(ARCHS_STANDARD_32_BIT)";
				GCC_C_LANGUAGE_STANDARD = c99;
				GCC_OPTIMIZATION_LEVEL = 0;
				GCC_PREFIX_HEADER = StackMobiOS_Prefix.pch;
				GCC_WARN_ABOUT_RETURN_TYPE = YES;
				GCC_WARN_UNUSED_VARIABLE = YES;
				HEADER_SEARCH_PATHS = "";
				IPHONEOS_DEPLOYMENT_TARGET = 3.0;
				OTHER_LDFLAGS = "-ObjC";
				PREBINDING = NO;
				SDKROOT = iphoneos;
				TARGETED_DEVICE_FAMILY = "1,2";
				USER_HEADER_SEARCH_PATHS = "";
			};
			name = Debug;
		};
		1DEB922408733DC00010E9CD /* Release */ = {
			isa = XCBuildConfiguration;
			buildSettings = {
				ARCHS = "$(ARCHS_STANDARD_32_BIT)";
				GCC_C_LANGUAGE_STANDARD = c99;
				GCC_PREFIX_HEADER = StackMobiOS_Prefix.pch;
				GCC_WARN_ABOUT_RETURN_TYPE = YES;
				GCC_WARN_UNUSED_VARIABLE = YES;
				HEADER_SEARCH_PATHS = "";
				IPHONEOS_DEPLOYMENT_TARGET = 3.0;
				OTHER_LDFLAGS = "-ObjC";
				PREBINDING = NO;
				SDKROOT = iphoneos;
				TARGETED_DEVICE_FAMILY = "1,2";
				USER_HEADER_SEARCH_PATHS = "";
			};
			name = Release;
		};
		82CE42BB1288CB5300A73E9C /* Debug */ = {
			isa = XCBuildConfiguration;
			buildSettings = {
				COPY_PHASE_STRIP = NO;
				GCC_DYNAMIC_NO_PIC = NO;
				GCC_OPTIMIZATION_LEVEL = 0;
				PRODUCT_NAME = "Build Framework";
			};
			name = Debug;
		};
		82CE42BC1288CB5300A73E9C /* Release */ = {
			isa = XCBuildConfiguration;
			buildSettings = {
				COPY_PHASE_STRIP = YES;
				DEBUG_INFORMATION_FORMAT = "dwarf-with-dsym";
				GCC_ENABLE_FIX_AND_CONTINUE = NO;
				PRODUCT_NAME = "Build Framework";
				ZERO_LINK = NO;
			};
			name = Release;
		};
		82CE43511288F0DA00A73E9C /* Debug */ = {
			isa = XCBuildConfiguration;
			buildSettings = {
				ALWAYS_SEARCH_USER_PATHS = NO;
				"CODE_SIGN_IDENTITY[sdk=iphoneos*]" = "";
				COPY_PHASE_STRIP = NO;
				FRAMEWORK_SEARCH_PATHS = (
					"\"$(DEVELOPER_FRAMEWORKS_DIR)\"",
					"$(inherited)",
					"\"$(SRCROOT)/build/Framework\"",
				);
				GCC_DYNAMIC_NO_PIC = NO;
				GCC_ENABLE_FIX_AND_CONTINUE = NO;
				GCC_ENABLE_OBJC_EXCEPTIONS = YES;
				GCC_OPTIMIZATION_LEVEL = 0;
				GCC_PREFIX_HEADER = StackMobiOS_Prefix.pch;
				HEADER_SEARCH_PATHS = (
					"$(inherited)",
					"\"$(SRCROOT)/external/libraries\"",
					"\"$(SRCROOT)/build/Framework\"",
					"\"$(SRCROOT)/StackMob/External/libraries/RestKit/Vendor/LibComponentLogging\"/**",
					"\"$(SRCROOT)/StackMob/External/libraries/RestKit/Code/Support\"",
					"\"$(SRCROOT)/StackMob/External/libraries/RestKit/Code/Network\"",
					"\"$(SRCROOT)/StackMob/External/libraries\"",
					"\"$(SRCROOT)/StackMob/External/libraries/RestKit/Code/ObjectMapping\"",
					"\"$(SRCROOT)/StackMob/External/libraries/RestKit/Code/CoreData\"",
				);
				INFOPLIST_FILE = "$(TESTPLISTDIR)Tests-Info.plist";
				OTHER_LDFLAGS = (
					"-framework",
					Foundation,
					"-framework",
					SenTestingKit,
					"-framework",
					UIKit,
					"-ObjC",
				);
				PREBINDING = NO;
				PRODUCT_NAME = Tests;
				USER_HEADER_SEARCH_PATHS = "$(inherited) \"$(SRCROOT)/build/Framework\"";
				WRAPPER_EXTENSION = octest;
			};
			name = Debug;
		};
		82CE43521288F0DA00A73E9C /* Release */ = {
			isa = XCBuildConfiguration;
			buildSettings = {
				ALWAYS_SEARCH_USER_PATHS = NO;
				"CODE_SIGN_IDENTITY[sdk=iphoneos*]" = "";
				COPY_PHASE_STRIP = YES;
				DEBUG_INFORMATION_FORMAT = "dwarf-with-dsym";
				FRAMEWORK_SEARCH_PATHS = (
					"\"$(DEVELOPER_FRAMEWORKS_DIR)\"",
					"$(inherited)",
					"\"$(SRCROOT)/build/Framework\"",
				);
				GCC_ENABLE_FIX_AND_CONTINUE = NO;
				GCC_ENABLE_OBJC_EXCEPTIONS = YES;
				GCC_PREFIX_HEADER = StackMobiOS_Prefix.pch;
				HEADER_SEARCH_PATHS = (
					"$(inherited)",
					"\"$(SRCROOT)/external/libraries\"",
					"\"$(SRCROOT)/build/Framework\"",
					"\"$(SRCROOT)/StackMob/External/libraries/RestKit/Vendor/LibComponentLogging\"/**",
					"\"$(SRCROOT)/StackMob/External/libraries/RestKit/Code/Support\"",
					"\"$(SRCROOT)/StackMob/External/libraries/RestKit/Code/Network\"",
					"\"$(SRCROOT)/StackMob/External/libraries\"",
					"\"$(SRCROOT)/StackMob/External/libraries/RestKit/Code/ObjectMapping\"",
					"\"$(SRCROOT)/StackMob/External/libraries/RestKit/Code/CoreData\"",
				);
				INFOPLIST_FILE = "$(TESTPLISTDIR)Tests-Info.plist";
				OTHER_LDFLAGS = (
					"-framework",
					Foundation,
					"-framework",
					SenTestingKit,
					"-framework",
					UIKit,
					"-ObjC",
				);
				PREBINDING = NO;
				PRODUCT_NAME = Tests;
				USER_HEADER_SEARCH_PATHS = "$(inherited) \"$(SRCROOT)/build/Framework\"";
				WRAPPER_EXTENSION = octest;
				ZERO_LINK = NO;
			};
			name = Release;
		};
/* End XCBuildConfiguration section */

/* Begin XCConfigurationList section */
		1DEB921E08733DC00010E9CD /* Build configuration list for PBXNativeTarget "StackMob" */ = {
			isa = XCConfigurationList;
			buildConfigurations = (
				1DEB921F08733DC00010E9CD /* Debug */,
				1DEB922008733DC00010E9CD /* Release */,
			);
			defaultConfigurationIsVisible = 0;
			defaultConfigurationName = Release;
		};
		1DEB922208733DC00010E9CD /* Build configuration list for PBXProject "StackMobiOS" */ = {
			isa = XCConfigurationList;
			buildConfigurations = (
				1DEB922308733DC00010E9CD /* Debug */,
				1DEB922408733DC00010E9CD /* Release */,
			);
			defaultConfigurationIsVisible = 0;
			defaultConfigurationName = Release;
		};
		82CE42C11288CBA200A73E9C /* Build configuration list for PBXAggregateTarget "Build Framework" */ = {
			isa = XCConfigurationList;
			buildConfigurations = (
				82CE42BB1288CB5300A73E9C /* Debug */,
				82CE42BC1288CB5300A73E9C /* Release */,
			);
			defaultConfigurationIsVisible = 0;
			defaultConfigurationName = Release;
		};
		82CE43531288F0DA00A73E9C /* Build configuration list for PBXNativeTarget "Tests" */ = {
			isa = XCConfigurationList;
			buildConfigurations = (
				82CE43511288F0DA00A73E9C /* Debug */,
				82CE43521288F0DA00A73E9C /* Release */,
			);
			defaultConfigurationIsVisible = 0;
			defaultConfigurationName = Release;
		};
/* End XCConfigurationList section */
	};
	rootObject = 0867D690FE84028FC02AAC07 /* Project object */;
}
