// !$*UTF8*$!
{
	archiveVersion = 1;
	classes = {
	};
	objectVersion = 46;
	objects = {

/* Begin PBXBuildFile section */
		C6386756149AB3FC003A11B1 /* UserModel.m in Sources */ = {isa = PBXBuildFile; fileRef = C6386755149AB3FC003A11B1 /* UserModel.m */; };
		C6386761149AB9F7003A11B1 /* briefcase.png in Resources */ = {isa = PBXBuildFile; fileRef = C638675D149AB9F7003A11B1 /* briefcase.png */; };
		C6386762149AB9F7003A11B1 /* briefcase@2x.png in Resources */ = {isa = PBXBuildFile; fileRef = C638675E149AB9F7003A11B1 /* briefcase@2x.png */; };
		C6386763149AB9F7003A11B1 /* man.png in Resources */ = {isa = PBXBuildFile; fileRef = C638675F149AB9F7003A11B1 /* man.png */; };
		C6386764149AB9F7003A11B1 /* man@2x.png in Resources */ = {isa = PBXBuildFile; fileRef = C6386760149AB9F7003A11B1 /* man@2x.png */; };
		C638676B149ABE34003A11B1 /* CFNetwork.framework in Frameworks */ = {isa = PBXBuildFile; fileRef = C638676A149ABE34003A11B1 /* CFNetwork.framework */; };
		C638676D149ABE60003A11B1 /* CoreData.framework in Frameworks */ = {isa = PBXBuildFile; fileRef = C638676C149ABE60003A11B1 /* CoreData.framework */; };
		C638676F149ABE80003A11B1 /* Security.framework in Frameworks */ = {isa = PBXBuildFile; fileRef = C638676E149ABE80003A11B1 /* Security.framework */; };
		C6386771149ABE8E003A11B1 /* MobileCoreServices.framework in Frameworks */ = {isa = PBXBuildFile; fileRef = C6386770149ABE8D003A11B1 /* MobileCoreServices.framework */; };
		C6386773149ABE99003A11B1 /* SystemConfiguration.framework in Frameworks */ = {isa = PBXBuildFile; fileRef = C6386772149ABE99003A11B1 /* SystemConfiguration.framework */; };
		C6386776149AC7F2003A11B1 /* CompanyDetailsViewController.m in Sources */ = {isa = PBXBuildFile; fileRef = C6386775149AC7F2003A11B1 /* CompanyDetailsViewController.m */; };
		C638678D149AD0FD003A11B1 /* UserDetailsViewController.m in Sources */ = {isa = PBXBuildFile; fileRef = C6386778149AC987003A11B1 /* UserDetailsViewController.m */; };
		C638678E149AD8D9003A11B1 /* libStackMobiOS.a in Frameworks */ = {isa = PBXBuildFile; fileRef = C648B7AF1462721D0007E83E /* libStackMobiOS.a */; };
		C6386794149AD988003A11B1 /* libxml2.dylib in Frameworks */ = {isa = PBXBuildFile; fileRef = C6386793149AD988003A11B1 /* libxml2.dylib */; };
		C63867CB149C3109003A11B1 /* RoleModel.m in Sources */ = {isa = PBXBuildFile; fileRef = C63867CA149C3109003A11B1 /* RoleModel.m */; };
		C63867CE149C397A003A11B1 /* GroupModel.m in Sources */ = {isa = PBXBuildFile; fileRef = C63867CD149C3979003A11B1 /* GroupModel.m */; };
		C648B739146270580007E83E /* UIKit.framework in Frameworks */ = {isa = PBXBuildFile; fileRef = C648B738146270580007E83E /* UIKit.framework */; };
		C648B73B146270580007E83E /* Foundation.framework in Frameworks */ = {isa = PBXBuildFile; fileRef = C648B73A146270580007E83E /* Foundation.framework */; };
		C648B73D146270580007E83E /* CoreGraphics.framework in Frameworks */ = {isa = PBXBuildFile; fileRef = C648B73C146270580007E83E /* CoreGraphics.framework */; };
		C648B743146270580007E83E /* InfoPlist.strings in Resources */ = {isa = PBXBuildFile; fileRef = C648B741146270580007E83E /* InfoPlist.strings */; };
		C648B745146270580007E83E /* main.m in Sources */ = {isa = PBXBuildFile; fileRef = C648B744146270580007E83E /* main.m */; };
		C648B749146270580007E83E /* AppDelegate.m in Sources */ = {isa = PBXBuildFile; fileRef = C648B748146270580007E83E /* AppDelegate.m */; };
		C648B74C146270580007E83E /* MainStoryboard.storyboard in Resources */ = {isa = PBXBuildFile; fileRef = C648B74A146270580007E83E /* MainStoryboard.storyboard */; };
		C648B74F146270580007E83E /* UserViewController.m in Sources */ = {isa = PBXBuildFile; fileRef = C648B74E146270580007E83E /* UserViewController.m */; };
		C648B751146270580007E83E /* first.png in Resources */ = {isa = PBXBuildFile; fileRef = C648B750146270580007E83E /* first.png */; };
		C648B753146270580007E83E /* first@2x.png in Resources */ = {isa = PBXBuildFile; fileRef = C648B752146270580007E83E /* first@2x.png */; };
		C648B756146270580007E83E /* CompanyViewController.m in Sources */ = {isa = PBXBuildFile; fileRef = C648B755146270580007E83E /* CompanyViewController.m */; };
		C648B758146270580007E83E /* second.png in Resources */ = {isa = PBXBuildFile; fileRef = C648B757146270580007E83E /* second.png */; };
		C648B75A146270580007E83E /* second@2x.png in Resources */ = {isa = PBXBuildFile; fileRef = C648B759146270580007E83E /* second@2x.png */; };
		C648B762146270580007E83E /* SenTestingKit.framework in Frameworks */ = {isa = PBXBuildFile; fileRef = C648B761146270580007E83E /* SenTestingKit.framework */; };
		C648B763146270580007E83E /* UIKit.framework in Frameworks */ = {isa = PBXBuildFile; fileRef = C648B738146270580007E83E /* UIKit.framework */; };
		C648B764146270580007E83E /* Foundation.framework in Frameworks */ = {isa = PBXBuildFile; fileRef = C648B73A146270580007E83E /* Foundation.framework */; };
		C648B76C146270580007E83E /* InfoPlist.strings in Resources */ = {isa = PBXBuildFile; fileRef = C648B76A146270580007E83E /* InfoPlist.strings */; };
		C648B76F146270580007E83E /* ReskitDemoAppTests.m in Sources */ = {isa = PBXBuildFile; fileRef = C648B76E146270580007E83E /* ReskitDemoAppTests.m */; };
		C690B7AC14A02AFB0057FAE5 /* groups.png in Resources */ = {isa = PBXBuildFile; fileRef = C690B7AA14A02AFB0057FAE5 /* groups.png */; };
		C690B7AD14A02AFB0057FAE5 /* groups@2x.png in Resources */ = {isa = PBXBuildFile; fileRef = C690B7AB14A02AFB0057FAE5 /* groups@2x.png */; };
/* End PBXBuildFile section */

/* Begin PBXContainerItemProxy section */
		C6386765149ABBFE003A11B1 /* PBXContainerItemProxy */ = {
			isa = PBXContainerItemProxy;
			containerPortal = C648B79F1462721D0007E83E /* StackMobiOS.xcodeproj */;
			proxyType = 1;
			remoteGlobalIDString = D2AAC07D0554694100DB518D;
			remoteInfo = StackMob;
		};
		C648B765146270580007E83E /* PBXContainerItemProxy */ = {
			isa = PBXContainerItemProxy;
			containerPortal = C648B72B146270580007E83E /* Project object */;
			proxyType = 1;
			remoteGlobalIDString = C648B733146270580007E83E;
			remoteInfo = ReskitDemoApp;
		};
		C648B7AE1462721D0007E83E /* PBXContainerItemProxy */ = {
			isa = PBXContainerItemProxy;
			containerPortal = C648B79F1462721D0007E83E /* StackMobiOS.xcodeproj */;
			proxyType = 2;
			remoteGlobalIDString = D2AAC07E0554694100DB518D;
			remoteInfo = StackMob;
		};
		C648B7B01462721D0007E83E /* PBXContainerItemProxy */ = {
			isa = PBXContainerItemProxy;
			containerPortal = C648B79F1462721D0007E83E /* StackMobiOS.xcodeproj */;
			proxyType = 2;
			remoteGlobalIDString = 82CE434F1288F0DA00A73E9C;
			remoteInfo = Tests;
		};
/* End PBXContainerItemProxy section */

/* Begin PBXFileReference section */
		C6386754149AB3FC003A11B1 /* UserModel.h */ = {isa = PBXFileReference; fileEncoding = 4; lastKnownFileType = sourcecode.c.h; path = UserModel.h; sourceTree = "<group>"; };
		C6386755149AB3FC003A11B1 /* UserModel.m */ = {isa = PBXFileReference; fileEncoding = 4; lastKnownFileType = sourcecode.c.objc; path = UserModel.m; sourceTree = "<group>"; };
		C638675D149AB9F7003A11B1 /* briefcase.png */ = {isa = PBXFileReference; lastKnownFileType = image.png; path = briefcase.png; sourceTree = "<group>"; };
		C638675E149AB9F7003A11B1 /* briefcase@2x.png */ = {isa = PBXFileReference; lastKnownFileType = image.png; path = "briefcase@2x.png"; sourceTree = "<group>"; };
		C638675F149AB9F7003A11B1 /* man.png */ = {isa = PBXFileReference; lastKnownFileType = image.png; path = man.png; sourceTree = "<group>"; };
		C6386760149AB9F7003A11B1 /* man@2x.png */ = {isa = PBXFileReference; lastKnownFileType = image.png; path = "man@2x.png"; sourceTree = "<group>"; };
		C638676A149ABE34003A11B1 /* CFNetwork.framework */ = {isa = PBXFileReference; lastKnownFileType = wrapper.framework; name = CFNetwork.framework; path = System/Library/Frameworks/CFNetwork.framework; sourceTree = SDKROOT; };
		C638676C149ABE60003A11B1 /* CoreData.framework */ = {isa = PBXFileReference; lastKnownFileType = wrapper.framework; name = CoreData.framework; path = System/Library/Frameworks/CoreData.framework; sourceTree = SDKROOT; };
		C638676E149ABE80003A11B1 /* Security.framework */ = {isa = PBXFileReference; lastKnownFileType = wrapper.framework; name = Security.framework; path = System/Library/Frameworks/Security.framework; sourceTree = SDKROOT; };
		C6386770149ABE8D003A11B1 /* MobileCoreServices.framework */ = {isa = PBXFileReference; lastKnownFileType = wrapper.framework; name = MobileCoreServices.framework; path = System/Library/Frameworks/MobileCoreServices.framework; sourceTree = SDKROOT; };
		C6386772149ABE99003A11B1 /* SystemConfiguration.framework */ = {isa = PBXFileReference; lastKnownFileType = wrapper.framework; name = SystemConfiguration.framework; path = System/Library/Frameworks/SystemConfiguration.framework; sourceTree = SDKROOT; };
		C6386774149AC7F2003A11B1 /* CompanyDetailsViewController.h */ = {isa = PBXFileReference; fileEncoding = 4; lastKnownFileType = sourcecode.c.h; path = CompanyDetailsViewController.h; sourceTree = "<group>"; };
		C6386775149AC7F2003A11B1 /* CompanyDetailsViewController.m */ = {isa = PBXFileReference; fileEncoding = 4; lastKnownFileType = sourcecode.c.objc; path = CompanyDetailsViewController.m; sourceTree = "<group>"; };
		C6386777149AC987003A11B1 /* UserDetailsViewController.h */ = {isa = PBXFileReference; fileEncoding = 4; lastKnownFileType = sourcecode.c.h; path = UserDetailsViewController.h; sourceTree = "<group>"; };
		C6386778149AC987003A11B1 /* UserDetailsViewController.m */ = {isa = PBXFileReference; fileEncoding = 4; lastKnownFileType = sourcecode.c.objc; path = UserDetailsViewController.m; sourceTree = "<group>"; };
		C6386793149AD988003A11B1 /* libxml2.dylib */ = {isa = PBXFileReference; lastKnownFileType = "compiled.mach-o.dylib"; name = libxml2.dylib; path = usr/lib/libxml2.dylib; sourceTree = SDKROOT; };
		C63867C9149C3109003A11B1 /* RoleModel.h */ = {isa = PBXFileReference; fileEncoding = 4; lastKnownFileType = sourcecode.c.h; path = RoleModel.h; sourceTree = "<group>"; };
		C63867CA149C3109003A11B1 /* RoleModel.m */ = {isa = PBXFileReference; fileEncoding = 4; lastKnownFileType = sourcecode.c.objc; path = RoleModel.m; sourceTree = "<group>"; };
		C63867CC149C3979003A11B1 /* GroupModel.h */ = {isa = PBXFileReference; fileEncoding = 4; lastKnownFileType = sourcecode.c.h; path = GroupModel.h; sourceTree = "<group>"; };
		C63867CD149C3979003A11B1 /* GroupModel.m */ = {isa = PBXFileReference; fileEncoding = 4; lastKnownFileType = sourcecode.c.objc; path = GroupModel.m; sourceTree = "<group>"; };
		C648B734146270580007E83E /* ReskitDemoApp.app */ = {isa = PBXFileReference; explicitFileType = wrapper.application; includeInIndex = 0; path = ReskitDemoApp.app; sourceTree = BUILT_PRODUCTS_DIR; };
		C648B738146270580007E83E /* UIKit.framework */ = {isa = PBXFileReference; lastKnownFileType = wrapper.framework; name = UIKit.framework; path = System/Library/Frameworks/UIKit.framework; sourceTree = SDKROOT; };
		C648B73A146270580007E83E /* Foundation.framework */ = {isa = PBXFileReference; lastKnownFileType = wrapper.framework; name = Foundation.framework; path = System/Library/Frameworks/Foundation.framework; sourceTree = SDKROOT; };
		C648B73C146270580007E83E /* CoreGraphics.framework */ = {isa = PBXFileReference; lastKnownFileType = wrapper.framework; name = CoreGraphics.framework; path = System/Library/Frameworks/CoreGraphics.framework; sourceTree = SDKROOT; };
		C648B740146270580007E83E /* ReskitDemoApp-Info.plist */ = {isa = PBXFileReference; lastKnownFileType = text.plist.xml; path = "ReskitDemoApp-Info.plist"; sourceTree = "<group>"; };
		C648B742146270580007E83E /* en */ = {isa = PBXFileReference; lastKnownFileType = text.plist.strings; name = en; path = en.lproj/InfoPlist.strings; sourceTree = "<group>"; };
		C648B744146270580007E83E /* main.m */ = {isa = PBXFileReference; lastKnownFileType = sourcecode.c.objc; path = main.m; sourceTree = "<group>"; };
		C648B746146270580007E83E /* ReskitDemoApp-Prefix.pch */ = {isa = PBXFileReference; lastKnownFileType = sourcecode.c.h; path = "ReskitDemoApp-Prefix.pch"; sourceTree = "<group>"; };
		C648B747146270580007E83E /* AppDelegate.h */ = {isa = PBXFileReference; lastKnownFileType = sourcecode.c.h; path = AppDelegate.h; sourceTree = "<group>"; };
		C648B748146270580007E83E /* AppDelegate.m */ = {isa = PBXFileReference; lastKnownFileType = sourcecode.c.objc; path = AppDelegate.m; sourceTree = "<group>"; };
		C648B74B146270580007E83E /* en */ = {isa = PBXFileReference; lastKnownFileType = file.storyboard; name = en; path = en.lproj/MainStoryboard.storyboard; sourceTree = "<group>"; };
		C648B74D146270580007E83E /* UserViewController.h */ = {isa = PBXFileReference; lastKnownFileType = sourcecode.c.h; path = UserViewController.h; sourceTree = "<group>"; };
		C648B74E146270580007E83E /* UserViewController.m */ = {isa = PBXFileReference; lastKnownFileType = sourcecode.c.objc; path = UserViewController.m; sourceTree = "<group>"; };
		C648B750146270580007E83E /* first.png */ = {isa = PBXFileReference; lastKnownFileType = image.png; path = first.png; sourceTree = "<group>"; };
		C648B752146270580007E83E /* first@2x.png */ = {isa = PBXFileReference; lastKnownFileType = image.png; path = "first@2x.png"; sourceTree = "<group>"; };
		C648B754146270580007E83E /* CompanyViewController.h */ = {isa = PBXFileReference; lastKnownFileType = sourcecode.c.h; path = CompanyViewController.h; sourceTree = "<group>"; };
		C648B755146270580007E83E /* CompanyViewController.m */ = {isa = PBXFileReference; lastKnownFileType = sourcecode.c.objc; path = CompanyViewController.m; sourceTree = "<group>"; };
		C648B757146270580007E83E /* second.png */ = {isa = PBXFileReference; lastKnownFileType = image.png; path = second.png; sourceTree = "<group>"; };
		C648B759146270580007E83E /* second@2x.png */ = {isa = PBXFileReference; lastKnownFileType = image.png; path = "second@2x.png"; sourceTree = "<group>"; };
		C648B760146270580007E83E /* ReskitDemoAppTests.octest */ = {isa = PBXFileReference; explicitFileType = wrapper.cfbundle; includeInIndex = 0; path = ReskitDemoAppTests.octest; sourceTree = BUILT_PRODUCTS_DIR; };
		C648B761146270580007E83E /* SenTestingKit.framework */ = {isa = PBXFileReference; lastKnownFileType = wrapper.framework; name = SenTestingKit.framework; path = Library/Frameworks/SenTestingKit.framework; sourceTree = DEVELOPER_DIR; };
		C648B769146270580007E83E /* ReskitDemoAppTests-Info.plist */ = {isa = PBXFileReference; lastKnownFileType = text.plist.xml; path = "ReskitDemoAppTests-Info.plist"; sourceTree = "<group>"; };
		C648B76B146270580007E83E /* en */ = {isa = PBXFileReference; lastKnownFileType = text.plist.strings; name = en; path = en.lproj/InfoPlist.strings; sourceTree = "<group>"; };
		C648B76D146270580007E83E /* ReskitDemoAppTests.h */ = {isa = PBXFileReference; lastKnownFileType = sourcecode.c.h; path = ReskitDemoAppTests.h; sourceTree = "<group>"; };
		C648B76E146270580007E83E /* ReskitDemoAppTests.m */ = {isa = PBXFileReference; lastKnownFileType = sourcecode.c.objc; path = ReskitDemoAppTests.m; sourceTree = "<group>"; };
		C648B79F1462721D0007E83E /* StackMobiOS.xcodeproj */ = {isa = PBXFileReference; lastKnownFileType = "wrapper.pb-project"; name = StackMobiOS.xcodeproj; path = ../../StackMobiOS.xcodeproj; sourceTree = "<group>"; };
		C690B7AA14A02AFB0057FAE5 /* groups.png */ = {isa = PBXFileReference; lastKnownFileType = image.png; path = groups.png; sourceTree = "<group>"; };
		C690B7AB14A02AFB0057FAE5 /* groups@2x.png */ = {isa = PBXFileReference; lastKnownFileType = image.png; path = "groups@2x.png"; sourceTree = "<group>"; };
/* End PBXFileReference section */

/* Begin PBXFrameworksBuildPhase section */
		C648B731146270580007E83E /* Frameworks */ = {
			isa = PBXFrameworksBuildPhase;
			buildActionMask = 2147483647;
			files = (
				C6386794149AD988003A11B1 /* libxml2.dylib in Frameworks */,
				C638678E149AD8D9003A11B1 /* libStackMobiOS.a in Frameworks */,
				C6386773149ABE99003A11B1 /* SystemConfiguration.framework in Frameworks */,
				C6386771149ABE8E003A11B1 /* MobileCoreServices.framework in Frameworks */,
				C638676F149ABE80003A11B1 /* Security.framework in Frameworks */,
				C638676D149ABE60003A11B1 /* CoreData.framework in Frameworks */,
				C638676B149ABE34003A11B1 /* CFNetwork.framework in Frameworks */,
				C648B739146270580007E83E /* UIKit.framework in Frameworks */,
				C648B73B146270580007E83E /* Foundation.framework in Frameworks */,
				C648B73D146270580007E83E /* CoreGraphics.framework in Frameworks */,
			);
			runOnlyForDeploymentPostprocessing = 0;
		};
		C648B75C146270580007E83E /* Frameworks */ = {
			isa = PBXFrameworksBuildPhase;
			buildActionMask = 2147483647;
			files = (
				C648B762146270580007E83E /* SenTestingKit.framework in Frameworks */,
				C648B763146270580007E83E /* UIKit.framework in Frameworks */,
				C648B764146270580007E83E /* Foundation.framework in Frameworks */,
			);
			runOnlyForDeploymentPostprocessing = 0;
		};
/* End PBXFrameworksBuildPhase section */

/* Begin PBXGroup section */
		C638675A149AB747003A11B1 /* Controllers */ = {
			isa = PBXGroup;
			children = (
				C648B74D146270580007E83E /* UserViewController.h */,
				C648B74E146270580007E83E /* UserViewController.m */,
				C648B754146270580007E83E /* CompanyViewController.h */,
				C648B755146270580007E83E /* CompanyViewController.m */,
				C6386774149AC7F2003A11B1 /* CompanyDetailsViewController.h */,
				C6386775149AC7F2003A11B1 /* CompanyDetailsViewController.m */,
				C6386777149AC987003A11B1 /* UserDetailsViewController.h */,
				C6386778149AC987003A11B1 /* UserDetailsViewController.m */,
			);
			name = Controllers;
			sourceTree = "<group>";
		};
		C638675B149AB74F003A11B1 /* Models */ = {
			isa = PBXGroup;
			children = (
				C63867CC149C3979003A11B1 /* GroupModel.h */,
				C63867CD149C3979003A11B1 /* GroupModel.m */,
				C6386754149AB3FC003A11B1 /* UserModel.h */,
				C6386755149AB3FC003A11B1 /* UserModel.m */,
				C63867C9149C3109003A11B1 /* RoleModel.h */,
				C63867CA149C3109003A11B1 /* RoleModel.m */,
			);
			name = Models;
			sourceTree = "<group>";
		};
		C638675C149AB76A003A11B1 /* Resources */ = {
			isa = PBXGroup;
			children = (
				C690B7AA14A02AFB0057FAE5 /* groups.png */,
				C690B7AB14A02AFB0057FAE5 /* groups@2x.png */,
				C638675D149AB9F7003A11B1 /* briefcase.png */,
				C638675E149AB9F7003A11B1 /* briefcase@2x.png */,
				C638675F149AB9F7003A11B1 /* man.png */,
				C6386760149AB9F7003A11B1 /* man@2x.png */,
				C648B750146270580007E83E /* first.png */,
				C648B752146270580007E83E /* first@2x.png */,
				C648B757146270580007E83E /* second.png */,
				C648B759146270580007E83E /* second@2x.png */,
			);
			name = Resources;
			sourceTree = "<group>";
		};
		C648B729146270580007E83E = {
			isa = PBXGroup;
			children = (
				C648B73E146270580007E83E /* ReskitDemoApp */,
				C648B767146270580007E83E /* ReskitDemoAppTests */,
				C648B737146270580007E83E /* Frameworks */,
				C648B735146270580007E83E /* Products */,
			);
			sourceTree = "<group>";
		};
		C648B735146270580007E83E /* Products */ = {
			isa = PBXGroup;
			children = (
				C648B734146270580007E83E /* ReskitDemoApp.app */,
				C648B760146270580007E83E /* ReskitDemoAppTests.octest */,
			);
			name = Products;
			sourceTree = "<group>";
		};
		C648B737146270580007E83E /* Frameworks */ = {
			isa = PBXGroup;
			children = (
				C648B79F1462721D0007E83E /* StackMobiOS.xcodeproj */,
				C648B738146270580007E83E /* UIKit.framework */,
				C648B73A146270580007E83E /* Foundation.framework */,
				C648B73C146270580007E83E /* CoreGraphics.framework */,
				C638676A149ABE34003A11B1 /* CFNetwork.framework */,
				C648B761146270580007E83E /* SenTestingKit.framework */,
				C6386772149ABE99003A11B1 /* SystemConfiguration.framework */,
				C6386770149ABE8D003A11B1 /* MobileCoreServices.framework */,
				C638676E149ABE80003A11B1 /* Security.framework */,
				C638676C149ABE60003A11B1 /* CoreData.framework */,
				C6386793149AD988003A11B1 /* libxml2.dylib */,
			);
			name = Frameworks;
			sourceTree = "<group>";
		};
		C648B73E146270580007E83E /* ReskitDemoApp */ = {
			isa = PBXGroup;
			children = (
				C638675C149AB76A003A11B1 /* Resources */,
				C638675B149AB74F003A11B1 /* Models */,
				C638675A149AB747003A11B1 /* Controllers */,
				C648B73F146270580007E83E /* Supporting Files */,
				C648B747146270580007E83E /* AppDelegate.h */,
				C648B748146270580007E83E /* AppDelegate.m */,
				C648B74A146270580007E83E /* MainStoryboard.storyboard */,
			);
			path = ReskitDemoApp;
			sourceTree = "<group>";
		};
		C648B73F146270580007E83E /* Supporting Files */ = {
			isa = PBXGroup;
			children = (
				C648B740146270580007E83E /* ReskitDemoApp-Info.plist */,
				C648B741146270580007E83E /* InfoPlist.strings */,
				C648B744146270580007E83E /* main.m */,
				C648B746146270580007E83E /* ReskitDemoApp-Prefix.pch */,
			);
			name = "Supporting Files";
			sourceTree = "<group>";
		};
		C648B767146270580007E83E /* ReskitDemoAppTests */ = {
			isa = PBXGroup;
			children = (
				C648B76D146270580007E83E /* ReskitDemoAppTests.h */,
				C648B76E146270580007E83E /* ReskitDemoAppTests.m */,
				C648B768146270580007E83E /* Supporting Files */,
			);
			path = ReskitDemoAppTests;
			sourceTree = "<group>";
		};
		C648B768146270580007E83E /* Supporting Files */ = {
			isa = PBXGroup;
			children = (
				C648B769146270580007E83E /* ReskitDemoAppTests-Info.plist */,
				C648B76A146270580007E83E /* InfoPlist.strings */,
			);
			name = "Supporting Files";
			sourceTree = "<group>";
		};
		C648B7A01462721D0007E83E /* Products */ = {
			isa = PBXGroup;
			children = (
				C648B7AF1462721D0007E83E /* libStackMobiOS.a */,
				C648B7B11462721D0007E83E /* Tests.octest */,
			);
			name = Products;
			sourceTree = "<group>";
		};
/* End PBXGroup section */

/* Begin PBXNativeTarget section */
		C648B733146270580007E83E /* ReskitDemoApp */ = {
			isa = PBXNativeTarget;
			buildConfigurationList = C648B772146270580007E83E /* Build configuration list for PBXNativeTarget "ReskitDemoApp" */;
			buildPhases = (
				C648B730146270580007E83E /* Sources */,
				C648B731146270580007E83E /* Frameworks */,
				C648B732146270580007E83E /* Resources */,
			);
			buildRules = (
			);
			dependencies = (
				C6386766149ABBFE003A11B1 /* PBXTargetDependency */,
			);
			name = ReskitDemoApp;
			productName = ReskitDemoApp;
			productReference = C648B734146270580007E83E /* ReskitDemoApp.app */;
			productType = "com.apple.product-type.application";
		};
		C648B75F146270580007E83E /* ReskitDemoAppTests */ = {
			isa = PBXNativeTarget;
			buildConfigurationList = C648B775146270580007E83E /* Build configuration list for PBXNativeTarget "ReskitDemoAppTests" */;
			buildPhases = (
				C648B75B146270580007E83E /* Sources */,
				C648B75C146270580007E83E /* Frameworks */,
				C648B75D146270580007E83E /* Resources */,
				C648B75E146270580007E83E /* ShellScript */,
			);
			buildRules = (
			);
			dependencies = (
				C648B766146270580007E83E /* PBXTargetDependency */,
			);
			name = ReskitDemoAppTests;
			productName = ReskitDemoAppTests;
			productReference = C648B760146270580007E83E /* ReskitDemoAppTests.octest */;
			productType = "com.apple.product-type.bundle";
		};
/* End PBXNativeTarget section */

/* Begin PBXProject section */
		C648B72B146270580007E83E /* Project object */ = {
			isa = PBXProject;
			attributes = {
				LastUpgradeCheck = 0420;
			};
			buildConfigurationList = C648B72E146270580007E83E /* Build configuration list for PBXProject "ReskitDemoApp" */;
			compatibilityVersion = "Xcode 3.2";
			developmentRegion = English;
			hasScannedForEncodings = 0;
			knownRegions = (
				en,
			);
			mainGroup = C648B729146270580007E83E;
			productRefGroup = C648B735146270580007E83E /* Products */;
			projectDirPath = "";
			projectReferences = (
				{
					ProductGroup = C648B7A01462721D0007E83E /* Products */;
					ProjectRef = C648B79F1462721D0007E83E /* StackMobiOS.xcodeproj */;
				},
			);
			projectRoot = "";
			targets = (
				C648B733146270580007E83E /* ReskitDemoApp */,
				C648B75F146270580007E83E /* ReskitDemoAppTests */,
			);
		};
/* End PBXProject section */

/* Begin PBXReferenceProxy section */
		C648B7AF1462721D0007E83E /* libStackMobiOS.a */ = {
			isa = PBXReferenceProxy;
			fileType = archive.ar;
			path = libStackMobiOS.a;
			remoteRef = C648B7AE1462721D0007E83E /* PBXContainerItemProxy */;
			sourceTree = BUILT_PRODUCTS_DIR;
		};
		C648B7B11462721D0007E83E /* Tests.octest */ = {
			isa = PBXReferenceProxy;
			fileType = wrapper.cfbundle;
			path = Tests.octest;
			remoteRef = C648B7B01462721D0007E83E /* PBXContainerItemProxy */;
			sourceTree = BUILT_PRODUCTS_DIR;
		};
/* End PBXReferenceProxy section */

/* Begin PBXResourcesBuildPhase section */
		C648B732146270580007E83E /* Resources */ = {
			isa = PBXResourcesBuildPhase;
			buildActionMask = 2147483647;
			files = (
				C648B743146270580007E83E /* InfoPlist.strings in Resources */,
				C648B74C146270580007E83E /* MainStoryboard.storyboard in Resources */,
				C648B751146270580007E83E /* first.png in Resources */,
				C648B753146270580007E83E /* first@2x.png in Resources */,
				C648B758146270580007E83E /* second.png in Resources */,
				C648B75A146270580007E83E /* second@2x.png in Resources */,
				C6386761149AB9F7003A11B1 /* briefcase.png in Resources */,
				C6386762149AB9F7003A11B1 /* briefcase@2x.png in Resources */,
				C6386763149AB9F7003A11B1 /* man.png in Resources */,
				C6386764149AB9F7003A11B1 /* man@2x.png in Resources */,
				C690B7AC14A02AFB0057FAE5 /* groups.png in Resources */,
				C690B7AD14A02AFB0057FAE5 /* groups@2x.png in Resources */,
			);
			runOnlyForDeploymentPostprocessing = 0;
		};
		C648B75D146270580007E83E /* Resources */ = {
			isa = PBXResourcesBuildPhase;
			buildActionMask = 2147483647;
			files = (
				C648B76C146270580007E83E /* InfoPlist.strings in Resources */,
			);
			runOnlyForDeploymentPostprocessing = 0;
		};
/* End PBXResourcesBuildPhase section */

/* Begin PBXShellScriptBuildPhase section */
		C648B75E146270580007E83E /* ShellScript */ = {
			isa = PBXShellScriptBuildPhase;
			buildActionMask = 2147483647;
			files = (
			);
			inputPaths = (
			);
			outputPaths = (
			);
			runOnlyForDeploymentPostprocessing = 0;
			shellPath = /bin/sh;
			shellScript = "# Run the unit tests in this test bundle.\n\"${SYSTEM_DEVELOPER_DIR}/Tools/RunUnitTests\"\n";
		};
/* End PBXShellScriptBuildPhase section */

/* Begin PBXSourcesBuildPhase section */
		C648B730146270580007E83E /* Sources */ = {
			isa = PBXSourcesBuildPhase;
			buildActionMask = 2147483647;
			files = (
				C648B745146270580007E83E /* main.m in Sources */,
				C648B749146270580007E83E /* AppDelegate.m in Sources */,
				C648B74F146270580007E83E /* UserViewController.m in Sources */,
				C648B756146270580007E83E /* CompanyViewController.m in Sources */,
				C6386756149AB3FC003A11B1 /* UserModel.m in Sources */,
				C6386776149AC7F2003A11B1 /* CompanyDetailsViewController.m in Sources */,
				C638678D149AD0FD003A11B1 /* UserDetailsViewController.m in Sources */,
				C63867CB149C3109003A11B1 /* RoleModel.m in Sources */,
				C63867CE149C397A003A11B1 /* GroupModel.m in Sources */,
			);
			runOnlyForDeploymentPostprocessing = 0;
		};
		C648B75B146270580007E83E /* Sources */ = {
			isa = PBXSourcesBuildPhase;
			buildActionMask = 2147483647;
			files = (
				C648B76F146270580007E83E /* ReskitDemoAppTests.m in Sources */,
			);
			runOnlyForDeploymentPostprocessing = 0;
		};
/* End PBXSourcesBuildPhase section */

/* Begin PBXTargetDependency section */
		C6386766149ABBFE003A11B1 /* PBXTargetDependency */ = {
			isa = PBXTargetDependency;
			name = StackMob;
			targetProxy = C6386765149ABBFE003A11B1 /* PBXContainerItemProxy */;
		};
		C648B766146270580007E83E /* PBXTargetDependency */ = {
			isa = PBXTargetDependency;
			target = C648B733146270580007E83E /* ReskitDemoApp */;
			targetProxy = C648B765146270580007E83E /* PBXContainerItemProxy */;
		};
/* End PBXTargetDependency section */

/* Begin PBXVariantGroup section */
		C648B741146270580007E83E /* InfoPlist.strings */ = {
			isa = PBXVariantGroup;
			children = (
				C648B742146270580007E83E /* en */,
			);
			name = InfoPlist.strings;
			sourceTree = "<group>";
		};
		C648B74A146270580007E83E /* MainStoryboard.storyboard */ = {
			isa = PBXVariantGroup;
			children = (
				C648B74B146270580007E83E /* en */,
			);
			name = MainStoryboard.storyboard;
			sourceTree = "<group>";
		};
		C648B76A146270580007E83E /* InfoPlist.strings */ = {
			isa = PBXVariantGroup;
			children = (
				C648B76B146270580007E83E /* en */,
			);
			name = InfoPlist.strings;
			sourceTree = "<group>";
		};
/* End PBXVariantGroup section */

/* Begin XCBuildConfiguration section */
		C648B770146270580007E83E /* Debug */ = {
			isa = XCBuildConfiguration;
			buildSettings = {
				ALWAYS_SEARCH_USER_PATHS = NO;
				ARCHS = "$(ARCHS_STANDARD_32_BIT)";
				CLANG_ENABLE_OBJC_ARC = YES;
				"CODE_SIGN_IDENTITY[sdk=iphoneos*]" = "iPhone Developer";
				COPY_PHASE_STRIP = NO;
				GCC_C_LANGUAGE_STANDARD = gnu99;
				GCC_DYNAMIC_NO_PIC = NO;
				GCC_OPTIMIZATION_LEVEL = 0;
				GCC_PREPROCESSOR_DEFINITIONS = (
					"DEBUG=1",
					"$(inherited)",
				);
				GCC_SYMBOLS_PRIVATE_EXTERN = NO;
				GCC_VERSION = com.apple.compilers.llvm.clang.1_0;
				GCC_WARN_ABOUT_MISSING_PROTOTYPES = YES;
				GCC_WARN_ABOUT_RETURN_TYPE = YES;
				GCC_WARN_UNUSED_VARIABLE = YES;
				IPHONEOS_DEPLOYMENT_TARGET = 5.0;
				OTHER_LDFLAGS = "-ObjC";
				SDKROOT = iphoneos;
			};
			name = Debug;
		};
		C648B771146270580007E83E /* Release */ = {
			isa = XCBuildConfiguration;
			buildSettings = {
				ALWAYS_SEARCH_USER_PATHS = NO;
				ARCHS = "$(ARCHS_STANDARD_32_BIT)";
				CLANG_ENABLE_OBJC_ARC = YES;
				"CODE_SIGN_IDENTITY[sdk=iphoneos*]" = "iPhone Developer";
				COPY_PHASE_STRIP = YES;
				GCC_C_LANGUAGE_STANDARD = gnu99;
				GCC_VERSION = com.apple.compilers.llvm.clang.1_0;
				GCC_WARN_ABOUT_MISSING_PROTOTYPES = YES;
				GCC_WARN_ABOUT_RETURN_TYPE = YES;
				GCC_WARN_UNUSED_VARIABLE = YES;
				IPHONEOS_DEPLOYMENT_TARGET = 5.0;
				OTHER_CFLAGS = "-DNS_BLOCK_ASSERTIONS=1";
				OTHER_LDFLAGS = "-ObjC";
				SDKROOT = iphoneos;
				VALIDATE_PRODUCT = YES;
			};
			name = Release;
		};
		C648B773146270580007E83E /* Debug */ = {
			isa = XCBuildConfiguration;
			buildSettings = {
				GCC_PRECOMPILE_PREFIX_HEADER = YES;
				GCC_PREFIX_HEADER = "ReskitDemoApp/ReskitDemoApp-Prefix.pch";
				HEADER_SEARCH_PATHS = (
					"$(inherit)",
					"\"$(SRCROOT)/../../\"",
					"\"$(SRCROOT)/../../StackMob/External/libraries/RestKit/Vendor\"/**",
				);
				INFOPLIST_FILE = "ReskitDemoApp/$(TEST_PLIST_DIR)ReskitDemoApp-Info.plist";
				OTHER_LDFLAGS = "-ObjC";
				PRODUCT_NAME = "$(TARGET_NAME)";
				WRAPPER_EXTENSION = app;
			};
			name = Debug;
		};
		C648B774146270580007E83E /* Release */ = {
			isa = XCBuildConfiguration;
			buildSettings = {
				GCC_PRECOMPILE_PREFIX_HEADER = YES;
				GCC_PREFIX_HEADER = "ReskitDemoApp/ReskitDemoApp-Prefix.pch";
				HEADER_SEARCH_PATHS = (
					"$(inherit)",
					"\"$(SRCROOT)/../../\"",
					"\"$(SRCROOT)/../../StackMob/External/libraries/RestKit/Vendor\"/**",
				);
				INFOPLIST_FILE = "ReskitDemoApp/$(TEST_PLIST_DIR)ReskitDemoApp-Info.plist";
				OTHER_LDFLAGS = "-ObjC";
				PRODUCT_NAME = "$(TARGET_NAME)";
				WRAPPER_EXTENSION = app;
			};
			name = Release;
		};
		C648B776146270580007E83E /* Debug */ = {
			isa = XCBuildConfiguration;
			buildSettings = {
				BUNDLE_LOADER = "$(BUILT_PRODUCTS_DIR)/ReskitDemoApp.app/ReskitDemoApp";
				FRAMEWORK_SEARCH_PATHS = (
					"$(SDKROOT)/Developer/Library/Frameworks",
					"$(DEVELOPER_LIBRARY_DIR)/Frameworks",
				);
				GCC_PRECOMPILE_PREFIX_HEADER = YES;
				GCC_PREFIX_HEADER = "ReskitDemoApp/ReskitDemoApp-Prefix.pch";
				INFOPLIST_FILE = "ReskitDemoAppTests/ReskitDemoAppTests-Info.plist";
				PRODUCT_NAME = "$(TARGET_NAME)";
				TEST_HOST = "$(BUNDLE_LOADER)";
				WRAPPER_EXTENSION = octest;
			};
			name = Debug;
		};
		C648B777146270580007E83E /* Release */ = {
			isa = XCBuildConfiguration;
			buildSettings = {
				BUNDLE_LOADER = "$(BUILT_PRODUCTS_DIR)/ReskitDemoApp.app/ReskitDemoApp";
				FRAMEWORK_SEARCH_PATHS = (
					"$(SDKROOT)/Developer/Library/Frameworks",
					"$(DEVELOPER_LIBRARY_DIR)/Frameworks",
				);
				GCC_PRECOMPILE_PREFIX_HEADER = YES;
				GCC_PREFIX_HEADER = "ReskitDemoApp/ReskitDemoApp-Prefix.pch";
				INFOPLIST_FILE = "ReskitDemoAppTests/ReskitDemoAppTests-Info.plist";
				PRODUCT_NAME = "$(TARGET_NAME)";
				TEST_HOST = "$(BUNDLE_LOADER)";
				WRAPPER_EXTENSION = octest;
			};
			name = Release;
		};
/* End XCBuildConfiguration section */

/* Begin XCConfigurationList section */
		C648B72E146270580007E83E /* Build configuration list for PBXProject "ReskitDemoApp" */ = {
			isa = XCConfigurationList;
			buildConfigurations = (
				C648B770146270580007E83E /* Debug */,
				C648B771146270580007E83E /* Release */,
			);
			defaultConfigurationIsVisible = 0;
			defaultConfigurationName = Release;
		};
		C648B772146270580007E83E /* Build configuration list for PBXNativeTarget "ReskitDemoApp" */ = {
			isa = XCConfigurationList;
			buildConfigurations = (
				C648B773146270580007E83E /* Debug */,
				C648B774146270580007E83E /* Release */,
			);
			defaultConfigurationIsVisible = 0;
			defaultConfigurationName = Release;
		};
		C648B775146270580007E83E /* Build configuration list for PBXNativeTarget "ReskitDemoAppTests" */ = {
			isa = XCConfigurationList;
			buildConfigurations = (
				C648B776146270580007E83E /* Debug */,
				C648B777146270580007E83E /* Release */,
			);
			defaultConfigurationIsVisible = 0;
			defaultConfigurationName = Release;
		};
/* End XCConfigurationList section */
	};
	rootObject = C648B72B146270580007E83E /* Project object */;
}
