// !$*UTF8*$!
{
	archiveVersion = 1;
	classes = {
	};
	objectVersion = 46;
	objects = {

/* Begin PBXBuildFile section */
		0393E2AC1409D87B00D643AA /* UIKit.framework in Frameworks */ = {isa = PBXBuildFile; fileRef = 0393E2AB1409D87B00D643AA /* UIKit.framework */; };
		0393E2AE1409D87B00D643AA /* Foundation.framework in Frameworks */ = {isa = PBXBuildFile; fileRef = 0393E2AD1409D87B00D643AA /* Foundation.framework */; };
		0393E2B01409D87B00D643AA /* CoreData.framework in Frameworks */ = {isa = PBXBuildFile; fileRef = 0393E2AF1409D87B00D643AA /* CoreData.framework */; };
		0393E2B61409D87B00D643AA /* InfoPlist.strings in Resources */ = {isa = PBXBuildFile; fileRef = 0393E2B41409D87B00D643AA /* InfoPlist.strings */; };
		0393E2B81409D87B00D643AA /* main.m in Sources */ = {isa = PBXBuildFile; fileRef = 0393E2B71409D87B00D643AA /* main.m */; };
		0393E2BC1409D87B00D643AA /* AppDelegate.m in Sources */ = {isa = PBXBuildFile; fileRef = 0393E2BB1409D87B00D643AA /* AppDelegate.m */; };
		0393E2BF1409D87B00D643AA /* DemoApp.xcdatamodeld in Sources */ = {isa = PBXBuildFile; fileRef = 0393E2BD1409D87B00D643AA /* DemoApp.xcdatamodeld */; };
		0393E2C21409D87B00D643AA /* MainViewController.m in Sources */ = {isa = PBXBuildFile; fileRef = 0393E2C11409D87B00D643AA /* MainViewController.m */; };
		0393E2C51409D87B00D643AA /* FlipsideViewController.m in Sources */ = {isa = PBXBuildFile; fileRef = 0393E2C41409D87B00D643AA /* FlipsideViewController.m */; };
		0393E2C81409D87B00D643AA /* MainViewController.xib in Resources */ = {isa = PBXBuildFile; fileRef = 0393E2C61409D87B00D643AA /* MainViewController.xib */; };
		0393E2CB1409D87B00D643AA /* FlipsideViewController.xib in Resources */ = {isa = PBXBuildFile; fileRef = 0393E2C91409D87B00D643AA /* FlipsideViewController.xib */; };
		0393E3021409E35E00D643AA /* CFNetwork.framework in Frameworks */ = {isa = PBXBuildFile; fileRef = 0393E3011409E35E00D643AA /* CFNetwork.framework */; };
		0393E3041409E36300D643AA /* CoreLocation.framework in Frameworks */ = {isa = PBXBuildFile; fileRef = 0393E3031409E36300D643AA /* CoreLocation.framework */; };
		0393E3061409E36A00D643AA /* SystemConfiguration.framework in Frameworks */ = {isa = PBXBuildFile; fileRef = 0393E3051409E36A00D643AA /* SystemConfiguration.framework */; };
		03DD8473142AE55E000F2318 /* JSONKit.m in Sources */ = {isa = PBXBuildFile; fileRef = 03DD843B142AE55E000F2318 /* JSONKit.m */; };
		03DD8474142AE55E000F2318 /* YAJLIOS.framework in Frameworks */ = {isa = PBXBuildFile; fileRef = 03DD843D142AE55E000F2318 /* YAJLIOS.framework */; };
		03DD8475142AE55E000F2318 /* Base64Transcoder.c in Sources */ = {isa = PBXBuildFile; fileRef = 03DD8440142AE55E000F2318 /* Base64Transcoder.c */; };
		03DD8476142AE55E000F2318 /* NSMutableURLRequest+Parameters.m in Sources */ = {isa = PBXBuildFile; fileRef = 03DD8443142AE55E000F2318 /* NSMutableURLRequest+Parameters.m */; };
		03DD8477142AE55E000F2318 /* NSString+URLEncoding.m in Sources */ = {isa = PBXBuildFile; fileRef = 03DD8445142AE55E000F2318 /* NSString+URLEncoding.m */; };
		03DD8478142AE55E000F2318 /* NSURL+Base.m in Sources */ = {isa = PBXBuildFile; fileRef = 03DD8447142AE55E000F2318 /* NSURL+Base.m */; };
		03DD8479142AE55E000F2318 /* OAAsynchronousDataFetcher.m in Sources */ = {isa = PBXBuildFile; fileRef = 03DD8449142AE55E000F2318 /* OAAsynchronousDataFetcher.m */; };
		03DD847A142AE55E000F2318 /* OAConsumer.m in Sources */ = {isa = PBXBuildFile; fileRef = 03DD844B142AE55E000F2318 /* OAConsumer.m */; };
		03DD847B142AE55E000F2318 /* OADataFetcher.m in Sources */ = {isa = PBXBuildFile; fileRef = 03DD844D142AE55E000F2318 /* OADataFetcher.m */; };
		03DD847C142AE55E000F2318 /* OAHMAC_SHA1SignatureProvider.m in Sources */ = {isa = PBXBuildFile; fileRef = 03DD844F142AE55E000F2318 /* OAHMAC_SHA1SignatureProvider.m */; };
		03DD847D142AE55E000F2318 /* OAMutableURLRequest.m in Sources */ = {isa = PBXBuildFile; fileRef = 03DD8451142AE55E000F2318 /* OAMutableURLRequest.m */; };
		03DD847E142AE55E000F2318 /* OAPlaintextSignatureProvider.m in Sources */ = {isa = PBXBuildFile; fileRef = 03DD8453142AE55E000F2318 /* OAPlaintextSignatureProvider.m */; };
		03DD847F142AE55E000F2318 /* OARequestParameter.m in Sources */ = {isa = PBXBuildFile; fileRef = 03DD8455142AE55E000F2318 /* OARequestParameter.m */; };
		03DD8480142AE55E000F2318 /* OAServiceTicket.m in Sources */ = {isa = PBXBuildFile; fileRef = 03DD8457142AE55E000F2318 /* OAServiceTicket.m */; };
		03DD8481142AE55E000F2318 /* OAToken.m in Sources */ = {isa = PBXBuildFile; fileRef = 03DD845A142AE55E000F2318 /* OAToken.m */; };
		03DD8482142AE55E000F2318 /* Reachability.m in Sources */ = {isa = PBXBuildFile; fileRef = 03DD845E142AE55E000F2318 /* Reachability.m */; };
		03DD8483142AE55E000F2318 /* StackMob.m in Sources */ = {isa = PBXBuildFile; fileRef = 03DD8460142AE55E000F2318 /* StackMob.m */; };
		03DD8484142AE55E000F2318 /* StackMobAdditions.m in Sources */ = {isa = PBXBuildFile; fileRef = 03DD8462142AE55E000F2318 /* StackMobAdditions.m */; };
		03DD8485142AE55E000F2318 /* StackMobClientData.m in Sources */ = {isa = PBXBuildFile; fileRef = 03DD8464142AE55E000F2318 /* StackMobClientData.m */; };
		03DD8486142AE55E000F2318 /* StackMobHerokuRequest.m in Sources */ = {isa = PBXBuildFile; fileRef = 03DD8467142AE55E000F2318 /* StackMobHerokuRequest.m */; };
		03DD8487142AE55E000F2318 /* StackMobPushRequest.m in Sources */ = {isa = PBXBuildFile; fileRef = 03DD8469142AE55E000F2318 /* StackMobPushRequest.m */; };
		03DD8488142AE55E000F2318 /* StackMobRequest.m in Sources */ = {isa = PBXBuildFile; fileRef = 03DD846B142AE55E000F2318 /* StackMobRequest.m */; };
		03DD8489142AE55E000F2318 /* StackMobSession.m in Sources */ = {isa = PBXBuildFile; fileRef = 03DD846D142AE55E000F2318 /* StackMobSession.m */; };
		03DD848A142AE55E000F2318 /* NSData+Base64.m in Sources */ = {isa = PBXBuildFile; fileRef = 03DD8470142AE55E000F2318 /* NSData+Base64.m */; };
		03DD848B142AE55E000F2318 /* NSData+JSON.m in Sources */ = {isa = PBXBuildFile; fileRef = 03DD8472142AE55E000F2318 /* NSData+JSON.m */; };
		C63FB3751497FC8A007961C1 /* SMFile.m in Sources */ = {isa = PBXBuildFile; fileRef = C63FB3741497FC8A007961C1 /* SMFile.m */; };
		C63FB3791497FCAA007961C1 /* StackMobBulkRequest.m in Sources */ = {isa = PBXBuildFile; fileRef = C63FB3781497FCAA007961C1 /* StackMobBulkRequest.m */; };
/* End PBXBuildFile section */

/* Begin PBXFileReference section */
		0393E2A71409D87B00D643AA /* DemoApp.app */ = {isa = PBXFileReference; explicitFileType = wrapper.application; includeInIndex = 0; path = DemoApp.app; sourceTree = BUILT_PRODUCTS_DIR; };
		0393E2AB1409D87B00D643AA /* UIKit.framework */ = {isa = PBXFileReference; lastKnownFileType = wrapper.framework; name = UIKit.framework; path = System/Library/Frameworks/UIKit.framework; sourceTree = SDKROOT; };
		0393E2AD1409D87B00D643AA /* Foundation.framework */ = {isa = PBXFileReference; lastKnownFileType = wrapper.framework; name = Foundation.framework; path = System/Library/Frameworks/Foundation.framework; sourceTree = SDKROOT; };
		0393E2AF1409D87B00D643AA /* CoreData.framework */ = {isa = PBXFileReference; lastKnownFileType = wrapper.framework; name = CoreData.framework; path = System/Library/Frameworks/CoreData.framework; sourceTree = SDKROOT; };
		0393E2B31409D87B00D643AA /* DemoApp-Info.plist */ = {isa = PBXFileReference; lastKnownFileType = text.plist.xml; path = "DemoApp-Info.plist"; sourceTree = "<group>"; };
		0393E2B51409D87B00D643AA /* en */ = {isa = PBXFileReference; lastKnownFileType = text.plist.strings; name = en; path = en.lproj/InfoPlist.strings; sourceTree = "<group>"; };
		0393E2B71409D87B00D643AA /* main.m */ = {isa = PBXFileReference; lastKnownFileType = sourcecode.c.objc; path = main.m; sourceTree = "<group>"; };
		0393E2B91409D87B00D643AA /* DemoApp-Prefix.pch */ = {isa = PBXFileReference; lastKnownFileType = sourcecode.c.h; path = "DemoApp-Prefix.pch"; sourceTree = "<group>"; };
		0393E2BA1409D87B00D643AA /* AppDelegate.h */ = {isa = PBXFileReference; lastKnownFileType = sourcecode.c.h; path = AppDelegate.h; sourceTree = "<group>"; };
		0393E2BB1409D87B00D643AA /* AppDelegate.m */ = {isa = PBXFileReference; lastKnownFileType = sourcecode.c.objc; path = AppDelegate.m; sourceTree = "<group>"; };
		0393E2BE1409D87B00D643AA /* DemoApp.xcdatamodel */ = {isa = PBXFileReference; lastKnownFileType = wrapper.xcdatamodel; path = DemoApp.xcdatamodel; sourceTree = "<group>"; };
		0393E2C01409D87B00D643AA /* MainViewController.h */ = {isa = PBXFileReference; lastKnownFileType = sourcecode.c.h; path = MainViewController.h; sourceTree = "<group>"; };
		0393E2C11409D87B00D643AA /* MainViewController.m */ = {isa = PBXFileReference; lastKnownFileType = sourcecode.c.objc; path = MainViewController.m; sourceTree = "<group>"; };
		0393E2C31409D87B00D643AA /* FlipsideViewController.h */ = {isa = PBXFileReference; lastKnownFileType = sourcecode.c.h; path = FlipsideViewController.h; sourceTree = "<group>"; };
		0393E2C41409D87B00D643AA /* FlipsideViewController.m */ = {isa = PBXFileReference; lastKnownFileType = sourcecode.c.objc; path = FlipsideViewController.m; sourceTree = "<group>"; };
		0393E2C71409D87B00D643AA /* en */ = {isa = PBXFileReference; lastKnownFileType = file.xib; name = en; path = en.lproj/MainViewController.xib; sourceTree = "<group>"; };
		0393E2CA1409D87B00D643AA /* en */ = {isa = PBXFileReference; lastKnownFileType = file.xib; name = en; path = en.lproj/FlipsideViewController.xib; sourceTree = "<group>"; };
		0393E3011409E35E00D643AA /* CFNetwork.framework */ = {isa = PBXFileReference; lastKnownFileType = wrapper.framework; name = CFNetwork.framework; path = System/Library/Frameworks/CFNetwork.framework; sourceTree = SDKROOT; };
		0393E3031409E36300D643AA /* CoreLocation.framework */ = {isa = PBXFileReference; lastKnownFileType = wrapper.framework; name = CoreLocation.framework; path = System/Library/Frameworks/CoreLocation.framework; sourceTree = SDKROOT; };
		0393E3051409E36A00D643AA /* SystemConfiguration.framework */ = {isa = PBXFileReference; lastKnownFileType = wrapper.framework; name = SystemConfiguration.framework; path = System/Library/Frameworks/SystemConfiguration.framework; sourceTree = SDKROOT; };
		03DD843A142AE55E000F2318 /* JSONKit.h */ = {isa = PBXFileReference; fileEncoding = 4; lastKnownFileType = sourcecode.c.h; path = JSONKit.h; sourceTree = "<group>"; };
		03DD843B142AE55E000F2318 /* JSONKit.m */ = {isa = PBXFileReference; fileEncoding = 4; lastKnownFileType = sourcecode.c.objc; path = JSONKit.m; sourceTree = "<group>"; };
		03DD843D142AE55E000F2318 /* YAJLIOS.framework */ = {isa = PBXFileReference; lastKnownFileType = wrapper.framework; path = YAJLIOS.framework; sourceTree = "<group>"; };
		03DD8440142AE55E000F2318 /* Base64Transcoder.c */ = {isa = PBXFileReference; fileEncoding = 4; lastKnownFileType = sourcecode.c.c; path = Base64Transcoder.c; sourceTree = "<group>"; };
		03DD8441142AE55E000F2318 /* Base64Transcoder.h */ = {isa = PBXFileReference; fileEncoding = 4; lastKnownFileType = sourcecode.c.h; path = Base64Transcoder.h; sourceTree = "<group>"; };
		03DD8442142AE55E000F2318 /* NSMutableURLRequest+Parameters.h */ = {isa = PBXFileReference; fileEncoding = 4; lastKnownFileType = sourcecode.c.h; path = "NSMutableURLRequest+Parameters.h"; sourceTree = "<group>"; };
		03DD8443142AE55E000F2318 /* NSMutableURLRequest+Parameters.m */ = {isa = PBXFileReference; fileEncoding = 4; lastKnownFileType = sourcecode.c.objc; path = "NSMutableURLRequest+Parameters.m"; sourceTree = "<group>"; };
		03DD8444142AE55E000F2318 /* NSString+URLEncoding.h */ = {isa = PBXFileReference; fileEncoding = 4; lastKnownFileType = sourcecode.c.h; path = "NSString+URLEncoding.h"; sourceTree = "<group>"; };
		03DD8445142AE55E000F2318 /* NSString+URLEncoding.m */ = {isa = PBXFileReference; fileEncoding = 4; lastKnownFileType = sourcecode.c.objc; path = "NSString+URLEncoding.m"; sourceTree = "<group>"; };
		03DD8446142AE55E000F2318 /* NSURL+Base.h */ = {isa = PBXFileReference; fileEncoding = 4; lastKnownFileType = sourcecode.c.h; path = "NSURL+Base.h"; sourceTree = "<group>"; };
		03DD8447142AE55E000F2318 /* NSURL+Base.m */ = {isa = PBXFileReference; fileEncoding = 4; lastKnownFileType = sourcecode.c.objc; path = "NSURL+Base.m"; sourceTree = "<group>"; };
		03DD8448142AE55E000F2318 /* OAAsynchronousDataFetcher.h */ = {isa = PBXFileReference; fileEncoding = 4; lastKnownFileType = sourcecode.c.h; path = OAAsynchronousDataFetcher.h; sourceTree = "<group>"; };
		03DD8449142AE55E000F2318 /* OAAsynchronousDataFetcher.m */ = {isa = PBXFileReference; fileEncoding = 4; lastKnownFileType = sourcecode.c.objc; path = OAAsynchronousDataFetcher.m; sourceTree = "<group>"; };
		03DD844A142AE55E000F2318 /* OAConsumer.h */ = {isa = PBXFileReference; fileEncoding = 4; lastKnownFileType = sourcecode.c.h; path = OAConsumer.h; sourceTree = "<group>"; };
		03DD844B142AE55E000F2318 /* OAConsumer.m */ = {isa = PBXFileReference; fileEncoding = 4; lastKnownFileType = sourcecode.c.objc; path = OAConsumer.m; sourceTree = "<group>"; };
		03DD844C142AE55E000F2318 /* OADataFetcher.h */ = {isa = PBXFileReference; fileEncoding = 4; lastKnownFileType = sourcecode.c.h; path = OADataFetcher.h; sourceTree = "<group>"; };
		03DD844D142AE55E000F2318 /* OADataFetcher.m */ = {isa = PBXFileReference; fileEncoding = 4; lastKnownFileType = sourcecode.c.objc; path = OADataFetcher.m; sourceTree = "<group>"; };
		03DD844E142AE55E000F2318 /* OAHMAC_SHA1SignatureProvider.h */ = {isa = PBXFileReference; fileEncoding = 4; lastKnownFileType = sourcecode.c.h; path = OAHMAC_SHA1SignatureProvider.h; sourceTree = "<group>"; };
		03DD844F142AE55E000F2318 /* OAHMAC_SHA1SignatureProvider.m */ = {isa = PBXFileReference; fileEncoding = 4; lastKnownFileType = sourcecode.c.objc; path = OAHMAC_SHA1SignatureProvider.m; sourceTree = "<group>"; };
		03DD8450142AE55E000F2318 /* OAMutableURLRequest.h */ = {isa = PBXFileReference; fileEncoding = 4; lastKnownFileType = sourcecode.c.h; path = OAMutableURLRequest.h; sourceTree = "<group>"; };
		03DD8451142AE55E000F2318 /* OAMutableURLRequest.m */ = {isa = PBXFileReference; fileEncoding = 4; lastKnownFileType = sourcecode.c.objc; path = OAMutableURLRequest.m; sourceTree = "<group>"; };
		03DD8452142AE55E000F2318 /* OAPlaintextSignatureProvider.h */ = {isa = PBXFileReference; fileEncoding = 4; lastKnownFileType = sourcecode.c.h; path = OAPlaintextSignatureProvider.h; sourceTree = "<group>"; };
		03DD8453142AE55E000F2318 /* OAPlaintextSignatureProvider.m */ = {isa = PBXFileReference; fileEncoding = 4; lastKnownFileType = sourcecode.c.objc; path = OAPlaintextSignatureProvider.m; sourceTree = "<group>"; };
		03DD8454142AE55E000F2318 /* OARequestParameter.h */ = {isa = PBXFileReference; fileEncoding = 4; lastKnownFileType = sourcecode.c.h; path = OARequestParameter.h; sourceTree = "<group>"; };
		03DD8455142AE55E000F2318 /* OARequestParameter.m */ = {isa = PBXFileReference; fileEncoding = 4; lastKnownFileType = sourcecode.c.objc; path = OARequestParameter.m; sourceTree = "<group>"; };
		03DD8456142AE55E000F2318 /* OAServiceTicket.h */ = {isa = PBXFileReference; fileEncoding = 4; lastKnownFileType = sourcecode.c.h; path = OAServiceTicket.h; sourceTree = "<group>"; };
		03DD8457142AE55E000F2318 /* OAServiceTicket.m */ = {isa = PBXFileReference; fileEncoding = 4; lastKnownFileType = sourcecode.c.objc; path = OAServiceTicket.m; sourceTree = "<group>"; };
		03DD8458142AE55E000F2318 /* OASignatureProviding.h */ = {isa = PBXFileReference; fileEncoding = 4; lastKnownFileType = sourcecode.c.h; path = OASignatureProviding.h; sourceTree = "<group>"; };
		03DD8459142AE55E000F2318 /* OAToken.h */ = {isa = PBXFileReference; fileEncoding = 4; lastKnownFileType = sourcecode.c.h; path = OAToken.h; sourceTree = "<group>"; };
		03DD845A142AE55E000F2318 /* OAToken.m */ = {isa = PBXFileReference; fileEncoding = 4; lastKnownFileType = sourcecode.c.objc; path = OAToken.m; sourceTree = "<group>"; };
		03DD845B142AE55E000F2318 /* OAuthConsumer.h */ = {isa = PBXFileReference; fileEncoding = 4; lastKnownFileType = sourcecode.c.h; path = OAuthConsumer.h; sourceTree = "<group>"; };
		03DD845D142AE55E000F2318 /* Reachability.h */ = {isa = PBXFileReference; fileEncoding = 4; lastKnownFileType = sourcecode.c.h; path = Reachability.h; sourceTree = "<group>"; };
		03DD845E142AE55E000F2318 /* Reachability.m */ = {isa = PBXFileReference; fileEncoding = 4; lastKnownFileType = sourcecode.c.objc; path = Reachability.m; sourceTree = "<group>"; };
		03DD845F142AE55E000F2318 /* StackMob.h */ = {isa = PBXFileReference; fileEncoding = 4; lastKnownFileType = sourcecode.c.h; path = StackMob.h; sourceTree = "<group>"; };
		03DD8460142AE55E000F2318 /* StackMob.m */ = {isa = PBXFileReference; fileEncoding = 4; lastKnownFileType = sourcecode.c.objc; path = StackMob.m; sourceTree = "<group>"; };
		03DD8461142AE55E000F2318 /* StackMobAdditions.h */ = {isa = PBXFileReference; fileEncoding = 4; lastKnownFileType = sourcecode.c.h; path = StackMobAdditions.h; sourceTree = "<group>"; };
		03DD8462142AE55E000F2318 /* StackMobAdditions.m */ = {isa = PBXFileReference; fileEncoding = 4; lastKnownFileType = sourcecode.c.objc; path = StackMobAdditions.m; sourceTree = "<group>"; };
		03DD8463142AE55E000F2318 /* StackMobClientData.h */ = {isa = PBXFileReference; fileEncoding = 4; lastKnownFileType = sourcecode.c.h; path = StackMobClientData.h; sourceTree = "<group>"; };
		03DD8464142AE55E000F2318 /* StackMobClientData.m */ = {isa = PBXFileReference; fileEncoding = 4; lastKnownFileType = sourcecode.c.objc; path = StackMobClientData.m; sourceTree = "<group>"; };
		03DD8465142AE55E000F2318 /* StackMobConfiguration.h */ = {isa = PBXFileReference; fileEncoding = 4; lastKnownFileType = sourcecode.c.h; path = StackMobConfiguration.h; sourceTree = "<group>"; };
		03DD8466142AE55E000F2318 /* StackMobHerokuRequest.h */ = {isa = PBXFileReference; fileEncoding = 4; lastKnownFileType = sourcecode.c.h; path = StackMobHerokuRequest.h; sourceTree = "<group>"; };
		03DD8467142AE55E000F2318 /* StackMobHerokuRequest.m */ = {isa = PBXFileReference; fileEncoding = 4; lastKnownFileType = sourcecode.c.objc; path = StackMobHerokuRequest.m; sourceTree = "<group>"; };
		03DD8468142AE55E000F2318 /* StackMobPushRequest.h */ = {isa = PBXFileReference; fileEncoding = 4; lastKnownFileType = sourcecode.c.h; path = StackMobPushRequest.h; sourceTree = "<group>"; };
		03DD8469142AE55E000F2318 /* StackMobPushRequest.m */ = {isa = PBXFileReference; fileEncoding = 4; lastKnownFileType = sourcecode.c.objc; path = StackMobPushRequest.m; sourceTree = "<group>"; };
		03DD846A142AE55E000F2318 /* StackMobRequest.h */ = {isa = PBXFileReference; fileEncoding = 4; lastKnownFileType = sourcecode.c.h; path = StackMobRequest.h; sourceTree = "<group>"; };
		03DD846B142AE55E000F2318 /* StackMobRequest.m */ = {isa = PBXFileReference; fileEncoding = 4; lastKnownFileType = sourcecode.c.objc; path = StackMobRequest.m; sourceTree = "<group>"; };
		03DD846C142AE55E000F2318 /* StackMobSession.h */ = {isa = PBXFileReference; fileEncoding = 4; lastKnownFileType = sourcecode.c.h; path = StackMobSession.h; sourceTree = "<group>"; };
		03DD846D142AE55E000F2318 /* StackMobSession.m */ = {isa = PBXFileReference; fileEncoding = 4; lastKnownFileType = sourcecode.c.objc; path = StackMobSession.m; sourceTree = "<group>"; };
		03DD846F142AE55E000F2318 /* NSData+Base64.h */ = {isa = PBXFileReference; fileEncoding = 4; lastKnownFileType = sourcecode.c.h; path = "NSData+Base64.h"; sourceTree = "<group>"; };
		03DD8470142AE55E000F2318 /* NSData+Base64.m */ = {isa = PBXFileReference; fileEncoding = 4; lastKnownFileType = sourcecode.c.objc; path = "NSData+Base64.m"; sourceTree = "<group>"; };
		03DD8471142AE55E000F2318 /* NSData+JSON.h */ = {isa = PBXFileReference; fileEncoding = 4; lastKnownFileType = sourcecode.c.h; path = "NSData+JSON.h"; sourceTree = "<group>"; };
		03DD8472142AE55E000F2318 /* NSData+JSON.m */ = {isa = PBXFileReference; fileEncoding = 4; lastKnownFileType = sourcecode.c.objc; path = "NSData+JSON.m"; sourceTree = "<group>"; };
		C63FB3731497FC8A007961C1 /* SMFile.h */ = {isa = PBXFileReference; fileEncoding = 4; lastKnownFileType = sourcecode.c.h; name = SMFile.h; path = ../SMFile.h; sourceTree = "<group>"; };
		C63FB3741497FC8A007961C1 /* SMFile.m */ = {isa = PBXFileReference; fileEncoding = 4; lastKnownFileType = sourcecode.c.objc; name = SMFile.m; path = ../SMFile.m; sourceTree = "<group>"; };
		C63FB3771497FCAA007961C1 /* StackMobBulkRequest.h */ = {isa = PBXFileReference; fileEncoding = 4; lastKnownFileType = sourcecode.c.h; path = StackMobBulkRequest.h; sourceTree = "<group>"; };
		C63FB3781497FCAA007961C1 /* StackMobBulkRequest.m */ = {isa = PBXFileReference; fileEncoding = 4; lastKnownFileType = sourcecode.c.objc; path = StackMobBulkRequest.m; sourceTree = "<group>"; };
/* End PBXFileReference section */

/* Begin PBXFrameworksBuildPhase section */
		0393E2A41409D87B00D643AA /* Frameworks */ = {
			isa = PBXFrameworksBuildPhase;
			buildActionMask = 2147483647;
			files = (
				0393E3021409E35E00D643AA /* CFNetwork.framework in Frameworks */,
				0393E3061409E36A00D643AA /* SystemConfiguration.framework in Frameworks */,
				0393E3041409E36300D643AA /* CoreLocation.framework in Frameworks */,
				0393E2AC1409D87B00D643AA /* UIKit.framework in Frameworks */,
				0393E2AE1409D87B00D643AA /* Foundation.framework in Frameworks */,
				0393E2B01409D87B00D643AA /* CoreData.framework in Frameworks */,
				03DD8474142AE55E000F2318 /* YAJLIOS.framework in Frameworks */,
			);
			runOnlyForDeploymentPostprocessing = 0;
		};
/* End PBXFrameworksBuildPhase section */

/* Begin PBXGroup section */
		0393E29C1409D87B00D643AA = {
			isa = PBXGroup;
			children = (
				03DD8437142AE55E000F2318 /* StackMob */,
				0393E3051409E36A00D643AA /* SystemConfiguration.framework */,
				0393E3031409E36300D643AA /* CoreLocation.framework */,
				0393E3011409E35E00D643AA /* CFNetwork.framework */,
				0393E2B11409D87B00D643AA /* DemoApp */,
				0393E2AA1409D87B00D643AA /* Frameworks */,
				0393E2A81409D87B00D643AA /* Products */,
			);
			sourceTree = "<group>";
		};
		0393E2A81409D87B00D643AA /* Products */ = {
			isa = PBXGroup;
			children = (
				0393E2A71409D87B00D643AA /* DemoApp.app */,
			);
			name = Products;
			sourceTree = "<group>";
		};
		0393E2AA1409D87B00D643AA /* Frameworks */ = {
			isa = PBXGroup;
			children = (
				0393E2AB1409D87B00D643AA /* UIKit.framework */,
				0393E2AD1409D87B00D643AA /* Foundation.framework */,
				0393E2AF1409D87B00D643AA /* CoreData.framework */,
			);
			name = Frameworks;
			sourceTree = "<group>";
		};
		0393E2B11409D87B00D643AA /* DemoApp */ = {
			isa = PBXGroup;
			children = (
				0393E2BA1409D87B00D643AA /* AppDelegate.h */,
				0393E2BB1409D87B00D643AA /* AppDelegate.m */,
				0393E2C01409D87B00D643AA /* MainViewController.h */,
				0393E2C11409D87B00D643AA /* MainViewController.m */,
				0393E2C31409D87B00D643AA /* FlipsideViewController.h */,
				0393E2C41409D87B00D643AA /* FlipsideViewController.m */,
				0393E2C61409D87B00D643AA /* MainViewController.xib */,
				0393E2C91409D87B00D643AA /* FlipsideViewController.xib */,
				0393E2BD1409D87B00D643AA /* DemoApp.xcdatamodeld */,
				0393E2B21409D87B00D643AA /* Supporting Files */,
			);
			path = DemoApp;
			sourceTree = "<group>";
		};
		0393E2B21409D87B00D643AA /* Supporting Files */ = {
			isa = PBXGroup;
			children = (
				0393E2B31409D87B00D643AA /* DemoApp-Info.plist */,
				0393E2B41409D87B00D643AA /* InfoPlist.strings */,
				0393E2B71409D87B00D643AA /* main.m */,
				0393E2B91409D87B00D643AA /* DemoApp-Prefix.pch */,
			);
			name = "Supporting Files";
			sourceTree = "<group>";
		};
		03DD8437142AE55E000F2318 /* StackMob */ = {
			isa = PBXGroup;
			children = (
				03DD8438142AE55E000F2318 /* External */,
				03DD845F142AE55E000F2318 /* StackMob.h */,
				03DD8460142AE55E000F2318 /* StackMob.m */,
				03DD8461142AE55E000F2318 /* StackMobAdditions.h */,
				03DD8462142AE55E000F2318 /* StackMobAdditions.m */,
				03DD8463142AE55E000F2318 /* StackMobClientData.h */,
				03DD8464142AE55E000F2318 /* StackMobClientData.m */,
				03DD8465142AE55E000F2318 /* StackMobConfiguration.h */,
				03DD8466142AE55E000F2318 /* StackMobHerokuRequest.h */,
				03DD8467142AE55E000F2318 /* StackMobHerokuRequest.m */,
				03DD8468142AE55E000F2318 /* StackMobPushRequest.h */,
				03DD8469142AE55E000F2318 /* StackMobPushRequest.m */,
				C63FB3771497FCAA007961C1 /* StackMobBulkRequest.h */,
				C63FB3781497FCAA007961C1 /* StackMobBulkRequest.m */,
				03DD846A142AE55E000F2318 /* StackMobRequest.h */,
				03DD846B142AE55E000F2318 /* StackMobRequest.m */,
				03DD846C142AE55E000F2318 /* StackMobSession.h */,
				03DD846D142AE55E000F2318 /* StackMobSession.m */,
				03DD846E142AE55E000F2318 /* Utils */,
			);
			name = StackMob;
			path = ../../StackMob;
			sourceTree = "<group>";
		};
		03DD8438142AE55E000F2318 /* External */ = {
			isa = PBXGroup;
			children = (
				03DD8439142AE55E000F2318 /* JSONKit */,
				03DD843C142AE55E000F2318 /* libraries */,
				03DD843E142AE55E000F2318 /* OAuthConsumer */,
				03DD845C142AE55E000F2318 /* reachability */,
			);
			path = External;
			sourceTree = "<group>";
		};
		03DD8439142AE55E000F2318 /* JSONKit */ = {
			isa = PBXGroup;
			children = (
				03DD843A142AE55E000F2318 /* JSONKit.h */,
				03DD843B142AE55E000F2318 /* JSONKit.m */,
			);
			path = JSONKit;
			sourceTree = "<group>";
		};
		03DD843C142AE55E000F2318 /* libraries */ = {
			isa = PBXGroup;
			children = (
				03DD843D142AE55E000F2318 /* YAJLIOS.framework */,
			);
			path = libraries;
			sourceTree = "<group>";
		};
		03DD843E142AE55E000F2318 /* OAuthConsumer */ = {
			isa = PBXGroup;
			children = (
				03DD843F142AE55E000F2318 /* Crypto */,
				03DD8442142AE55E000F2318 /* NSMutableURLRequest+Parameters.h */,
				03DD8443142AE55E000F2318 /* NSMutableURLRequest+Parameters.m */,
				03DD8444142AE55E000F2318 /* NSString+URLEncoding.h */,
				03DD8445142AE55E000F2318 /* NSString+URLEncoding.m */,
				03DD8446142AE55E000F2318 /* NSURL+Base.h */,
				03DD8447142AE55E000F2318 /* NSURL+Base.m */,
				03DD8448142AE55E000F2318 /* OAAsynchronousDataFetcher.h */,
				03DD8449142AE55E000F2318 /* OAAsynchronousDataFetcher.m */,
				03DD844A142AE55E000F2318 /* OAConsumer.h */,
				03DD844B142AE55E000F2318 /* OAConsumer.m */,
				03DD844C142AE55E000F2318 /* OADataFetcher.h */,
				03DD844D142AE55E000F2318 /* OADataFetcher.m */,
				03DD844E142AE55E000F2318 /* OAHMAC_SHA1SignatureProvider.h */,
				03DD844F142AE55E000F2318 /* OAHMAC_SHA1SignatureProvider.m */,
				03DD8450142AE55E000F2318 /* OAMutableURLRequest.h */,
				03DD8451142AE55E000F2318 /* OAMutableURLRequest.m */,
				03DD8452142AE55E000F2318 /* OAPlaintextSignatureProvider.h */,
				03DD8453142AE55E000F2318 /* OAPlaintextSignatureProvider.m */,
				03DD8454142AE55E000F2318 /* OARequestParameter.h */,
				03DD8455142AE55E000F2318 /* OARequestParameter.m */,
				03DD8456142AE55E000F2318 /* OAServiceTicket.h */,
				03DD8457142AE55E000F2318 /* OAServiceTicket.m */,
				03DD8458142AE55E000F2318 /* OASignatureProviding.h */,
				03DD8459142AE55E000F2318 /* OAToken.h */,
				03DD845A142AE55E000F2318 /* OAToken.m */,
				03DD845B142AE55E000F2318 /* OAuthConsumer.h */,
			);
			path = OAuthConsumer;
			sourceTree = "<group>";
		};
		03DD843F142AE55E000F2318 /* Crypto */ = {
			isa = PBXGroup;
			children = (
				03DD8440142AE55E000F2318 /* Base64Transcoder.c */,
				03DD8441142AE55E000F2318 /* Base64Transcoder.h */,
			);
			path = Crypto;
			sourceTree = "<group>";
		};
		03DD845C142AE55E000F2318 /* reachability */ = {
			isa = PBXGroup;
			children = (
				03DD845D142AE55E000F2318 /* Reachability.h */,
				03DD845E142AE55E000F2318 /* Reachability.m */,
			);
			path = reachability;
			sourceTree = "<group>";
		};
		03DD846E142AE55E000F2318 /* Utils */ = {
			isa = PBXGroup;
			children = (
				C63FB3731497FC8A007961C1 /* SMFile.h */,
				C63FB3741497FC8A007961C1 /* SMFile.m */,
				03DD846F142AE55E000F2318 /* NSData+Base64.h */,
				03DD8470142AE55E000F2318 /* NSData+Base64.m */,
				03DD8471142AE55E000F2318 /* NSData+JSON.h */,
				03DD8472142AE55E000F2318 /* NSData+JSON.m */,
			);
			path = Utils;
			sourceTree = "<group>";
		};
/* End PBXGroup section */

/* Begin PBXNativeTarget section */
		0393E2A61409D87B00D643AA /* DemoApp */ = {
			isa = PBXNativeTarget;
			buildConfigurationList = 0393E2CE1409D87B00D643AA /* Build configuration list for PBXNativeTarget "DemoApp" */;
			buildPhases = (
				0393E2A31409D87B00D643AA /* Sources */,
				0393E2A41409D87B00D643AA /* Frameworks */,
				0393E2A51409D87B00D643AA /* Resources */,
			);
			buildRules = (
			);
			dependencies = (
			);
			name = DemoApp;
			productName = DemoApp;
			productReference = 0393E2A71409D87B00D643AA /* DemoApp.app */;
			productType = "com.apple.product-type.application";
		};
/* End PBXNativeTarget section */

/* Begin PBXProject section */
		0393E29E1409D87B00D643AA /* Project object */ = {
			isa = PBXProject;
			attributes = {
				LastUpgradeCheck = 0420;
				ORGANIZATIONNAME = StackMob;
			};
			buildConfigurationList = 0393E2A11409D87B00D643AA /* Build configuration list for PBXProject "DemoApp" */;
			compatibilityVersion = "Xcode 3.2";
			developmentRegion = English;
			hasScannedForEncodings = 0;
			knownRegions = (
				en,
			);
			mainGroup = 0393E29C1409D87B00D643AA;
			productRefGroup = 0393E2A81409D87B00D643AA /* Products */;
			projectDirPath = "";
			projectRoot = "";
			targets = (
				0393E2A61409D87B00D643AA /* DemoApp */,
			);
		};
/* End PBXProject section */

/* Begin PBXResourcesBuildPhase section */
		0393E2A51409D87B00D643AA /* Resources */ = {
			isa = PBXResourcesBuildPhase;
			buildActionMask = 2147483647;
			files = (
				0393E2B61409D87B00D643AA /* InfoPlist.strings in Resources */,
				0393E2C81409D87B00D643AA /* MainViewController.xib in Resources */,
				0393E2CB1409D87B00D643AA /* FlipsideViewController.xib in Resources */,
			);
			runOnlyForDeploymentPostprocessing = 0;
		};
/* End PBXResourcesBuildPhase section */

/* Begin PBXSourcesBuildPhase section */
		0393E2A31409D87B00D643AA /* Sources */ = {
			isa = PBXSourcesBuildPhase;
			buildActionMask = 2147483647;
			files = (
				0393E2B81409D87B00D643AA /* main.m in Sources */,
				0393E2BC1409D87B00D643AA /* AppDelegate.m in Sources */,
				0393E2BF1409D87B00D643AA /* DemoApp.xcdatamodeld in Sources */,
				0393E2C21409D87B00D643AA /* MainViewController.m in Sources */,
				0393E2C51409D87B00D643AA /* FlipsideViewController.m in Sources */,
				03DD8473142AE55E000F2318 /* JSONKit.m in Sources */,
				03DD8475142AE55E000F2318 /* Base64Transcoder.c in Sources */,
				03DD8476142AE55E000F2318 /* NSMutableURLRequest+Parameters.m in Sources */,
				03DD8477142AE55E000F2318 /* NSString+URLEncoding.m in Sources */,
				03DD8478142AE55E000F2318 /* NSURL+Base.m in Sources */,
				03DD8479142AE55E000F2318 /* OAAsynchronousDataFetcher.m in Sources */,
				03DD847A142AE55E000F2318 /* OAConsumer.m in Sources */,
				03DD847B142AE55E000F2318 /* OADataFetcher.m in Sources */,
				03DD847C142AE55E000F2318 /* OAHMAC_SHA1SignatureProvider.m in Sources */,
				03DD847D142AE55E000F2318 /* OAMutableURLRequest.m in Sources */,
				03DD847E142AE55E000F2318 /* OAPlaintextSignatureProvider.m in Sources */,
				03DD847F142AE55E000F2318 /* OARequestParameter.m in Sources */,
				03DD8480142AE55E000F2318 /* OAServiceTicket.m in Sources */,
				03DD8481142AE55E000F2318 /* OAToken.m in Sources */,
				03DD8482142AE55E000F2318 /* Reachability.m in Sources */,
				03DD8483142AE55E000F2318 /* StackMob.m in Sources */,
				03DD8484142AE55E000F2318 /* StackMobAdditions.m in Sources */,
				03DD8485142AE55E000F2318 /* StackMobClientData.m in Sources */,
				03DD8486142AE55E000F2318 /* StackMobHerokuRequest.m in Sources */,
				03DD8487142AE55E000F2318 /* StackMobPushRequest.m in Sources */,
				03DD8488142AE55E000F2318 /* StackMobRequest.m in Sources */,
				03DD8489142AE55E000F2318 /* StackMobSession.m in Sources */,
				03DD848A142AE55E000F2318 /* NSData+Base64.m in Sources */,
				03DD848B142AE55E000F2318 /* NSData+JSON.m in Sources */,
				C63FB3751497FC8A007961C1 /* SMFile.m in Sources */,
				C63FB3791497FCAA007961C1 /* StackMobBulkRequest.m in Sources */,
			);
			runOnlyForDeploymentPostprocessing = 0;
		};
/* End PBXSourcesBuildPhase section */

/* Begin PBXVariantGroup section */
		0393E2B41409D87B00D643AA /* InfoPlist.strings */ = {
			isa = PBXVariantGroup;
			children = (
				0393E2B51409D87B00D643AA /* en */,
			);
			name = InfoPlist.strings;
			sourceTree = "<group>";
		};
		0393E2C61409D87B00D643AA /* MainViewController.xib */ = {
			isa = PBXVariantGroup;
			children = (
				0393E2C71409D87B00D643AA /* en */,
			);
			name = MainViewController.xib;
			sourceTree = "<group>";
		};
		0393E2C91409D87B00D643AA /* FlipsideViewController.xib */ = {
			isa = PBXVariantGroup;
			children = (
				0393E2CA1409D87B00D643AA /* en */,
			);
			name = FlipsideViewController.xib;
			sourceTree = "<group>";
		};
/* End PBXVariantGroup section */

/* Begin XCBuildConfiguration section */
		0393E2CC1409D87B00D643AA /* Debug */ = {
			isa = XCBuildConfiguration;
			buildSettings = {
				ALWAYS_SEARCH_USER_PATHS = NO;
				ARCHS = "$(ARCHS_STANDARD_32_BIT)";
				CLANG_ENABLE_OBJC_ARC = NO;
				"CODE_SIGN_IDENTITY[sdk=iphoneos*]" = "iPhone Developer";
				COPY_PHASE_STRIP = NO;
				GCC_C_LANGUAGE_STANDARD = gnu99;
				GCC_DYNAMIC_NO_PIC = NO;
				GCC_OPTIMIZATION_LEVEL = 0;
				GCC_PREPROCESSOR_DEFINITIONS = (
					"DEBUG=1",
					"$(inherited)",
				);
				GCC_SYMBOLS_PRIVATE_EXTERN = NO;
				GCC_VERSION = com.apple.compilers.llvm.clang.1_0;
				GCC_WARN_ABOUT_MISSING_PROTOTYPES = YES;
				GCC_WARN_ABOUT_RETURN_TYPE = YES;
				GCC_WARN_UNUSED_VARIABLE = YES;
				IPHONEOS_DEPLOYMENT_TARGET = 4.0;
				SDKROOT = iphoneos;
			};
			name = Debug;
		};
		0393E2CD1409D87B00D643AA /* Release */ = {
			isa = XCBuildConfiguration;
			buildSettings = {
				ALWAYS_SEARCH_USER_PATHS = NO;
				ARCHS = "$(ARCHS_STANDARD_32_BIT)";
				CLANG_ENABLE_OBJC_ARC = NO;
				"CODE_SIGN_IDENTITY[sdk=iphoneos*]" = "iPhone Developer";
				COPY_PHASE_STRIP = YES;
				GCC_C_LANGUAGE_STANDARD = gnu99;
				GCC_VERSION = com.apple.compilers.llvm.clang.1_0;
				GCC_WARN_ABOUT_MISSING_PROTOTYPES = YES;
				GCC_WARN_ABOUT_RETURN_TYPE = YES;
				GCC_WARN_UNUSED_VARIABLE = YES;
				IPHONEOS_DEPLOYMENT_TARGET = 4.0;
				OTHER_CFLAGS = "-DNS_BLOCK_ASSERTIONS=1";
				SDKROOT = iphoneos;
				VALIDATE_PRODUCT = YES;
			};
			name = Release;
		};
		0393E2CF1409D87B00D643AA /* Debug */ = {
			isa = XCBuildConfiguration;
			buildSettings = {
				FRAMEWORK_SEARCH_PATHS = (
					"$(inherited)",
					"\"$(SRCROOT)/../../StackMob/External/libraries\"",
				);
				GCC_PRECOMPILE_PREFIX_HEADER = YES;
				GCC_PREFIX_HEADER = "DemoApp/DemoApp-Prefix.pch";
				INFOPLIST_FILE = "DemoApp/DemoApp-Info.plist";
				IPHONEOS_DEPLOYMENT_TARGET = 4.0;
				LIBRARY_SEARCH_PATHS = (
					"$(inherited)",
					"\"$(SRCROOT)/DemoApp\"",
					"\"$(SRCROOT)/../../StackMob/External/libraries/YAJLIOS.framework/Versions/A\"",
				);
				OTHER_LDFLAGS = "";
				PRODUCT_NAME = "$(TARGET_NAME)";
				WRAPPER_EXTENSION = app;
			};
			name = Debug;
		};
		0393E2D01409D87B00D643AA /* Release */ = {
			isa = XCBuildConfiguration;
			buildSettings = {
				FRAMEWORK_SEARCH_PATHS = (
					"$(inherited)",
					"\"$(SRCROOT)/../../StackMob/External/libraries\"",
				);
				GCC_PRECOMPILE_PREFIX_HEADER = YES;
				GCC_PREFIX_HEADER = "DemoApp/DemoApp-Prefix.pch";
				INFOPLIST_FILE = "DemoApp/DemoApp-Info.plist";
				IPHONEOS_DEPLOYMENT_TARGET = 4.0;
				LIBRARY_SEARCH_PATHS = (
					"$(inherited)",
					"\"$(SRCROOT)/DemoApp\"",
					"\"$(SRCROOT)/../../StackMob/External/libraries/YAJLIOS.framework/Versions/A\"",
				);
				OTHER_LDFLAGS = "";
				PRODUCT_NAME = "$(TARGET_NAME)";
				WRAPPER_EXTENSION = app;
			};
			name = Release;
		};
/* End XCBuildConfiguration section */

/* Begin XCConfigurationList section */
		0393E2A11409D87B00D643AA /* Build configuration list for PBXProject "DemoApp" */ = {
			isa = XCConfigurationList;
			buildConfigurations = (
				0393E2CC1409D87B00D643AA /* Debug */,
				0393E2CD1409D87B00D643AA /* Release */,
			);
			defaultConfigurationIsVisible = 0;
			defaultConfigurationName = Release;
		};
		0393E2CE1409D87B00D643AA /* Build configuration list for PBXNativeTarget "DemoApp" */ = {
			isa = XCConfigurationList;
			buildConfigurations = (
				0393E2CF1409D87B00D643AA /* Debug */,
				0393E2D01409D87B00D643AA /* Release */,
			);
			defaultConfigurationIsVisible = 0;
			defaultConfigurationName = Release;
		};
/* End XCConfigurationList section */

/* Begin XCVersionGroup section */
		0393E2BD1409D87B00D643AA /* DemoApp.xcdatamodeld */ = {
			isa = XCVersionGroup;
			children = (
				0393E2BE1409D87B00D643AA /* DemoApp.xcdatamodel */,
			);
			currentVersion = 0393E2BE1409D87B00D643AA /* DemoApp.xcdatamodel */;
			path = DemoApp.xcdatamodeld;
			sourceTree = "<group>";
			versionGroupType = wrapper.xcdatamodel;
		};
/* End XCVersionGroup section */
	};
	rootObject = 0393E29E1409D87B00D643AA /* Project object */;
}
